// !$*UTF8*$!
{
	archiveVersion = 1;
	classes = {
	};
	objectVersion = 48;
	objects = {

/* Begin PBXBuildFile section */
		2D6F3F926A737969E387176F /* Pods_CachingService.framework in Frameworks */ = {isa = PBXBuildFile; fileRef = 1C35828B294D80F5B412D592 /* Pods_CachingService.framework */; };
		484575D81FE92B1F002BCED9 /* RxSwift.framework in Frameworks */ = {isa = PBXBuildFile; fileRef = 484575D91FE92B1F002BCED9 /* RxSwift.framework */; };
		48B1E504203F5FE600521850 /* KeyValueStoreProtocol.swift in Sources */ = {isa = PBXBuildFile; fileRef = 48B1E503203F5FE600521850 /* KeyValueStoreProtocol.swift */; };
		48B1E506203F5FFE00521850 /* KeyedKeyValueStoreProtocol.swift in Sources */ = {isa = PBXBuildFile; fileRef = 48B1E505203F5FFE00521850 /* KeyedKeyValueStoreProtocol.swift */; };
		48B1E508203F601400521850 /* AnyKeyValueStore.swift in Sources */ = {isa = PBXBuildFile; fileRef = 48B1E507203F601400521850 /* AnyKeyValueStore.swift */; };
		48B1E50A203F604300521850 /* KeyValueStore.swift in Sources */ = {isa = PBXBuildFile; fileRef = 48B1E509203F604300521850 /* KeyValueStore.swift */; };
		48B1E50C203F608200521850 /* KeyExpressible.swift in Sources */ = {isa = PBXBuildFile; fileRef = 48B1E50B203F608200521850 /* KeyExpressible.swift */; };
		48B1E50E203F609100521850 /* EnumInformationExpressible.swift in Sources */ = {isa = PBXBuildFile; fileRef = 48B1E50D203F609100521850 /* EnumInformationExpressible.swift */; };
		48B1E510203F609E00521850 /* KeyMapping.swift in Sources */ = {isa = PBXBuildFile; fileRef = 48B1E50F203F609E00521850 /* KeyMapping.swift */; };
		48B1E512203F60AA00521850 /* KeyValueStoreProxy.swift in Sources */ = {isa = PBXBuildFile; fileRef = 48B1E511203F60AA00521850 /* KeyValueStoreProxy.swift */; };
		48B1E514203F60D700521850 /* Dictionary_Extension.swift in Sources */ = {isa = PBXBuildFile; fileRef = 48B1E513203F60D700521850 /* Dictionary_Extension.swift */; };
		48C1532E1FE929030066C73B /* Cache+AsyncCache.swift in Sources */ = {isa = PBXBuildFile; fileRef = 48C1532D1FE929030066C73B /* Cache+AsyncCache.swift */; };
		48C153301FE929540066C73B /* Storage+AsyncCache.swift in Sources */ = {isa = PBXBuildFile; fileRef = 48C1532F1FE929540066C73B /* Storage+AsyncCache.swift */; };
		48F6E9581FE7EBDE00D45C48 /* AsyncCache.swift in Sources */ = {isa = PBXBuildFile; fileRef = 48F6E9301FE7EBDE00D45C48 /* AsyncCache.swift */; };
		48F6E9591FE7EBDE00D45C48 /* Key.swift in Sources */ = {isa = PBXBuildFile; fileRef = 48F6E9311FE7EBDE00D45C48 /* Key.swift */; };
		48F6E95A1FE7EBDE00D45C48 /* Cache.swift in Sources */ = {isa = PBXBuildFile; fileRef = 48F6E9321FE7EBDE00D45C48 /* Cache.swift */; };
		48F6E95B1FE7EBDE00D45C48 /* KeyCreator.swift in Sources */ = {isa = PBXBuildFile; fileRef = 48F6E9331FE7EBDE00D45C48 /* KeyCreator.swift */; };
		48F6E95D1FE7EBDE00D45C48 /* HTTPContentType.swift in Sources */ = {isa = PBXBuildFile; fileRef = 48F6E9361FE7EBDE00D45C48 /* HTTPContentType.swift */; };
		48F6E95E1FE7EBDE00D45C48 /* URLRequest_Extension.swift in Sources */ = {isa = PBXBuildFile; fileRef = 48F6E9371FE7EBDE00D45C48 /* URLRequest_Extension.swift */; };
		48F6E95F1FE7EBDE00D45C48 /* HTTPClient.swift in Sources */ = {isa = PBXBuildFile; fileRef = 48F6E9381FE7EBDE00D45C48 /* HTTPClient.swift */; };
		48F6E9601FE7EBDE00D45C48 /* AuthTokensConvertible.swift in Sources */ = {isa = PBXBuildFile; fileRef = 48F6E9391FE7EBDE00D45C48 /* AuthTokensConvertible.swift */; };
		48F6E9611FE7EBDE00D45C48 /* HTTPHeaderStoreProtocol.swift in Sources */ = {isa = PBXBuildFile; fileRef = 48F6E93A1FE7EBDE00D45C48 /* HTTPHeaderStoreProtocol.swift */; };
		48F6E9621FE7EBDE00D45C48 /* EnvironmentsProtocol.swift in Sources */ = {isa = PBXBuildFile; fileRef = 48F6E93B1FE7EBDE00D45C48 /* EnvironmentsProtocol.swift */; };
		48F6E9631FE7EBDE00D45C48 /* OAuth2Handler.swift in Sources */ = {isa = PBXBuildFile; fileRef = 48F6E93C1FE7EBDE00D45C48 /* OAuth2Handler.swift */; };
		48F6E9641FE7EBDE00D45C48 /* ObservableType+Retry.swift in Sources */ = {isa = PBXBuildFile; fileRef = 48F6E93E1FE7EBDE00D45C48 /* ObservableType+Retry.swift */; };
		48F6E9661FE7EBDE00D45C48 /* Codable_Extension.swift in Sources */ = {isa = PBXBuildFile; fileRef = 48F6E9401FE7EBDE00D45C48 /* Codable_Extension.swift */; };
		48F6E9671FE7EBDE00D45C48 /* RxExtension.swift in Sources */ = {isa = PBXBuildFile; fileRef = 48F6E9411FE7EBDE00D45C48 /* RxExtension.swift */; };
		48F6E9681FE7EBDE00D45C48 /* String_Extensions.swift in Sources */ = {isa = PBXBuildFile; fileRef = 48F6E9421FE7EBDE00D45C48 /* String_Extensions.swift */; };
		48F6E9691FE7EBDE00D45C48 /* Observable+String.swift in Sources */ = {isa = PBXBuildFile; fileRef = 48F6E9431FE7EBDE00D45C48 /* Observable+String.swift */; };
		48F6E96A1FE7EBDE00D45C48 /* Observable+Collection+Filterable.swift in Sources */ = {isa = PBXBuildFile; fileRef = 48F6E9441FE7EBDE00D45C48 /* Observable+Collection+Filterable.swift */; };
		48F6E96B1FE7EBDE00D45C48 /* Collection+Filterable.swift in Sources */ = {isa = PBXBuildFile; fileRef = 48F6E9461FE7EBDE00D45C48 /* Collection+Filterable.swift */; };
		48F6E96C1FE7EBDE00D45C48 /* QueryConvertible.swift in Sources */ = {isa = PBXBuildFile; fileRef = 48F6E9471FE7EBDE00D45C48 /* QueryConvertible.swift */; };
		48F6E96D1FE7EBDE00D45C48 /* FilterResultConvertible.swift in Sources */ = {isa = PBXBuildFile; fileRef = 48F6E9481FE7EBDE00D45C48 /* FilterResultConvertible.swift */; };
		48F6E96E1FE7EBDE00D45C48 /* CustomStringConvertible+Filterable.swift in Sources */ = {isa = PBXBuildFile; fileRef = 48F6E9491FE7EBDE00D45C48 /* CustomStringConvertible+Filterable.swift */; };
		48F6E96F1FE7EBDE00D45C48 /* Filterable.swift in Sources */ = {isa = PBXBuildFile; fileRef = 48F6E94A1FE7EBDE00D45C48 /* Filterable.swift */; };
		48F6E9701FE7EBDE00D45C48 /* Persisting.swift in Sources */ = {isa = PBXBuildFile; fileRef = 48F6E94B1FE7EBDE00D45C48 /* Persisting.swift */; };
		48F6E9711FE7EBDE00D45C48 /* ServiceSource.swift in Sources */ = {isa = PBXBuildFile; fileRef = 48F6E94D1FE7EBDE00D45C48 /* ServiceSource.swift */; };
		48F6E9731FE7EBDE00D45C48 /* ReachabilityService.swift in Sources */ = {isa = PBXBuildFile; fileRef = 48F6E94F1FE7EBDE00D45C48 /* ReachabilityService.swift */; };
		48F6E9741FE7EBDE00D45C48 /* Service.swift in Sources */ = {isa = PBXBuildFile; fileRef = 48F6E9501FE7EBDE00D45C48 /* Service.swift */; };
		48F6E9751FE7EBDE00D45C48 /* StaticKeyConvertible.swift in Sources */ = {isa = PBXBuildFile; fileRef = 48F6E9511FE7EBDE00D45C48 /* StaticKeyConvertible.swift */; };
		48F6E9761FE7EBDE00D45C48 /* ServiceOption.swift in Sources */ = {isa = PBXBuildFile; fileRef = 48F6E9521FE7EBDE00D45C48 /* ServiceOption.swift */; };
		48F6E9771FE7EBDE00D45C48 /* ServiceError.swift in Sources */ = {isa = PBXBuildFile; fileRef = 48F6E9531FE7EBDE00D45C48 /* ServiceError.swift */; };
		48F6E9781FE7EBDE00D45C48 /* Router.swift in Sources */ = {isa = PBXBuildFile; fileRef = 48F6E9551FE7EBDE00D45C48 /* Router.swift */; };
		48F6E9791FE7EBDE00D45C48 /* CachingService.h in Headers */ = {isa = PBXBuildFile; fileRef = 48F6E9561FE7EBDE00D45C48 /* CachingService.h */; settings = {ATTRIBUTES = (Public, ); }; };
		48F6E9841FE7EC5300D45C48 /* CachingService.framework in Frameworks */ = {isa = PBXBuildFile; fileRef = 48F6E91C1FE7EB7800D45C48 /* CachingService.framework */; };
		48F6E9AB1FE7EC8A00D45C48 /* MockedCacheForUser.swift in Sources */ = {isa = PBXBuildFile; fileRef = 48F6E98D1FE7EC8A00D45C48 /* MockedCacheForUser.swift */; };
		48F6E9AC1FE7EC8A00D45C48 /* MockedCacheForInteger.swift in Sources */ = {isa = PBXBuildFile; fileRef = 48F6E98E1FE7EC8A00D45C48 /* MockedCacheForInteger.swift */; };
		48F6E9AD1FE7EC8A00D45C48 /* BaseMockedCache.swift in Sources */ = {isa = PBXBuildFile; fileRef = 48F6E98F1FE7EC8A00D45C48 /* BaseMockedCache.swift */; };
		48F6E9AE1FE7EC8A00D45C48 /* EquatableList.swift in Sources */ = {isa = PBXBuildFile; fileRef = 48F6E9911FE7EC8A00D45C48 /* EquatableList.swift */; };
		48F6E9AF1FE7EC8A00D45C48 /* BaseExpectedResult.swift in Sources */ = {isa = PBXBuildFile; fileRef = 48F6E9921FE7EC8A00D45C48 /* BaseExpectedResult.swift */; };
		48F6E9B01FE7EC8A00D45C48 /* MockedEvent.swift in Sources */ = {isa = PBXBuildFile; fileRef = 48F6E9931FE7EC8A00D45C48 /* MockedEvent.swift */; };
		48F6E9B11FE7EC8A00D45C48 /* ExpectedIntegerResult.swift in Sources */ = {isa = PBXBuildFile; fileRef = 48F6E9941FE7EC8A00D45C48 /* ExpectedIntegerResult.swift */; };
		48F6E9B21FE7EC8A00D45C48 /* Int+StaticKeyConvertible.swift in Sources */ = {isa = PBXBuildFile; fileRef = 48F6E9961FE7EC8A00D45C48 /* Int+StaticKeyConvertible.swift */; };
		48F6E9B31FE7EC8B00D45C48 /* Int+Times.swift in Sources */ = {isa = PBXBuildFile; fileRef = 48F6E9971FE7EC8A00D45C48 /* Int+Times.swift */; };
		48F6E9B41FE7EC8B00D45C48 /* BaseMockedHTTPClient.swift in Sources */ = {isa = PBXBuildFile; fileRef = 48F6E9991FE7EC8A00D45C48 /* BaseMockedHTTPClient.swift */; };
		48F6E9B51FE7EC8B00D45C48 /* MockedIntegerHTTPClient.swift in Sources */ = {isa = PBXBuildFile; fileRef = 48F6E99A1FE7EC8A00D45C48 /* MockedIntegerHTTPClient.swift */; };
		48F6E9B61FE7EC8B00D45C48 /* MockedUserHTTPClient.swift in Sources */ = {isa = PBXBuildFile; fileRef = 48F6E99B1FE7EC8A00D45C48 /* MockedUserHTTPClient.swift */; };
		48F6E9B81FE7EC8B00D45C48 /* MockedPersistingIntegerService.swift in Sources */ = {isa = PBXBuildFile; fileRef = 48F6E99F1FE7EC8A00D45C48 /* MockedPersistingIntegerService.swift */; };
		48F6E9B91FE7EC8B00D45C48 /* MockedNonPersistingIntegerService.swift in Sources */ = {isa = PBXBuildFile; fileRef = 48F6E9A01FE7EC8A00D45C48 /* MockedNonPersistingIntegerService.swift */; };
		48F6E9BA1FE7EC8B00D45C48 /* IntegerServiceProtocol.swift in Sources */ = {isa = PBXBuildFile; fileRef = 48F6E9A11FE7EC8A00D45C48 /* IntegerServiceProtocol.swift */; };
		48F6E9BB1FE7EC8B00D45C48 /* MockedPersistingUserService.swift in Sources */ = {isa = PBXBuildFile; fileRef = 48F6E9A21FE7EC8A00D45C48 /* MockedPersistingUserService.swift */; };
		48F6E9BC1FE7EC8B00D45C48 /* Service+Blocking.swift in Sources */ = {isa = PBXBuildFile; fileRef = 48F6E9A31FE7EC8A00D45C48 /* Service+Blocking.swift */; };
		48F6E9BD1FE7EC8B00D45C48 /* TestRouter.swift in Sources */ = {isa = PBXBuildFile; fileRef = 48F6E9A51FE7EC8A00D45C48 /* TestRouter.swift */; };
		48F6E9BE1FE7EC8B00D45C48 /* NonCachingServiceTests.swift in Sources */ = {isa = PBXBuildFile; fileRef = 48F6E9A71FE7EC8A00D45C48 /* NonCachingServiceTests.swift */; };
		48F6E9BF1FE7EC8B00D45C48 /* CachingServiceFilterTests.swift in Sources */ = {isa = PBXBuildFile; fileRef = 48F6E9A81FE7EC8A00D45C48 /* CachingServiceFilterTests.swift */; };
		48F6E9C01FE7EC8B00D45C48 /* CachingServiceTests.swift in Sources */ = {isa = PBXBuildFile; fileRef = 48F6E9A91FE7EC8A00D45C48 /* CachingServiceTests.swift */; };
		48F6E9C11FE7EC8B00D45C48 /* ReachabilityAndRetryTests.swift in Sources */ = {isa = PBXBuildFile; fileRef = 48F6E9AA1FE7EC8A00D45C48 /* ReachabilityAndRetryTests.swift */; };
		48F6E9C51FE8037800D45C48 /* User.swift in Sources */ = {isa = PBXBuildFile; fileRef = 48F6E9C41FE8037800D45C48 /* User.swift */; };
		48F6E9C71FE8038600D45C48 /* UserService.swift in Sources */ = {isa = PBXBuildFile; fileRef = 48F6E9C61FE8038600D45C48 /* UserService.swift */; };
		48F6E9C91FE8038E00D45C48 /* UserRouter.swift in Sources */ = {isa = PBXBuildFile; fileRef = 48F6E9C81FE8038E00D45C48 /* UserRouter.swift */; };
		48F6E9D51FE8051000D45C48 /* ImageService.swift in Sources */ = {isa = PBXBuildFile; fileRef = 48F6E9D41FE8051000D45C48 /* ImageService.swift */; };
		48F6E9D71FE8053700D45C48 /* DataConvertible.swift in Sources */ = {isa = PBXBuildFile; fileRef = 48F6E9D61FE8053700D45C48 /* DataConvertible.swift */; };
		F17376BA0B130E717EB2C3FF /* Pods_CachingServiceTests.framework in Frameworks */ = {isa = PBXBuildFile; fileRef = A30563DAD7580E88FA498D61 /* Pods_CachingServiceTests.framework */; };
/* End PBXBuildFile section */

/* Begin PBXContainerItemProxy section */
		48F6E9851FE7EC5300D45C48 /* PBXContainerItemProxy */ = {
			isa = PBXContainerItemProxy;
			containerPortal = 48F6E9131FE7EB7800D45C48 /* Project object */;
			proxyType = 1;
			remoteGlobalIDString = 48F6E91B1FE7EB7800D45C48;
			remoteInfo = CachingService;
		};
/* End PBXContainerItemProxy section */

/* Begin PBXFileReference section */
		094DEEC61A827011DF1D66B2 /* Pods-CachingServiceTests.debug.xcconfig */ = {isa = PBXFileReference; includeInIndex = 1; lastKnownFileType = text.xcconfig; name = "Pods-CachingServiceTests.debug.xcconfig"; path = "Pods/Target Support Files/Pods-CachingServiceTests/Pods-CachingServiceTests.debug.xcconfig"; sourceTree = "<group>"; };
		1C35828B294D80F5B412D592 /* Pods_CachingService.framework */ = {isa = PBXFileReference; explicitFileType = wrapper.framework; includeInIndex = 0; path = Pods_CachingService.framework; sourceTree = BUILT_PRODUCTS_DIR; };
		27EBE43F109E6D43F3FF8681 /* Pods-CachingServiceTests.release.xcconfig */ = {isa = PBXFileReference; includeInIndex = 1; lastKnownFileType = text.xcconfig; name = "Pods-CachingServiceTests.release.xcconfig"; path = "Pods/Target Support Files/Pods-CachingServiceTests/Pods-CachingServiceTests.release.xcconfig"; sourceTree = "<group>"; };
		3DFB9567D34D734E710EDE1D /* Pods-CachingService.release.xcconfig */ = {isa = PBXFileReference; includeInIndex = 1; lastKnownFileType = text.xcconfig; name = "Pods-CachingService.release.xcconfig"; path = "Pods/Target Support Files/Pods-CachingService/Pods-CachingService.release.xcconfig"; sourceTree = "<group>"; };
		484575D91FE92B1F002BCED9 /* RxSwift.framework */ = {isa = PBXFileReference; explicitFileType = wrapper.framework; path = RxSwift.framework; sourceTree = BUILT_PRODUCTS_DIR; };
		48B1E503203F5FE600521850 /* KeyValueStoreProtocol.swift */ = {isa = PBXFileReference; lastKnownFileType = sourcecode.swift; path = KeyValueStoreProtocol.swift; sourceTree = "<group>"; };
		48B1E505203F5FFE00521850 /* KeyedKeyValueStoreProtocol.swift */ = {isa = PBXFileReference; lastKnownFileType = sourcecode.swift; path = KeyedKeyValueStoreProtocol.swift; sourceTree = "<group>"; };
		48B1E507203F601400521850 /* AnyKeyValueStore.swift */ = {isa = PBXFileReference; lastKnownFileType = sourcecode.swift; path = AnyKeyValueStore.swift; sourceTree = "<group>"; };
		48B1E509203F604300521850 /* KeyValueStore.swift */ = {isa = PBXFileReference; lastKnownFileType = sourcecode.swift; path = KeyValueStore.swift; sourceTree = "<group>"; };
		48B1E50B203F608200521850 /* KeyExpressible.swift */ = {isa = PBXFileReference; lastKnownFileType = sourcecode.swift; path = KeyExpressible.swift; sourceTree = "<group>"; };
		48B1E50D203F609100521850 /* EnumInformationExpressible.swift */ = {isa = PBXFileReference; lastKnownFileType = sourcecode.swift; path = EnumInformationExpressible.swift; sourceTree = "<group>"; };
		48B1E50F203F609E00521850 /* KeyMapping.swift */ = {isa = PBXFileReference; lastKnownFileType = sourcecode.swift; path = KeyMapping.swift; sourceTree = "<group>"; };
		48B1E511203F60AA00521850 /* KeyValueStoreProxy.swift */ = {isa = PBXFileReference; lastKnownFileType = sourcecode.swift; path = KeyValueStoreProxy.swift; sourceTree = "<group>"; };
		48B1E513203F60D700521850 /* Dictionary_Extension.swift */ = {isa = PBXFileReference; lastKnownFileType = sourcecode.swift; path = Dictionary_Extension.swift; sourceTree = "<group>"; };
		48C1532D1FE929030066C73B /* Cache+AsyncCache.swift */ = {isa = PBXFileReference; lastKnownFileType = sourcecode.swift; path = "Cache+AsyncCache.swift"; sourceTree = "<group>"; };
		48C1532F1FE929540066C73B /* Storage+AsyncCache.swift */ = {isa = PBXFileReference; lastKnownFileType = sourcecode.swift; path = "Storage+AsyncCache.swift"; sourceTree = "<group>"; };
		48F6E91C1FE7EB7800D45C48 /* CachingService.framework */ = {isa = PBXFileReference; explicitFileType = wrapper.framework; includeInIndex = 0; path = CachingService.framework; sourceTree = BUILT_PRODUCTS_DIR; };
		48F6E9301FE7EBDE00D45C48 /* AsyncCache.swift */ = {isa = PBXFileReference; fileEncoding = 4; lastKnownFileType = sourcecode.swift; path = AsyncCache.swift; sourceTree = "<group>"; };
		48F6E9311FE7EBDE00D45C48 /* Key.swift */ = {isa = PBXFileReference; fileEncoding = 4; lastKnownFileType = sourcecode.swift; path = Key.swift; sourceTree = "<group>"; };
		48F6E9321FE7EBDE00D45C48 /* Cache.swift */ = {isa = PBXFileReference; fileEncoding = 4; lastKnownFileType = sourcecode.swift; path = Cache.swift; sourceTree = "<group>"; };
		48F6E9331FE7EBDE00D45C48 /* KeyCreator.swift */ = {isa = PBXFileReference; fileEncoding = 4; lastKnownFileType = sourcecode.swift; path = KeyCreator.swift; sourceTree = "<group>"; };
		48F6E9361FE7EBDE00D45C48 /* HTTPContentType.swift */ = {isa = PBXFileReference; fileEncoding = 4; lastKnownFileType = sourcecode.swift; path = HTTPContentType.swift; sourceTree = "<group>"; };
		48F6E9371FE7EBDE00D45C48 /* URLRequest_Extension.swift */ = {isa = PBXFileReference; fileEncoding = 4; lastKnownFileType = sourcecode.swift; path = URLRequest_Extension.swift; sourceTree = "<group>"; };
		48F6E9381FE7EBDE00D45C48 /* HTTPClient.swift */ = {isa = PBXFileReference; fileEncoding = 4; lastKnownFileType = sourcecode.swift; path = HTTPClient.swift; sourceTree = "<group>"; };
		48F6E9391FE7EBDE00D45C48 /* AuthTokensConvertible.swift */ = {isa = PBXFileReference; fileEncoding = 4; lastKnownFileType = sourcecode.swift; path = AuthTokensConvertible.swift; sourceTree = "<group>"; };
		48F6E93A1FE7EBDE00D45C48 /* HTTPHeaderStoreProtocol.swift */ = {isa = PBXFileReference; fileEncoding = 4; lastKnownFileType = sourcecode.swift; path = HTTPHeaderStoreProtocol.swift; sourceTree = "<group>"; };
		48F6E93B1FE7EBDE00D45C48 /* EnvironmentsProtocol.swift */ = {isa = PBXFileReference; fileEncoding = 4; lastKnownFileType = sourcecode.swift; path = EnvironmentsProtocol.swift; sourceTree = "<group>"; };
		48F6E93C1FE7EBDE00D45C48 /* OAuth2Handler.swift */ = {isa = PBXFileReference; fileEncoding = 4; lastKnownFileType = sourcecode.swift; path = OAuth2Handler.swift; sourceTree = "<group>"; };
		48F6E93E1FE7EBDE00D45C48 /* ObservableType+Retry.swift */ = {isa = PBXFileReference; fileEncoding = 4; lastKnownFileType = sourcecode.swift; path = "ObservableType+Retry.swift"; sourceTree = "<group>"; };
		48F6E9401FE7EBDE00D45C48 /* Codable_Extension.swift */ = {isa = PBXFileReference; fileEncoding = 4; lastKnownFileType = sourcecode.swift; path = Codable_Extension.swift; sourceTree = "<group>"; };
		48F6E9411FE7EBDE00D45C48 /* RxExtension.swift */ = {isa = PBXFileReference; fileEncoding = 4; lastKnownFileType = sourcecode.swift; path = RxExtension.swift; sourceTree = "<group>"; };
		48F6E9421FE7EBDE00D45C48 /* String_Extensions.swift */ = {isa = PBXFileReference; fileEncoding = 4; lastKnownFileType = sourcecode.swift; path = String_Extensions.swift; sourceTree = "<group>"; };
		48F6E9431FE7EBDE00D45C48 /* Observable+String.swift */ = {isa = PBXFileReference; fileEncoding = 4; lastKnownFileType = sourcecode.swift; path = "Observable+String.swift"; sourceTree = "<group>"; };
		48F6E9441FE7EBDE00D45C48 /* Observable+Collection+Filterable.swift */ = {isa = PBXFileReference; fileEncoding = 4; lastKnownFileType = sourcecode.swift; path = "Observable+Collection+Filterable.swift"; sourceTree = "<group>"; };
		48F6E9461FE7EBDE00D45C48 /* Collection+Filterable.swift */ = {isa = PBXFileReference; fileEncoding = 4; lastKnownFileType = sourcecode.swift; path = "Collection+Filterable.swift"; sourceTree = "<group>"; };
		48F6E9471FE7EBDE00D45C48 /* QueryConvertible.swift */ = {isa = PBXFileReference; fileEncoding = 4; lastKnownFileType = sourcecode.swift; path = QueryConvertible.swift; sourceTree = "<group>"; };
		48F6E9481FE7EBDE00D45C48 /* FilterResultConvertible.swift */ = {isa = PBXFileReference; fileEncoding = 4; lastKnownFileType = sourcecode.swift; path = FilterResultConvertible.swift; sourceTree = "<group>"; };
		48F6E9491FE7EBDE00D45C48 /* CustomStringConvertible+Filterable.swift */ = {isa = PBXFileReference; fileEncoding = 4; lastKnownFileType = sourcecode.swift; path = "CustomStringConvertible+Filterable.swift"; sourceTree = "<group>"; };
		48F6E94A1FE7EBDE00D45C48 /* Filterable.swift */ = {isa = PBXFileReference; fileEncoding = 4; lastKnownFileType = sourcecode.swift; path = Filterable.swift; sourceTree = "<group>"; };
		48F6E94B1FE7EBDE00D45C48 /* Persisting.swift */ = {isa = PBXFileReference; fileEncoding = 4; lastKnownFileType = sourcecode.swift; path = Persisting.swift; sourceTree = "<group>"; };
		48F6E94D1FE7EBDE00D45C48 /* ServiceSource.swift */ = {isa = PBXFileReference; fileEncoding = 4; lastKnownFileType = sourcecode.swift; path = ServiceSource.swift; sourceTree = "<group>"; };
		48F6E94F1FE7EBDE00D45C48 /* ReachabilityService.swift */ = {isa = PBXFileReference; fileEncoding = 4; lastKnownFileType = sourcecode.swift; path = ReachabilityService.swift; sourceTree = "<group>"; };
		48F6E9501FE7EBDE00D45C48 /* Service.swift */ = {isa = PBXFileReference; fileEncoding = 4; lastKnownFileType = sourcecode.swift; path = Service.swift; sourceTree = "<group>"; };
		48F6E9511FE7EBDE00D45C48 /* StaticKeyConvertible.swift */ = {isa = PBXFileReference; fileEncoding = 4; lastKnownFileType = sourcecode.swift; path = StaticKeyConvertible.swift; sourceTree = "<group>"; };
		48F6E9521FE7EBDE00D45C48 /* ServiceOption.swift */ = {isa = PBXFileReference; fileEncoding = 4; lastKnownFileType = sourcecode.swift; path = ServiceOption.swift; sourceTree = "<group>"; };
		48F6E9531FE7EBDE00D45C48 /* ServiceError.swift */ = {isa = PBXFileReference; fileEncoding = 4; lastKnownFileType = sourcecode.swift; path = ServiceError.swift; sourceTree = "<group>"; };
		48F6E9551FE7EBDE00D45C48 /* Router.swift */ = {isa = PBXFileReference; fileEncoding = 4; lastKnownFileType = sourcecode.swift; path = Router.swift; sourceTree = "<group>"; };
		48F6E9561FE7EBDE00D45C48 /* CachingService.h */ = {isa = PBXFileReference; fileEncoding = 4; lastKnownFileType = sourcecode.c.h; path = CachingService.h; sourceTree = "<group>"; };
		48F6E97F1FE7EC5300D45C48 /* CachingServiceTests.xctest */ = {isa = PBXFileReference; explicitFileType = wrapper.cfbundle; includeInIndex = 0; path = CachingServiceTests.xctest; sourceTree = BUILT_PRODUCTS_DIR; };
		48F6E98D1FE7EC8A00D45C48 /* MockedCacheForUser.swift */ = {isa = PBXFileReference; fileEncoding = 4; lastKnownFileType = sourcecode.swift; path = MockedCacheForUser.swift; sourceTree = "<group>"; };
		48F6E98E1FE7EC8A00D45C48 /* MockedCacheForInteger.swift */ = {isa = PBXFileReference; fileEncoding = 4; lastKnownFileType = sourcecode.swift; path = MockedCacheForInteger.swift; sourceTree = "<group>"; };
		48F6E98F1FE7EC8A00D45C48 /* BaseMockedCache.swift */ = {isa = PBXFileReference; fileEncoding = 4; lastKnownFileType = sourcecode.swift; path = BaseMockedCache.swift; sourceTree = "<group>"; };
		48F6E9911FE7EC8A00D45C48 /* EquatableList.swift */ = {isa = PBXFileReference; fileEncoding = 4; lastKnownFileType = sourcecode.swift; path = EquatableList.swift; sourceTree = "<group>"; };
		48F6E9921FE7EC8A00D45C48 /* BaseExpectedResult.swift */ = {isa = PBXFileReference; fileEncoding = 4; lastKnownFileType = sourcecode.swift; path = BaseExpectedResult.swift; sourceTree = "<group>"; };
		48F6E9931FE7EC8A00D45C48 /* MockedEvent.swift */ = {isa = PBXFileReference; fileEncoding = 4; lastKnownFileType = sourcecode.swift; path = MockedEvent.swift; sourceTree = "<group>"; };
		48F6E9941FE7EC8A00D45C48 /* ExpectedIntegerResult.swift */ = {isa = PBXFileReference; fileEncoding = 4; lastKnownFileType = sourcecode.swift; path = ExpectedIntegerResult.swift; sourceTree = "<group>"; };
		48F6E9961FE7EC8A00D45C48 /* Int+StaticKeyConvertible.swift */ = {isa = PBXFileReference; fileEncoding = 4; lastKnownFileType = sourcecode.swift; path = "Int+StaticKeyConvertible.swift"; sourceTree = "<group>"; };
		48F6E9971FE7EC8A00D45C48 /* Int+Times.swift */ = {isa = PBXFileReference; fileEncoding = 4; lastKnownFileType = sourcecode.swift; path = "Int+Times.swift"; sourceTree = "<group>"; };
		48F6E9991FE7EC8A00D45C48 /* BaseMockedHTTPClient.swift */ = {isa = PBXFileReference; fileEncoding = 4; lastKnownFileType = sourcecode.swift; path = BaseMockedHTTPClient.swift; sourceTree = "<group>"; };
		48F6E99A1FE7EC8A00D45C48 /* MockedIntegerHTTPClient.swift */ = {isa = PBXFileReference; fileEncoding = 4; lastKnownFileType = sourcecode.swift; path = MockedIntegerHTTPClient.swift; sourceTree = "<group>"; };
		48F6E99B1FE7EC8A00D45C48 /* MockedUserHTTPClient.swift */ = {isa = PBXFileReference; fileEncoding = 4; lastKnownFileType = sourcecode.swift; path = MockedUserHTTPClient.swift; sourceTree = "<group>"; };
		48F6E99D1FE7EC8A00D45C48 /* CachingServiceTests-Info.plist */ = {isa = PBXFileReference; fileEncoding = 4; lastKnownFileType = text.plist.xml; path = "CachingServiceTests-Info.plist"; sourceTree = "<group>"; };
		48F6E99F1FE7EC8A00D45C48 /* MockedPersistingIntegerService.swift */ = {isa = PBXFileReference; fileEncoding = 4; lastKnownFileType = sourcecode.swift; path = MockedPersistingIntegerService.swift; sourceTree = "<group>"; };
		48F6E9A01FE7EC8A00D45C48 /* MockedNonPersistingIntegerService.swift */ = {isa = PBXFileReference; fileEncoding = 4; lastKnownFileType = sourcecode.swift; path = MockedNonPersistingIntegerService.swift; sourceTree = "<group>"; };
		48F6E9A11FE7EC8A00D45C48 /* IntegerServiceProtocol.swift */ = {isa = PBXFileReference; fileEncoding = 4; lastKnownFileType = sourcecode.swift; path = IntegerServiceProtocol.swift; sourceTree = "<group>"; };
		48F6E9A21FE7EC8A00D45C48 /* MockedPersistingUserService.swift */ = {isa = PBXFileReference; fileEncoding = 4; lastKnownFileType = sourcecode.swift; path = MockedPersistingUserService.swift; sourceTree = "<group>"; };
		48F6E9A31FE7EC8A00D45C48 /* Service+Blocking.swift */ = {isa = PBXFileReference; fileEncoding = 4; lastKnownFileType = sourcecode.swift; path = "Service+Blocking.swift"; sourceTree = "<group>"; };
		48F6E9A51FE7EC8A00D45C48 /* TestRouter.swift */ = {isa = PBXFileReference; fileEncoding = 4; lastKnownFileType = sourcecode.swift; path = TestRouter.swift; sourceTree = "<group>"; };
		48F6E9A71FE7EC8A00D45C48 /* NonCachingServiceTests.swift */ = {isa = PBXFileReference; fileEncoding = 4; lastKnownFileType = sourcecode.swift; path = NonCachingServiceTests.swift; sourceTree = "<group>"; };
		48F6E9A81FE7EC8A00D45C48 /* CachingServiceFilterTests.swift */ = {isa = PBXFileReference; fileEncoding = 4; lastKnownFileType = sourcecode.swift; path = CachingServiceFilterTests.swift; sourceTree = "<group>"; };
		48F6E9A91FE7EC8A00D45C48 /* CachingServiceTests.swift */ = {isa = PBXFileReference; fileEncoding = 4; lastKnownFileType = sourcecode.swift; path = CachingServiceTests.swift; sourceTree = "<group>"; };
		48F6E9AA1FE7EC8A00D45C48 /* ReachabilityAndRetryTests.swift */ = {isa = PBXFileReference; fileEncoding = 4; lastKnownFileType = sourcecode.swift; path = ReachabilityAndRetryTests.swift; sourceTree = "<group>"; };
		48F6E9C21FE7F9CB00D45C48 /* CachingService-Info.plist */ = {isa = PBXFileReference; fileEncoding = 4; lastKnownFileType = text.plist.xml; path = "CachingService-Info.plist"; sourceTree = "<group>"; };
		48F6E9C41FE8037800D45C48 /* User.swift */ = {isa = PBXFileReference; fileEncoding = 4; lastKnownFileType = sourcecode.swift; path = User.swift; sourceTree = "<group>"; };
		48F6E9C61FE8038600D45C48 /* UserService.swift */ = {isa = PBXFileReference; fileEncoding = 4; lastKnownFileType = sourcecode.swift; path = UserService.swift; sourceTree = "<group>"; };
		48F6E9C81FE8038E00D45C48 /* UserRouter.swift */ = {isa = PBXFileReference; fileEncoding = 4; lastKnownFileType = sourcecode.swift; path = UserRouter.swift; sourceTree = "<group>"; };
		48F6E9D41FE8051000D45C48 /* ImageService.swift */ = {isa = PBXFileReference; lastKnownFileType = sourcecode.swift; path = ImageService.swift; sourceTree = "<group>"; };
		48F6E9D61FE8053700D45C48 /* DataConvertible.swift */ = {isa = PBXFileReference; lastKnownFileType = sourcecode.swift; path = DataConvertible.swift; sourceTree = "<group>"; };
		A30563DAD7580E88FA498D61 /* Pods_CachingServiceTests.framework */ = {isa = PBXFileReference; explicitFileType = wrapper.framework; includeInIndex = 0; path = Pods_CachingServiceTests.framework; sourceTree = BUILT_PRODUCTS_DIR; };
		D9042DA65C6BA81C454478F1 /* Pods-CachingService.debug.xcconfig */ = {isa = PBXFileReference; includeInIndex = 1; lastKnownFileType = text.xcconfig; name = "Pods-CachingService.debug.xcconfig"; path = "Pods/Target Support Files/Pods-CachingService/Pods-CachingService.debug.xcconfig"; sourceTree = "<group>"; };
/* End PBXFileReference section */

/* Begin PBXFrameworksBuildPhase section */
		48F6E9181FE7EB7800D45C48 /* Frameworks */ = {
			isa = PBXFrameworksBuildPhase;
			buildActionMask = 2147483647;
			files = (
				484575D81FE92B1F002BCED9 /* RxSwift.framework in Frameworks */,
				2D6F3F926A737969E387176F /* Pods_CachingService.framework in Frameworks */,
			);
			runOnlyForDeploymentPostprocessing = 0;
		};
		48F6E97C1FE7EC5300D45C48 /* Frameworks */ = {
			isa = PBXFrameworksBuildPhase;
			buildActionMask = 2147483647;
			files = (
				48F6E9841FE7EC5300D45C48 /* CachingService.framework in Frameworks */,
				F17376BA0B130E717EB2C3FF /* Pods_CachingServiceTests.framework in Frameworks */,
			);
			runOnlyForDeploymentPostprocessing = 0;
		};
/* End PBXFrameworksBuildPhase section */

/* Begin PBXGroup section */
		48B1E502203F5FD900521850 /* KeyValueStore */ = {
			isa = PBXGroup;
			children = (
				48B1E503203F5FE600521850 /* KeyValueStoreProtocol.swift */,
				48B1E505203F5FFE00521850 /* KeyedKeyValueStoreProtocol.swift */,
				48B1E507203F601400521850 /* AnyKeyValueStore.swift */,
				48B1E509203F604300521850 /* KeyValueStore.swift */,
				48B1E50F203F609E00521850 /* KeyMapping.swift */,
				48B1E511203F60AA00521850 /* KeyValueStoreProxy.swift */,
			);
			path = KeyValueStore;
			sourceTree = "<group>";
		};
		48F6E9121FE7EB7800D45C48 = {
			isa = PBXGroup;
			children = (
				742BA27575B08EE9E7C04CD4 /* Frameworks */,
				DF2E8860FC222428A53CF472 /* Pods */,
				48F6E91D1FE7EB7800D45C48 /* Products */,
				48F6E92D1FE7EBDE00D45C48 /* Source */,
				48F6E98A1FE7EC8A00D45C48 /* Tests */,
			);
			sourceTree = "<group>";
		};
		48F6E91D1FE7EB7800D45C48 /* Products */ = {
			isa = PBXGroup;
			children = (
				48F6E91C1FE7EB7800D45C48 /* CachingService.framework */,
				48F6E97F1FE7EC5300D45C48 /* CachingServiceTests.xctest */,
			);
			name = Products;
			sourceTree = "<group>";
		};
		48F6E92D1FE7EBDE00D45C48 /* Source */ = {
			isa = PBXGroup;
			children = (
				48F6E9C21FE7F9CB00D45C48 /* CachingService-Info.plist */,
				48F6E92E1FE7EBDE00D45C48 /* Classes */,
				48F6E9561FE7EBDE00D45C48 /* CachingService.h */,
			);
			path = Source;
			sourceTree = "<group>";
		};
		48F6E92E1FE7EBDE00D45C48 /* Classes */ = {
			isa = PBXGroup;
			children = (
				48F6E92F1FE7EBDE00D45C48 /* Cache */,
				48F6E9341FE7EBDE00D45C48 /* Networking */,
				48F6E93D1FE7EBDE00D45C48 /* Extensions */,
				48F6E9451FE7EBDE00D45C48 /* Protocols */,
				48F6E94C1FE7EBDE00D45C48 /* Services */,
				48F6E9541FE7EBDE00D45C48 /* Router */,
			);
			path = Classes;
			sourceTree = "<group>";
		};
		48F6E92F1FE7EBDE00D45C48 /* Cache */ = {
			isa = PBXGroup;
			children = (
				48F6E9301FE7EBDE00D45C48 /* AsyncCache.swift */,
				48F6E9311FE7EBDE00D45C48 /* Key.swift */,
				48F6E9321FE7EBDE00D45C48 /* Cache.swift */,
				48F6E9331FE7EBDE00D45C48 /* KeyCreator.swift */,
				48C1532D1FE929030066C73B /* Cache+AsyncCache.swift */,
			);
			path = Cache;
			sourceTree = "<group>";
		};
		48F6E9341FE7EBDE00D45C48 /* Networking */ = {
			isa = PBXGroup;
			children = (
				48F6E9361FE7EBDE00D45C48 /* HTTPContentType.swift */,
				48F6E9371FE7EBDE00D45C48 /* URLRequest_Extension.swift */,
				48F6E9381FE7EBDE00D45C48 /* HTTPClient.swift */,
				48F6E9391FE7EBDE00D45C48 /* AuthTokensConvertible.swift */,
				48F6E93A1FE7EBDE00D45C48 /* HTTPHeaderStoreProtocol.swift */,
				48F6E93B1FE7EBDE00D45C48 /* EnvironmentsProtocol.swift */,
				48F6E93C1FE7EBDE00D45C48 /* OAuth2Handler.swift */,
			);
			path = Networking;
			sourceTree = "<group>";
		};
		48F6E93D1FE7EBDE00D45C48 /* Extensions */ = {
			isa = PBXGroup;
			children = (
				48F6E93E1FE7EBDE00D45C48 /* ObservableType+Retry.swift */,
				48F6E9401FE7EBDE00D45C48 /* Codable_Extension.swift */,
				48F6E9411FE7EBDE00D45C48 /* RxExtension.swift */,
				48F6E9421FE7EBDE00D45C48 /* String_Extensions.swift */,
				48F6E9431FE7EBDE00D45C48 /* Observable+String.swift */,
				48F6E9441FE7EBDE00D45C48 /* Observable+Collection+Filterable.swift */,
				48C1532F1FE929540066C73B /* Storage+AsyncCache.swift */,
				48B1E513203F60D700521850 /* Dictionary_Extension.swift */,
			);
			path = Extensions;
			sourceTree = "<group>";
		};
		48F6E9451FE7EBDE00D45C48 /* Protocols */ = {
			isa = PBXGroup;
			children = (
				48B1E502203F5FD900521850 /* KeyValueStore */,
				48F6E9461FE7EBDE00D45C48 /* Collection+Filterable.swift */,
				48F6E9471FE7EBDE00D45C48 /* QueryConvertible.swift */,
				48F6E9481FE7EBDE00D45C48 /* FilterResultConvertible.swift */,
				48F6E9491FE7EBDE00D45C48 /* CustomStringConvertible+Filterable.swift */,
				48F6E94A1FE7EBDE00D45C48 /* Filterable.swift */,
				48F6E94B1FE7EBDE00D45C48 /* Persisting.swift */,
				48F6E9D61FE8053700D45C48 /* DataConvertible.swift */,
				48B1E50B203F608200521850 /* KeyExpressible.swift */,
				48B1E50D203F609100521850 /* EnumInformationExpressible.swift */,
			);
			path = Protocols;
			sourceTree = "<group>";
		};
		48F6E94C1FE7EBDE00D45C48 /* Services */ = {
			isa = PBXGroup;
			children = (
				48F6E94D1FE7EBDE00D45C48 /* ServiceSource.swift */,
				48F6E94F1FE7EBDE00D45C48 /* ReachabilityService.swift */,
				48F6E9501FE7EBDE00D45C48 /* Service.swift */,
				48F6E9511FE7EBDE00D45C48 /* StaticKeyConvertible.swift */,
				48F6E9521FE7EBDE00D45C48 /* ServiceOption.swift */,
				48F6E9531FE7EBDE00D45C48 /* ServiceError.swift */,
				48F6E9D41FE8051000D45C48 /* ImageService.swift */,
			);
			path = Services;
			sourceTree = "<group>";
		};
		48F6E9541FE7EBDE00D45C48 /* Router */ = {
			isa = PBXGroup;
			children = (
				48F6E9551FE7EBDE00D45C48 /* Router.swift */,
			);
			path = Router;
			sourceTree = "<group>";
		};
		48F6E98A1FE7EC8A00D45C48 /* Tests */ = {
			isa = PBXGroup;
			children = (
				48F6E98B1FE7EC8A00D45C48 /* Source */,
				48F6E9A61FE7EC8A00D45C48 /* Tests */,
			);
			path = Tests;
			sourceTree = "<group>";
		};
		48F6E98B1FE7EC8A00D45C48 /* Source */ = {
			isa = PBXGroup;
			children = (
				48F6E98C1FE7EC8A00D45C48 /* Cache */,
				48F6E9901FE7EC8A00D45C48 /* Models */,
				48F6E9951FE7EC8A00D45C48 /* Extensions */,
				48F6E9981FE7EC8A00D45C48 /* HTTP */,
				48F6E99C1FE7EC8A00D45C48 /* SupportingFiles */,
				48F6E99E1FE7EC8A00D45C48 /* Services */,
				48F6E9A41FE7EC8A00D45C48 /* Router */,
			);
			path = Source;
			sourceTree = "<group>";
		};
		48F6E98C1FE7EC8A00D45C48 /* Cache */ = {
			isa = PBXGroup;
			children = (
				48F6E98D1FE7EC8A00D45C48 /* MockedCacheForUser.swift */,
				48F6E98E1FE7EC8A00D45C48 /* MockedCacheForInteger.swift */,
				48F6E98F1FE7EC8A00D45C48 /* BaseMockedCache.swift */,
			);
			path = Cache;
			sourceTree = "<group>";
		};
		48F6E9901FE7EC8A00D45C48 /* Models */ = {
			isa = PBXGroup;
			children = (
				48F6E9C41FE8037800D45C48 /* User.swift */,
				48F6E9911FE7EC8A00D45C48 /* EquatableList.swift */,
				48F6E9921FE7EC8A00D45C48 /* BaseExpectedResult.swift */,
				48F6E9931FE7EC8A00D45C48 /* MockedEvent.swift */,
				48F6E9941FE7EC8A00D45C48 /* ExpectedIntegerResult.swift */,
			);
			path = Models;
			sourceTree = "<group>";
		};
		48F6E9951FE7EC8A00D45C48 /* Extensions */ = {
			isa = PBXGroup;
			children = (
				48F6E9961FE7EC8A00D45C48 /* Int+StaticKeyConvertible.swift */,
				48F6E9971FE7EC8A00D45C48 /* Int+Times.swift */,
			);
			path = Extensions;
			sourceTree = "<group>";
		};
		48F6E9981FE7EC8A00D45C48 /* HTTP */ = {
			isa = PBXGroup;
			children = (
				48F6E9991FE7EC8A00D45C48 /* BaseMockedHTTPClient.swift */,
				48F6E99A1FE7EC8A00D45C48 /* MockedIntegerHTTPClient.swift */,
				48F6E99B1FE7EC8A00D45C48 /* MockedUserHTTPClient.swift */,
			);
			path = HTTP;
			sourceTree = "<group>";
		};
		48F6E99C1FE7EC8A00D45C48 /* SupportingFiles */ = {
			isa = PBXGroup;
			children = (
				48F6E99D1FE7EC8A00D45C48 /* CachingServiceTests-Info.plist */,
			);
			path = SupportingFiles;
			sourceTree = "<group>";
		};
		48F6E99E1FE7EC8A00D45C48 /* Services */ = {
			isa = PBXGroup;
			children = (
				48F6E9C61FE8038600D45C48 /* UserService.swift */,
				48F6E99F1FE7EC8A00D45C48 /* MockedPersistingIntegerService.swift */,
				48F6E9A01FE7EC8A00D45C48 /* MockedNonPersistingIntegerService.swift */,
				48F6E9A11FE7EC8A00D45C48 /* IntegerServiceProtocol.swift */,
				48F6E9A21FE7EC8A00D45C48 /* MockedPersistingUserService.swift */,
				48F6E9A31FE7EC8A00D45C48 /* Service+Blocking.swift */,
			);
			path = Services;
			sourceTree = "<group>";
		};
		48F6E9A41FE7EC8A00D45C48 /* Router */ = {
			isa = PBXGroup;
			children = (
				48F6E9C81FE8038E00D45C48 /* UserRouter.swift */,
				48F6E9A51FE7EC8A00D45C48 /* TestRouter.swift */,
			);
			path = Router;
			sourceTree = "<group>";
		};
		48F6E9A61FE7EC8A00D45C48 /* Tests */ = {
			isa = PBXGroup;
			children = (
				48F6E9A71FE7EC8A00D45C48 /* NonCachingServiceTests.swift */,
				48F6E9A81FE7EC8A00D45C48 /* CachingServiceFilterTests.swift */,
				48F6E9A91FE7EC8A00D45C48 /* CachingServiceTests.swift */,
				48F6E9AA1FE7EC8A00D45C48 /* ReachabilityAndRetryTests.swift */,
			);
			path = Tests;
			sourceTree = "<group>";
		};
		742BA27575B08EE9E7C04CD4 /* Frameworks */ = {
			isa = PBXGroup;
			children = (
				484575D91FE92B1F002BCED9 /* RxSwift.framework */,
				1C35828B294D80F5B412D592 /* Pods_CachingService.framework */,
				A30563DAD7580E88FA498D61 /* Pods_CachingServiceTests.framework */,
			);
			name = Frameworks;
			sourceTree = "<group>";
		};
		DF2E8860FC222428A53CF472 /* Pods */ = {
			isa = PBXGroup;
			children = (
				D9042DA65C6BA81C454478F1 /* Pods-CachingService.debug.xcconfig */,
				3DFB9567D34D734E710EDE1D /* Pods-CachingService.release.xcconfig */,
				094DEEC61A827011DF1D66B2 /* Pods-CachingServiceTests.debug.xcconfig */,
				27EBE43F109E6D43F3FF8681 /* Pods-CachingServiceTests.release.xcconfig */,
			);
			name = Pods;
			sourceTree = "<group>";
		};
/* End PBXGroup section */

/* Begin PBXHeadersBuildPhase section */
		48F6E9191FE7EB7800D45C48 /* Headers */ = {
			isa = PBXHeadersBuildPhase;
			buildActionMask = 2147483647;
			files = (
				48F6E9791FE7EBDE00D45C48 /* CachingService.h in Headers */,
			);
			runOnlyForDeploymentPostprocessing = 0;
		};
/* End PBXHeadersBuildPhase section */

/* Begin PBXNativeTarget section */
		48F6E91B1FE7EB7800D45C48 /* CachingService */ = {
			isa = PBXNativeTarget;
			buildConfigurationList = 48F6E9241FE7EB7800D45C48 /* Build configuration list for PBXNativeTarget "CachingService" */;
			buildPhases = (
				6DEFDE55E8A6D91A772723AE /* [CP] Check Pods Manifest.lock */,
				48F6E9171FE7EB7800D45C48 /* Sources */,
				48F6E9181FE7EB7800D45C48 /* Frameworks */,
				48F6E9191FE7EB7800D45C48 /* Headers */,
				48F6E91A1FE7EB7800D45C48 /* Resources */,
				CED5127873182813B07B3078 /* [CP] Copy Pods Resources */,
			);
			buildRules = (
			);
			dependencies = (
			);
			name = CachingService;
			productName = CachingService;
			productReference = 48F6E91C1FE7EB7800D45C48 /* CachingService.framework */;
			productType = "com.apple.product-type.framework";
		};
		48F6E97E1FE7EC5300D45C48 /* CachingServiceTests */ = {
			isa = PBXNativeTarget;
			buildConfigurationList = 48F6E9871FE7EC5300D45C48 /* Build configuration list for PBXNativeTarget "CachingServiceTests" */;
			buildPhases = (
				1A5EC30B0B90875487F45A35 /* [CP] Check Pods Manifest.lock */,
				48F6E97B1FE7EC5300D45C48 /* Sources */,
				48F6E97C1FE7EC5300D45C48 /* Frameworks */,
				48F6E97D1FE7EC5300D45C48 /* Resources */,
				A5B03666CFAF89D816CDA8C6 /* [CP] Embed Pods Frameworks */,
				320051BDFA5176B564DE5DD8 /* [CP] Copy Pods Resources */,
			);
			buildRules = (
			);
			dependencies = (
				48F6E9861FE7EC5300D45C48 /* PBXTargetDependency */,
			);
			name = CachingServiceTests;
			productName = CachingServiceTests;
			productReference = 48F6E97F1FE7EC5300D45C48 /* CachingServiceTests.xctest */;
			productType = "com.apple.product-type.bundle.unit-test";
		};
/* End PBXNativeTarget section */

/* Begin PBXProject section */
		48F6E9131FE7EB7800D45C48 /* Project object */ = {
			isa = PBXProject;
			attributes = {
				LastSwiftUpdateCheck = 0910;
				LastUpgradeCheck = 0910;
				ORGANIZATIONNAME = "Alexander Cyon";
				TargetAttributes = {
					48F6E91B1FE7EB7800D45C48 = {
						CreatedOnToolsVersion = 9.1;
						ProvisioningStyle = Automatic;
					};
					48F6E97E1FE7EC5300D45C48 = {
						CreatedOnToolsVersion = 9.1;
						ProvisioningStyle = Automatic;
					};
				};
			};
			buildConfigurationList = 48F6E9161FE7EB7800D45C48 /* Build configuration list for PBXProject "CachingService" */;
			compatibilityVersion = "Xcode 8.0";
			developmentRegion = en;
			hasScannedForEncodings = 0;
			knownRegions = (
				en,
			);
			mainGroup = 48F6E9121FE7EB7800D45C48;
			productRefGroup = 48F6E91D1FE7EB7800D45C48 /* Products */;
			projectDirPath = "";
			projectRoot = "";
			targets = (
				48F6E91B1FE7EB7800D45C48 /* CachingService */,
				48F6E97E1FE7EC5300D45C48 /* CachingServiceTests */,
			);
		};
/* End PBXProject section */

/* Begin PBXResourcesBuildPhase section */
		48F6E91A1FE7EB7800D45C48 /* Resources */ = {
			isa = PBXResourcesBuildPhase;
			buildActionMask = 2147483647;
			files = (
			);
			runOnlyForDeploymentPostprocessing = 0;
		};
		48F6E97D1FE7EC5300D45C48 /* Resources */ = {
			isa = PBXResourcesBuildPhase;
			buildActionMask = 2147483647;
			files = (
			);
			runOnlyForDeploymentPostprocessing = 0;
		};
/* End PBXResourcesBuildPhase section */

/* Begin PBXShellScriptBuildPhase section */
		1A5EC30B0B90875487F45A35 /* [CP] Check Pods Manifest.lock */ = {
			isa = PBXShellScriptBuildPhase;
			buildActionMask = 2147483647;
			files = (
			);
			inputPaths = (
				"${PODS_PODFILE_DIR_PATH}/Podfile.lock",
				"${PODS_ROOT}/Manifest.lock",
			);
			name = "[CP] Check Pods Manifest.lock";
			outputPaths = (
				"$(DERIVED_FILE_DIR)/Pods-CachingServiceTests-checkManifestLockResult.txt",
			);
			runOnlyForDeploymentPostprocessing = 0;
			shellPath = /bin/sh;
			shellScript = "diff \"${PODS_PODFILE_DIR_PATH}/Podfile.lock\" \"${PODS_ROOT}/Manifest.lock\" > /dev/null\nif [ $? != 0 ] ; then\n    # print error to STDERR\n    echo \"error: The sandbox is not in sync with the Podfile.lock. Run 'pod install' or update your CocoaPods installation.\" >&2\n    exit 1\nfi\n# This output is used by Xcode 'outputs' to avoid re-running this script phase.\necho \"SUCCESS\" > \"${SCRIPT_OUTPUT_FILE_0}\"\n";
			showEnvVarsInLog = 0;
		};
		320051BDFA5176B564DE5DD8 /* [CP] Copy Pods Resources */ = {
			isa = PBXShellScriptBuildPhase;
			buildActionMask = 2147483647;
			files = (
			);
			inputPaths = (
			);
			name = "[CP] Copy Pods Resources";
			outputPaths = (
			);
			runOnlyForDeploymentPostprocessing = 0;
			shellPath = /bin/sh;
			shellScript = "\"${SRCROOT}/Pods/Target Support Files/Pods-CachingServiceTests/Pods-CachingServiceTests-resources.sh\"\n";
			showEnvVarsInLog = 0;
		};
		6DEFDE55E8A6D91A772723AE /* [CP] Check Pods Manifest.lock */ = {
			isa = PBXShellScriptBuildPhase;
			buildActionMask = 2147483647;
			files = (
			);
			inputPaths = (
				"${PODS_PODFILE_DIR_PATH}/Podfile.lock",
				"${PODS_ROOT}/Manifest.lock",
			);
			name = "[CP] Check Pods Manifest.lock";
			outputPaths = (
				"$(DERIVED_FILE_DIR)/Pods-CachingService-checkManifestLockResult.txt",
			);
			runOnlyForDeploymentPostprocessing = 0;
			shellPath = /bin/sh;
			shellScript = "diff \"${PODS_PODFILE_DIR_PATH}/Podfile.lock\" \"${PODS_ROOT}/Manifest.lock\" > /dev/null\nif [ $? != 0 ] ; then\n    # print error to STDERR\n    echo \"error: The sandbox is not in sync with the Podfile.lock. Run 'pod install' or update your CocoaPods installation.\" >&2\n    exit 1\nfi\n# This output is used by Xcode 'outputs' to avoid re-running this script phase.\necho \"SUCCESS\" > \"${SCRIPT_OUTPUT_FILE_0}\"\n";
			showEnvVarsInLog = 0;
		};
		A5B03666CFAF89D816CDA8C6 /* [CP] Embed Pods Frameworks */ = {
			isa = PBXShellScriptBuildPhase;
			buildActionMask = 2147483647;
			files = (
			);
			inputPaths = (
				"${SRCROOT}/Pods/Target Support Files/Pods-CachingServiceTests/Pods-CachingServiceTests-frameworks.sh",
				"${BUILT_PRODUCTS_DIR}/Alamofire/Alamofire.framework",
				"${BUILT_PRODUCTS_DIR}/Cache/Cache.framework",
				"${BUILT_PRODUCTS_DIR}/CodableAlamofire/CodableAlamofire.framework",
				"${BUILT_PRODUCTS_DIR}/ReachabilitySwift/Reachability.framework",
				"${BUILT_PRODUCTS_DIR}/RxCocoa/RxCocoa.framework",
				"${BUILT_PRODUCTS_DIR}/RxOptional/RxOptional.framework",
				"${BUILT_PRODUCTS_DIR}/RxSwift/RxSwift.framework",
				"${BUILT_PRODUCTS_DIR}/SwiftyBeaver/SwiftyBeaver.framework",
				"${BUILT_PRODUCTS_DIR}/RxBlocking/RxBlocking.framework",
				"${BUILT_PRODUCTS_DIR}/RxTest/RxTest.framework",
			);
			name = "[CP] Embed Pods Frameworks";
			outputPaths = (
				"${TARGET_BUILD_DIR}/${FRAMEWORKS_FOLDER_PATH}/Alamofire.framework",
				"${TARGET_BUILD_DIR}/${FRAMEWORKS_FOLDER_PATH}/Cache.framework",
				"${TARGET_BUILD_DIR}/${FRAMEWORKS_FOLDER_PATH}/CodableAlamofire.framework",
				"${TARGET_BUILD_DIR}/${FRAMEWORKS_FOLDER_PATH}/Reachability.framework",
				"${TARGET_BUILD_DIR}/${FRAMEWORKS_FOLDER_PATH}/RxCocoa.framework",
				"${TARGET_BUILD_DIR}/${FRAMEWORKS_FOLDER_PATH}/RxOptional.framework",
				"${TARGET_BUILD_DIR}/${FRAMEWORKS_FOLDER_PATH}/RxSwift.framework",
				"${TARGET_BUILD_DIR}/${FRAMEWORKS_FOLDER_PATH}/SwiftyBeaver.framework",
				"${TARGET_BUILD_DIR}/${FRAMEWORKS_FOLDER_PATH}/RxBlocking.framework",
				"${TARGET_BUILD_DIR}/${FRAMEWORKS_FOLDER_PATH}/RxTest.framework",
			);
			runOnlyForDeploymentPostprocessing = 0;
			shellPath = /bin/sh;
			shellScript = "\"${SRCROOT}/Pods/Target Support Files/Pods-CachingServiceTests/Pods-CachingServiceTests-frameworks.sh\"\n";
			showEnvVarsInLog = 0;
		};
		CED5127873182813B07B3078 /* [CP] Copy Pods Resources */ = {
			isa = PBXShellScriptBuildPhase;
			buildActionMask = 2147483647;
			files = (
			);
			inputPaths = (
			);
			name = "[CP] Copy Pods Resources";
			outputPaths = (
			);
			runOnlyForDeploymentPostprocessing = 0;
			shellPath = /bin/sh;
			shellScript = "\"${SRCROOT}/Pods/Target Support Files/Pods-CachingService/Pods-CachingService-resources.sh\"\n";
			showEnvVarsInLog = 0;
		};
/* End PBXShellScriptBuildPhase section */

/* Begin PBXSourcesBuildPhase section */
		48F6E9171FE7EB7800D45C48 /* Sources */ = {
			isa = PBXSourcesBuildPhase;
			buildActionMask = 2147483647;
			files = (
				48F6E9D71FE8053700D45C48 /* DataConvertible.swift in Sources */,
				48F6E9761FE7EBDE00D45C48 /* ServiceOption.swift in Sources */,
				48F6E95B1FE7EBDE00D45C48 /* KeyCreator.swift in Sources */,
				48F6E95D1FE7EBDE00D45C48 /* HTTPContentType.swift in Sources */,
				48F6E9671FE7EBDE00D45C48 /* RxExtension.swift in Sources */,
				48F6E9711FE7EBDE00D45C48 /* ServiceSource.swift in Sources */,
				48F6E9641FE7EBDE00D45C48 /* ObservableType+Retry.swift in Sources */,
				48F6E95F1FE7EBDE00D45C48 /* HTTPClient.swift in Sources */,
				48F6E9771FE7EBDE00D45C48 /* ServiceError.swift in Sources */,
				48F6E9631FE7EBDE00D45C48 /* OAuth2Handler.swift in Sources */,
				48F6E9691FE7EBDE00D45C48 /* Observable+String.swift in Sources */,
				48B1E50A203F604300521850 /* KeyValueStore.swift in Sources */,
				48B1E512203F60AA00521850 /* KeyValueStoreProxy.swift in Sources */,
				48F6E96E1FE7EBDE00D45C48 /* CustomStringConvertible+Filterable.swift in Sources */,
				48B1E506203F5FFE00521850 /* KeyedKeyValueStoreProtocol.swift in Sources */,
				48F6E9D51FE8051000D45C48 /* ImageService.swift in Sources */,
				48F6E95E1FE7EBDE00D45C48 /* URLRequest_Extension.swift in Sources */,
				48F6E9741FE7EBDE00D45C48 /* Service.swift in Sources */,
				48F6E9661FE7EBDE00D45C48 /* Codable_Extension.swift in Sources */,
				48F6E9701FE7EBDE00D45C48 /* Persisting.swift in Sources */,
				48F6E9731FE7EBDE00D45C48 /* ReachabilityService.swift in Sources */,
				48F6E9581FE7EBDE00D45C48 /* AsyncCache.swift in Sources */,
				48B1E510203F609E00521850 /* KeyMapping.swift in Sources */,
				48F6E96F1FE7EBDE00D45C48 /* Filterable.swift in Sources */,
				48F6E9601FE7EBDE00D45C48 /* AuthTokensConvertible.swift in Sources */,
				48F6E9781FE7EBDE00D45C48 /* Router.swift in Sources */,
				48F6E96A1FE7EBDE00D45C48 /* Observable+Collection+Filterable.swift in Sources */,
				48B1E50C203F608200521850 /* KeyExpressible.swift in Sources */,
				48F6E9621FE7EBDE00D45C48 /* EnvironmentsProtocol.swift in Sources */,
				48B1E508203F601400521850 /* AnyKeyValueStore.swift in Sources */,
				48B1E514203F60D700521850 /* Dictionary_Extension.swift in Sources */,
				48B1E504203F5FE600521850 /* KeyValueStoreProtocol.swift in Sources */,
				48F6E95A1FE7EBDE00D45C48 /* Cache.swift in Sources */,
				48F6E9681FE7EBDE00D45C48 /* String_Extensions.swift in Sources */,
				48F6E9611FE7EBDE00D45C48 /* HTTPHeaderStoreProtocol.swift in Sources */,
				48B1E50E203F609100521850 /* EnumInformationExpressible.swift in Sources */,
				48C1532E1FE929030066C73B /* Cache+AsyncCache.swift in Sources */,
				48F6E96C1FE7EBDE00D45C48 /* QueryConvertible.swift in Sources */,
				48F6E9591FE7EBDE00D45C48 /* Key.swift in Sources */,
				48C153301FE929540066C73B /* Storage+AsyncCache.swift in Sources */,
				48F6E9751FE7EBDE00D45C48 /* StaticKeyConvertible.swift in Sources */,
				48F6E96D1FE7EBDE00D45C48 /* FilterResultConvertible.swift in Sources */,
				48F6E96B1FE7EBDE00D45C48 /* Collection+Filterable.swift in Sources */,
			);
			runOnlyForDeploymentPostprocessing = 0;
		};
		48F6E97B1FE7EC5300D45C48 /* Sources */ = {
			isa = PBXSourcesBuildPhase;
			buildActionMask = 2147483647;
			files = (
				48F6E9BC1FE7EC8B00D45C48 /* Service+Blocking.swift in Sources */,
				48F6E9AD1FE7EC8A00D45C48 /* BaseMockedCache.swift in Sources */,
				48F6E9B91FE7EC8B00D45C48 /* MockedNonPersistingIntegerService.swift in Sources */,
				48F6E9BE1FE7EC8B00D45C48 /* NonCachingServiceTests.swift in Sources */,
				48F6E9C01FE7EC8B00D45C48 /* CachingServiceTests.swift in Sources */,
				48F6E9B81FE7EC8B00D45C48 /* MockedPersistingIntegerService.swift in Sources */,
				48F6E9AC1FE7EC8A00D45C48 /* MockedCacheForInteger.swift in Sources */,
				48F6E9C11FE7EC8B00D45C48 /* ReachabilityAndRetryTests.swift in Sources */,
				48F6E9AF1FE7EC8A00D45C48 /* BaseExpectedResult.swift in Sources */,
				48F6E9BB1FE7EC8B00D45C48 /* MockedPersistingUserService.swift in Sources */,
				48F6E9B31FE7EC8B00D45C48 /* Int+Times.swift in Sources */,
				48F6E9B41FE7EC8B00D45C48 /* BaseMockedHTTPClient.swift in Sources */,
				48F6E9B01FE7EC8A00D45C48 /* MockedEvent.swift in Sources */,
				48F6E9B61FE7EC8B00D45C48 /* MockedUserHTTPClient.swift in Sources */,
				48F6E9AE1FE7EC8A00D45C48 /* EquatableList.swift in Sources */,
				48F6E9BF1FE7EC8B00D45C48 /* CachingServiceFilterTests.swift in Sources */,
				48F6E9B21FE7EC8A00D45C48 /* Int+StaticKeyConvertible.swift in Sources */,
				48F6E9B51FE7EC8B00D45C48 /* MockedIntegerHTTPClient.swift in Sources */,
				48F6E9BD1FE7EC8B00D45C48 /* TestRouter.swift in Sources */,
				48F6E9B11FE7EC8A00D45C48 /* ExpectedIntegerResult.swift in Sources */,
				48F6E9C71FE8038600D45C48 /* UserService.swift in Sources */,
				48F6E9BA1FE7EC8B00D45C48 /* IntegerServiceProtocol.swift in Sources */,
				48F6E9AB1FE7EC8A00D45C48 /* MockedCacheForUser.swift in Sources */,
				48F6E9C51FE8037800D45C48 /* User.swift in Sources */,
				48F6E9C91FE8038E00D45C48 /* UserRouter.swift in Sources */,
			);
			runOnlyForDeploymentPostprocessing = 0;
		};
/* End PBXSourcesBuildPhase section */

/* Begin PBXTargetDependency section */
		48F6E9861FE7EC5300D45C48 /* PBXTargetDependency */ = {
			isa = PBXTargetDependency;
			target = 48F6E91B1FE7EB7800D45C48 /* CachingService */;
			targetProxy = 48F6E9851FE7EC5300D45C48 /* PBXContainerItemProxy */;
		};
/* End PBXTargetDependency section */

/* Begin XCBuildConfiguration section */
		48F6E9221FE7EB7800D45C48 /* Debug */ = {
			isa = XCBuildConfiguration;
			buildSettings = {
				ALWAYS_SEARCH_USER_PATHS = NO;
				CLANG_ANALYZER_NONNULL = YES;
				CLANG_ANALYZER_NUMBER_OBJECT_CONVERSION = YES_AGGRESSIVE;
				CLANG_CXX_LANGUAGE_STANDARD = "gnu++14";
				CLANG_CXX_LIBRARY = "libc++";
				CLANG_ENABLE_MODULES = YES;
				CLANG_ENABLE_OBJC_ARC = YES;
				CLANG_WARN_BLOCK_CAPTURE_AUTORELEASING = YES;
				CLANG_WARN_BOOL_CONVERSION = YES;
				CLANG_WARN_COMMA = YES;
				CLANG_WARN_CONSTANT_CONVERSION = YES;
				CLANG_WARN_DIRECT_OBJC_ISA_USAGE = YES_ERROR;
				CLANG_WARN_DOCUMENTATION_COMMENTS = YES;
				CLANG_WARN_EMPTY_BODY = YES;
				CLANG_WARN_ENUM_CONVERSION = YES;
				CLANG_WARN_INFINITE_RECURSION = YES;
				CLANG_WARN_INT_CONVERSION = YES;
				CLANG_WARN_NON_LITERAL_NULL_CONVERSION = YES;
				CLANG_WARN_OBJC_LITERAL_CONVERSION = YES;
				CLANG_WARN_OBJC_ROOT_CLASS = YES_ERROR;
				CLANG_WARN_RANGE_LOOP_ANALYSIS = YES;
				CLANG_WARN_STRICT_PROTOTYPES = YES;
				CLANG_WARN_SUSPICIOUS_MOVE = YES;
				CLANG_WARN_UNGUARDED_AVAILABILITY = YES_AGGRESSIVE;
				CLANG_WARN_UNREACHABLE_CODE = YES;
				CLANG_WARN__DUPLICATE_METHOD_MATCH = YES;
				CODE_SIGN_IDENTITY = "iPhone Developer";
				COPY_PHASE_STRIP = NO;
				CURRENT_PROJECT_VERSION = 1;
				DEBUG_INFORMATION_FORMAT = dwarf;
				ENABLE_STRICT_OBJC_MSGSEND = YES;
				ENABLE_TESTABILITY = YES;
				GCC_C_LANGUAGE_STANDARD = gnu11;
				GCC_DYNAMIC_NO_PIC = NO;
				GCC_NO_COMMON_BLOCKS = YES;
				GCC_OPTIMIZATION_LEVEL = 0;
				GCC_PREPROCESSOR_DEFINITIONS = (
					"DEBUG=1",
					"$(inherited)",
				);
				GCC_WARN_64_TO_32_BIT_CONVERSION = YES;
				GCC_WARN_ABOUT_RETURN_TYPE = YES_ERROR;
				GCC_WARN_UNDECLARED_SELECTOR = YES;
				GCC_WARN_UNINITIALIZED_AUTOS = YES_AGGRESSIVE;
				GCC_WARN_UNUSED_FUNCTION = YES;
				GCC_WARN_UNUSED_VARIABLE = YES;
				INFOPLIST_FILE = "Source/CachingService-Info.plist";
				IPHONEOS_DEPLOYMENT_TARGET = 10.0;
				MTL_ENABLE_DEBUG_INFO = YES;
				ONLY_ACTIVE_ARCH = YES;
				SDKROOT = iphoneos;
				SWIFT_ACTIVE_COMPILATION_CONDITIONS = DEBUG;
				SWIFT_OPTIMIZATION_LEVEL = "-Onone";
				VERSIONING_SYSTEM = "apple-generic";
				VERSION_INFO_PREFIX = "";
			};
			name = Debug;
		};
		48F6E9231FE7EB7800D45C48 /* Release */ = {
			isa = XCBuildConfiguration;
			buildSettings = {
				ALWAYS_SEARCH_USER_PATHS = NO;
				CLANG_ANALYZER_NONNULL = YES;
				CLANG_ANALYZER_NUMBER_OBJECT_CONVERSION = YES_AGGRESSIVE;
				CLANG_CXX_LANGUAGE_STANDARD = "gnu++14";
				CLANG_CXX_LIBRARY = "libc++";
				CLANG_ENABLE_MODULES = YES;
				CLANG_ENABLE_OBJC_ARC = YES;
				CLANG_WARN_BLOCK_CAPTURE_AUTORELEASING = YES;
				CLANG_WARN_BOOL_CONVERSION = YES;
				CLANG_WARN_COMMA = YES;
				CLANG_WARN_CONSTANT_CONVERSION = YES;
				CLANG_WARN_DIRECT_OBJC_ISA_USAGE = YES_ERROR;
				CLANG_WARN_DOCUMENTATION_COMMENTS = YES;
				CLANG_WARN_EMPTY_BODY = YES;
				CLANG_WARN_ENUM_CONVERSION = YES;
				CLANG_WARN_INFINITE_RECURSION = YES;
				CLANG_WARN_INT_CONVERSION = YES;
				CLANG_WARN_NON_LITERAL_NULL_CONVERSION = YES;
				CLANG_WARN_OBJC_LITERAL_CONVERSION = YES;
				CLANG_WARN_OBJC_ROOT_CLASS = YES_ERROR;
				CLANG_WARN_RANGE_LOOP_ANALYSIS = YES;
				CLANG_WARN_STRICT_PROTOTYPES = YES;
				CLANG_WARN_SUSPICIOUS_MOVE = YES;
				CLANG_WARN_UNGUARDED_AVAILABILITY = YES_AGGRESSIVE;
				CLANG_WARN_UNREACHABLE_CODE = YES;
				CLANG_WARN__DUPLICATE_METHOD_MATCH = YES;
				CODE_SIGN_IDENTITY = "iPhone Developer";
				COPY_PHASE_STRIP = NO;
				CURRENT_PROJECT_VERSION = 1;
				DEBUG_INFORMATION_FORMAT = "dwarf-with-dsym";
				ENABLE_NS_ASSERTIONS = NO;
				ENABLE_STRICT_OBJC_MSGSEND = YES;
				GCC_C_LANGUAGE_STANDARD = gnu11;
				GCC_NO_COMMON_BLOCKS = YES;
				GCC_WARN_64_TO_32_BIT_CONVERSION = YES;
				GCC_WARN_ABOUT_RETURN_TYPE = YES_ERROR;
				GCC_WARN_UNDECLARED_SELECTOR = YES;
				GCC_WARN_UNINITIALIZED_AUTOS = YES_AGGRESSIVE;
				GCC_WARN_UNUSED_FUNCTION = YES;
				GCC_WARN_UNUSED_VARIABLE = YES;
				INFOPLIST_FILE = "Source/CachingService-Info.plist";
				IPHONEOS_DEPLOYMENT_TARGET = 10.0;
				MTL_ENABLE_DEBUG_INFO = NO;
				SDKROOT = iphoneos;
				SWIFT_OPTIMIZATION_LEVEL = "-Owholemodule";
				VALIDATE_PRODUCT = YES;
				VERSIONING_SYSTEM = "apple-generic";
				VERSION_INFO_PREFIX = "";
			};
			name = Release;
		};
		48F6E9251FE7EB7800D45C48 /* Debug */ = {
			isa = XCBuildConfiguration;
			baseConfigurationReference = D9042DA65C6BA81C454478F1 /* Pods-CachingService.debug.xcconfig */;
			buildSettings = {
				CODE_SIGN_IDENTITY = "";
				CODE_SIGN_STYLE = Automatic;
				DEFINES_MODULE = YES;
				DYLIB_COMPATIBILITY_VERSION = 1;
				DYLIB_CURRENT_VERSION = 1;
				DYLIB_INSTALL_NAME_BASE = "@rpath";
				INSTALL_PATH = "$(LOCAL_LIBRARY_DIR)/Frameworks";
				LD_RUNPATH_SEARCH_PATHS = "$(inherited) @executable_path/Frameworks @loader_path/Frameworks";
				PRODUCT_BUNDLE_IDENTIFIER = com.sajjon.CachingService;
				PRODUCT_NAME = "$(TARGET_NAME:c99extidentifier)";
				SKIP_INSTALL = YES;
				SWIFT_VERSION = 4.0;
				TARGETED_DEVICE_FAMILY = "1,2";
			};
			name = Debug;
		};
		48F6E9261FE7EB7800D45C48 /* Release */ = {
			isa = XCBuildConfiguration;
			baseConfigurationReference = 3DFB9567D34D734E710EDE1D /* Pods-CachingService.release.xcconfig */;
			buildSettings = {
				CODE_SIGN_IDENTITY = "";
				CODE_SIGN_STYLE = Automatic;
				DEFINES_MODULE = YES;
				DYLIB_COMPATIBILITY_VERSION = 1;
				DYLIB_CURRENT_VERSION = 1;
				DYLIB_INSTALL_NAME_BASE = "@rpath";
				INSTALL_PATH = "$(LOCAL_LIBRARY_DIR)/Frameworks";
				LD_RUNPATH_SEARCH_PATHS = "$(inherited) @executable_path/Frameworks @loader_path/Frameworks";
				PRODUCT_BUNDLE_IDENTIFIER = com.sajjon.CachingService;
				PRODUCT_NAME = "$(TARGET_NAME:c99extidentifier)";
				SKIP_INSTALL = YES;
				SWIFT_VERSION = 4.0;
				TARGETED_DEVICE_FAMILY = "1,2";
			};
			name = Release;
		};
		48F6E9881FE7EC5300D45C48 /* Debug */ = {
			isa = XCBuildConfiguration;
			baseConfigurationReference = 094DEEC61A827011DF1D66B2 /* Pods-CachingServiceTests.debug.xcconfig */;
			buildSettings = {
				CODE_SIGN_STYLE = Automatic;
				INFOPLIST_FILE = "Tests/Source/SupportingFiles/CachingServiceTests-Info.plist";
				LD_RUNPATH_SEARCH_PATHS = "$(inherited) @executable_path/Frameworks @loader_path/Frameworks";
				PRODUCT_BUNDLE_IDENTIFIER = com.sajjon.CachingServiceTests;
				PRODUCT_NAME = "$(TARGET_NAME)";
				SWIFT_VERSION = 4.0;
				TARGETED_DEVICE_FAMILY = "1,2";
			};
			name = Debug;
		};
		48F6E9891FE7EC5300D45C48 /* Release */ = {
			isa = XCBuildConfiguration;
			baseConfigurationReference = 27EBE43F109E6D43F3FF8681 /* Pods-CachingServiceTests.release.xcconfig */;
			buildSettings = {
				CODE_SIGN_STYLE = Automatic;
				INFOPLIST_FILE = "Tests/Source/SupportingFiles/CachingServiceTests-Info.plist";
				LD_RUNPATH_SEARCH_PATHS = "$(inherited) @executable_path/Frameworks @loader_path/Frameworks";
				PRODUCT_BUNDLE_IDENTIFIER = com.sajjon.CachingServiceTests;
				PRODUCT_NAME = "$(TARGET_NAME)";
				SWIFT_VERSION = 4.0;
				TARGETED_DEVICE_FAMILY = "1,2";
			};
			name = Release;
		};
/* End XCBuildConfiguration section */

/* Begin XCConfigurationList section */
		48F6E9161FE7EB7800D45C48 /* Build configuration list for PBXProject "CachingService" */ = {
			isa = XCConfigurationList;
			buildConfigurations = (
				48F6E9221FE7EB7800D45C48 /* Debug */,
				48F6E9231FE7EB7800D45C48 /* Release */,
			);
			defaultConfigurationIsVisible = 0;
			defaultConfigurationName = Release;
		};
		48F6E9241FE7EB7800D45C48 /* Build configuration list for PBXNativeTarget "CachingService" */ = {
			isa = XCConfigurationList;
			buildConfigurations = (
				48F6E9251FE7EB7800D45C48 /* Debug */,
				48F6E9261FE7EB7800D45C48 /* Release */,
			);
			defaultConfigurationIsVisible = 0;
			defaultConfigurationName = Release;
		};
		48F6E9871FE7EC5300D45C48 /* Build configuration list for PBXNativeTarget "CachingServiceTests" */ = {
			isa = XCConfigurationList;
			buildConfigurations = (
				48F6E9881FE7EC5300D45C48 /* Debug */,
				48F6E9891FE7EC5300D45C48 /* Release */,
			);
			defaultConfigurationIsVisible = 0;
			defaultConfigurationName = Release;
		};
/* End XCConfigurationList section */
	};
	rootObject = 48F6E9131FE7EB7800D45C48 /* Project object */;
}
