// !$*UTF8*$!
{
	archiveVersion = 1;
	classes = {
	};
	objectVersion = 48;
	objects = {

/* Begin PBXBuildFile section */
		480FBDCE1FCD9FA4003DD215 /* CustomStringConvertible+Filterable.swift in Sources */ = {isa = PBXBuildFile; fileRef = 480FBDCD1FCD9FA4003DD215 /* CustomStringConvertible+Filterable.swift */; };
		480FBDD21FCDA00A003DD215 /* Collection+Filterable.swift in Sources */ = {isa = PBXBuildFile; fileRef = 480FBDD11FCDA00A003DD215 /* Collection+Filterable.swift */; };
		480FBDD51FCDA9C4003DD215 /* CachingServiceFilterTests.swift in Sources */ = {isa = PBXBuildFile; fileRef = 480FBDD31FCDA96D003DD215 /* CachingServiceFilterTests.swift */; };
		480FBDD71FCDAC38003DD215 /* User.swift in Sources */ = {isa = PBXBuildFile; fileRef = 480FBDD61FCDAC38003DD215 /* User.swift */; };
		480FBDD91FCDAC46003DD215 /* Group.swift in Sources */ = {isa = PBXBuildFile; fileRef = 480FBDD81FCDAC46003DD215 /* Group.swift */; };
		480FBDDB1FCDB481003DD215 /* StaticKeyConvertible.swift in Sources */ = {isa = PBXBuildFile; fileRef = 480FBDDA1FCDB481003DD215 /* StaticKeyConvertible.swift */; };
		480FBDDE1FCDB643003DD215 /* MockedPersistingUserService.swift in Sources */ = {isa = PBXBuildFile; fileRef = 480FBDDC1FCDB5F8003DD215 /* MockedPersistingUserService.swift */; };
		480FBDE11FCDBB60003DD215 /* Service+Blocking.swift in Sources */ = {isa = PBXBuildFile; fileRef = 480FBDDF1FCDBB28003DD215 /* Service+Blocking.swift */; };
		4845F3E41FB45CA6004A0261 /* Service.swift in Sources */ = {isa = PBXBuildFile; fileRef = 4845F3E31FB45CA6004A0261 /* Service.swift */; };
		4845F3E61FB45CC2004A0261 /* Random.swift in Sources */ = {isa = PBXBuildFile; fileRef = 4845F3E51FB45CC2004A0261 /* Random.swift */; };
		4845F3E81FB45CD2004A0261 /* ServiceSource.swift in Sources */ = {isa = PBXBuildFile; fileRef = 4845F3E71FB45CD2004A0261 /* ServiceSource.swift */; };
		4845F3EA1FB45CE1004A0261 /* ServiceError.swift in Sources */ = {isa = PBXBuildFile; fileRef = 4845F3E91FB45CE1004A0261 /* ServiceError.swift */; };
		48679CF21FBDA710004A9E20 /* SimulatedDelay.swift in Sources */ = {isa = PBXBuildFile; fileRef = 48679CF11FBDA710004A9E20 /* SimulatedDelay.swift */; };
		48679CF41FBDA724004A9E20 /* Codable_Extension.swift in Sources */ = {isa = PBXBuildFile; fileRef = 48679CF31FBDA724004A9E20 /* Codable_Extension.swift */; };
		48679CF61FBDA759004A9E20 /* UserViewModel.swift in Sources */ = {isa = PBXBuildFile; fileRef = 48679CF51FBDA759004A9E20 /* UserViewModel.swift */; };
		48679CF81FBDA769004A9E20 /* UserView.swift in Sources */ = {isa = PBXBuildFile; fileRef = 48679CF71FBDA769004A9E20 /* UserView.swift */; };
		48679CFA1FBDA798004A9E20 /* AbstractViewController.swift in Sources */ = {isa = PBXBuildFile; fileRef = 48679CF91FBDA798004A9E20 /* AbstractViewController.swift */; };
		48679CFC1FBDA7A8004A9E20 /* Presenter.swift in Sources */ = {isa = PBXBuildFile; fileRef = 48679CFB1FBDA7A8004A9E20 /* Presenter.swift */; };
		48679CFE1FBDA7B9004A9E20 /* Presentable.swift in Sources */ = {isa = PBXBuildFile; fileRef = 48679CFD1FBDA7B9004A9E20 /* Presentable.swift */; };
		48679D001FBDB14B004A9E20 /* MenuViewController.swift in Sources */ = {isa = PBXBuildFile; fileRef = 48679CFF1FBDB14B004A9E20 /* MenuViewController.swift */; };
		48679D041FBDE150004A9E20 /* DependencyInjectionConfigurator.swift in Sources */ = {isa = PBXBuildFile; fileRef = 48679D031FBDE150004A9E20 /* DependencyInjectionConfigurator.swift */; };
		48679D061FBDF2B9004A9E20 /* MenuView.swift in Sources */ = {isa = PBXBuildFile; fileRef = 48679D051FBDF2B9004A9E20 /* MenuView.swift */; };
		48699B641FB5D89700D15F25 /* TimeString.swift in Sources */ = {isa = PBXBuildFile; fileRef = 48699B631FB5D89700D15F25 /* TimeString.swift */; };
		486E665F1FBC49B600D46E04 /* RxExtension.swift in Sources */ = {isa = PBXBuildFile; fileRef = 486E665E1FBC49B600D46E04 /* RxExtension.swift */; };
		486FD4151FD7FDC8000C920B /* ReachabilityAndRetryTests.swift in Sources */ = {isa = PBXBuildFile; fileRef = 486FD4141FD7FDC8000C920B /* ReachabilityAndRetryTests.swift */; };
		486FD4171FD81FC8000C920B /* ServiceOption.swift in Sources */ = {isa = PBXBuildFile; fileRef = 486FD4161FD81FC8000C920B /* ServiceOption.swift */; };
		487DAC4D1FD2C23200028A60 /* AsyncCache.swift in Sources */ = {isa = PBXBuildFile; fileRef = 487DAC441FD2C23100028A60 /* AsyncCache.swift */; };
		487DAC4E1FD2C23200028A60 /* UserDefaults+AsyncCache.swift in Sources */ = {isa = PBXBuildFile; fileRef = 487DAC451FD2C23100028A60 /* UserDefaults+AsyncCache.swift */; };
		487DAC4F1FD2C23200028A60 /* Key.swift in Sources */ = {isa = PBXBuildFile; fileRef = 487DAC461FD2C23100028A60 /* Key.swift */; };
		487DAC501FD2C23200028A60 /* Cache.swift in Sources */ = {isa = PBXBuildFile; fileRef = 487DAC471FD2C23100028A60 /* Cache.swift */; };
		487DAC511FD2C23200028A60 /* KeyCreator.swift in Sources */ = {isa = PBXBuildFile; fileRef = 487DAC481FD2C23100028A60 /* KeyCreator.swift */; };
		487DAC521FD2C23200028A60 /* UserRouter.swift in Sources */ = {isa = PBXBuildFile; fileRef = 487DAC4A1FD2C23200028A60 /* UserRouter.swift */; };
		487DAC531FD2C23200028A60 /* GroupRouter.swift in Sources */ = {isa = PBXBuildFile; fileRef = 487DAC4B1FD2C23200028A60 /* GroupRouter.swift */; };
		487DAC541FD2C23200028A60 /* Router.swift in Sources */ = {isa = PBXBuildFile; fileRef = 487DAC4C1FD2C23200028A60 /* Router.swift */; };
		487DAC561FD2C26000028A60 /* CoinRouter.swift in Sources */ = {isa = PBXBuildFile; fileRef = 487DAC551FD2C26000028A60 /* CoinRouter.swift */; };
		487DAC581FD2C32800028A60 /* PriceRouter.swift in Sources */ = {isa = PBXBuildFile; fileRef = 487DAC571FD2C32800028A60 /* PriceRouter.swift */; };
		488429D51FC32DE700E4F8A1 /* AbstractViewController+Retaining.swift in Sources */ = {isa = PBXBuildFile; fileRef = 488429D41FC32DE600E4F8A1 /* AbstractViewController+Retaining.swift */; };
		48915C271FCF138B006259EE /* MockedUserHTTPClient.swift in Sources */ = {isa = PBXBuildFile; fileRef = 48915C261FCF138B006259EE /* MockedUserHTTPClient.swift */; };
		48915C281FCF13A4006259EE /* EquatableList.swift in Sources */ = {isa = PBXBuildFile; fileRef = 48915C241FCF136C006259EE /* EquatableList.swift */; };
		48915C2B1FCF13CB006259EE /* MockedCacheForUser.swift in Sources */ = {isa = PBXBuildFile; fileRef = 48915C2A1FCF13CB006259EE /* MockedCacheForUser.swift */; };
		48915C2D1FD00301006259EE /* Persisting.swift in Sources */ = {isa = PBXBuildFile; fileRef = 48915C2C1FD00301006259EE /* Persisting.swift */; };
		48915C2F1FD013E4006259EE /* SourceOptions.swift in Sources */ = {isa = PBXBuildFile; fileRef = 48915C2E1FD013E4006259EE /* SourceOptions.swift */; };
		48915C311FD04DE3006259EE /* FilterResultConvertible.swift in Sources */ = {isa = PBXBuildFile; fileRef = 48915C301FD04DE3006259EE /* FilterResultConvertible.swift */; };
		48915C331FD04E5C006259EE /* Observable+Collection+Filterable.swift in Sources */ = {isa = PBXBuildFile; fileRef = 48915C321FD04E5C006259EE /* Observable+Collection+Filterable.swift */; };
		48915C431FD06294006259EE /* HTTPContentType.swift in Sources */ = {isa = PBXBuildFile; fileRef = 48915C3D1FD06293006259EE /* HTTPContentType.swift */; };
		48915C441FD06294006259EE /* HTTPClient.swift in Sources */ = {isa = PBXBuildFile; fileRef = 48915C3E1FD06293006259EE /* HTTPClient.swift */; };
		48915C451FD06294006259EE /* AuthTokensConvertible.swift in Sources */ = {isa = PBXBuildFile; fileRef = 48915C3F1FD06293006259EE /* AuthTokensConvertible.swift */; };
		48915C461FD06294006259EE /* HTTPHeaderStoreProtocol.swift in Sources */ = {isa = PBXBuildFile; fileRef = 48915C401FD06293006259EE /* HTTPHeaderStoreProtocol.swift */; };
		48915C471FD06294006259EE /* EnvironmentsProtocol.swift in Sources */ = {isa = PBXBuildFile; fileRef = 48915C411FD06293006259EE /* EnvironmentsProtocol.swift */; };
		48915C481FD06294006259EE /* OAuth2Handler.swift in Sources */ = {isa = PBXBuildFile; fileRef = 48915C421FD06293006259EE /* OAuth2Handler.swift */; };
		48A759881FA4E5DF00160897 /* AppDelegate.swift in Sources */ = {isa = PBXBuildFile; fileRef = 48A759871FA4E5DF00160897 /* AppDelegate.swift */; };
		48A7598A1FA4E5DF00160897 /* UserViewController.swift in Sources */ = {isa = PBXBuildFile; fileRef = 48A759891FA4E5DF00160897 /* UserViewController.swift */; };
		48A7598F1FA4E5DF00160897 /* Assets.xcassets in Resources */ = {isa = PBXBuildFile; fileRef = 48A7598E1FA4E5DF00160897 /* Assets.xcassets */; };
		48A759921FA4E5DF00160897 /* LaunchScreen.storyboard in Resources */ = {isa = PBXBuildFile; fileRef = 48A759901FA4E5DF00160897 /* LaunchScreen.storyboard */; };
		48AFB8611FDE8CF50046804D /* UIApplication+Rx.swift in Sources */ = {isa = PBXBuildFile; fileRef = 48AFB8601FDE8CF40046804D /* UIApplication+Rx.swift */; };
		48AFB8631FDEC5C50046804D /* CoinsResponse.swift in Sources */ = {isa = PBXBuildFile; fileRef = 48AFB8621FDEC5C50046804D /* CoinsResponse.swift */; };
		48AFB8651FDEC75C0046804D /* ObservableType+Retry.swift in Sources */ = {isa = PBXBuildFile; fileRef = 48AFB8641FDEC75C0046804D /* ObservableType+Retry.swift */; };
		48B4920C1FD2D1DF00B19096 /* Coin.swift in Sources */ = {isa = PBXBuildFile; fileRef = 48B4920B1FD2D1DF00B19096 /* Coin.swift */; };
		48B4920E1FD2D6C100B19096 /* CoinsView.swift in Sources */ = {isa = PBXBuildFile; fileRef = 48B4920D1FD2D6C100B19096 /* CoinsView.swift */; };
		48B492101FD2D82F00B19096 /* CoinsViewModel.swift in Sources */ = {isa = PBXBuildFile; fileRef = 48B4920F1FD2D82F00B19096 /* CoinsViewModel.swift */; };
		48B492121FD2D96900B19096 /* CoinService.swift in Sources */ = {isa = PBXBuildFile; fileRef = 48B492111FD2D96900B19096 /* CoinService.swift */; };
		48B492141FD5493300B19096 /* ImageService.swift in Sources */ = {isa = PBXBuildFile; fileRef = 48B492131FD5493300B19096 /* ImageService.swift */; };
		48B492161FD5493E00B19096 /* UIImageView+DownloadableImage.swift in Sources */ = {isa = PBXBuildFile; fileRef = 48B492151FD5493E00B19096 /* UIImageView+DownloadableImage.swift */; };
		48B492181FD549E000B19096 /* ReachabilityService.swift in Sources */ = {isa = PBXBuildFile; fileRef = 48B492171FD549E000B19096 /* ReachabilityService.swift */; };
		48B4921E1FD54B9900B19096 /* Utilities.swift in Sources */ = {isa = PBXBuildFile; fileRef = 48B4921D1FD54B9900B19096 /* Utilities.swift */; };
		48B492201FD54BD900B19096 /* Wireframe.swift in Sources */ = {isa = PBXBuildFile; fileRef = 48B4921F1FD54BD900B19096 /* Wireframe.swift */; };
		48B492221FD54C3900B19096 /* UIImage+Extensions.swift in Sources */ = {isa = PBXBuildFile; fileRef = 48B492211FD54C3900B19096 /* UIImage+Extensions.swift */; };
		48B492241FD54D8500B19096 /* CoinTableViewCell.swift in Sources */ = {isa = PBXBuildFile; fileRef = 48B492231FD54D8500B19096 /* CoinTableViewCell.swift */; };
		48D945151FCC69D900846322 /* QueryConvertible.swift in Sources */ = {isa = PBXBuildFile; fileRef = 48D945141FCC69D900846322 /* QueryConvertible.swift */; };
		48D945171FCC69F300846322 /* Filterable.swift in Sources */ = {isa = PBXBuildFile; fileRef = 48D945161FCC69F300846322 /* Filterable.swift */; };
		48F33F6B1FC71371001AF2BB /* UserService.swift in Sources */ = {isa = PBXBuildFile; fileRef = 48F33F6A1FC71371001AF2BB /* UserService.swift */; };
		48F33F6D1FC7139D001AF2BB /* GroupService.swift in Sources */ = {isa = PBXBuildFile; fileRef = 48F33F6C1FC7139D001AF2BB /* GroupService.swift */; };
		48F33FBE1FC7338C001AF2BB /* MockedCacheForInteger.swift in Sources */ = {isa = PBXBuildFile; fileRef = 48F33FA71FC7338C001AF2BB /* MockedCacheForInteger.swift */; };
		48F33FBF1FC7338C001AF2BB /* BaseMockedCache.swift in Sources */ = {isa = PBXBuildFile; fileRef = 48F33FA81FC7338C001AF2BB /* BaseMockedCache.swift */; };
		48F33FC01FC7338C001AF2BB /* BaseExpectedResult.swift in Sources */ = {isa = PBXBuildFile; fileRef = 48F33FAA1FC7338C001AF2BB /* BaseExpectedResult.swift */; };
		48F33FC11FC7338C001AF2BB /* MockedEvent.swift in Sources */ = {isa = PBXBuildFile; fileRef = 48F33FAB1FC7338C001AF2BB /* MockedEvent.swift */; };
		48F33FC21FC7338C001AF2BB /* ExpectedIntegerResult.swift in Sources */ = {isa = PBXBuildFile; fileRef = 48F33FAC1FC7338C001AF2BB /* ExpectedIntegerResult.swift */; };
		48F33FC31FC7338C001AF2BB /* Int+StaticKeyConvertible.swift in Sources */ = {isa = PBXBuildFile; fileRef = 48F33FAE1FC7338C001AF2BB /* Int+StaticKeyConvertible.swift */; };
		48F33FC41FC7338C001AF2BB /* Int+Times.swift in Sources */ = {isa = PBXBuildFile; fileRef = 48F33FAF1FC7338C001AF2BB /* Int+Times.swift */; };
		48F33FC51FC7338C001AF2BB /* BaseMockedHTTPClient.swift in Sources */ = {isa = PBXBuildFile; fileRef = 48F33FB11FC7338C001AF2BB /* BaseMockedHTTPClient.swift */; };
		48F33FC61FC7338C001AF2BB /* MockedIntegerHTTPClient.swift in Sources */ = {isa = PBXBuildFile; fileRef = 48F33FB21FC7338C001AF2BB /* MockedIntegerHTTPClient.swift */; };
		48F33FC71FC7338C001AF2BB /* CachingServiceTests-Info.plist in Resources */ = {isa = PBXBuildFile; fileRef = 48F33FB41FC7338C001AF2BB /* CachingServiceTests-Info.plist */; };
		48F33FC81FC7338C001AF2BB /* MockedPersistingIntegerService.swift in Sources */ = {isa = PBXBuildFile; fileRef = 48F33FB61FC7338C001AF2BB /* MockedPersistingIntegerService.swift */; };
		48F33FC91FC7338C001AF2BB /* MockedNonPersistingIntegerService.swift in Sources */ = {isa = PBXBuildFile; fileRef = 48F33FB71FC7338C001AF2BB /* MockedNonPersistingIntegerService.swift */; };
		48F33FCA1FC7338C001AF2BB /* IntegerServiceProtocol.swift in Sources */ = {isa = PBXBuildFile; fileRef = 48F33FB81FC7338C001AF2BB /* IntegerServiceProtocol.swift */; };
		48F33FCB1FC7338C001AF2BB /* TestRouter.swift in Sources */ = {isa = PBXBuildFile; fileRef = 48F33FBA1FC7338C001AF2BB /* TestRouter.swift */; };
		48F33FCC1FC7338C001AF2BB /* NonCachingServiceTests.swift in Sources */ = {isa = PBXBuildFile; fileRef = 48F33FBC1FC7338C001AF2BB /* NonCachingServiceTests.swift */; };
		48F33FCD1FC7338C001AF2BB /* CachingServiceTests.swift in Sources */ = {isa = PBXBuildFile; fileRef = 48F33FBD1FC7338C001AF2BB /* CachingServiceTests.swift */; };
		48F6E2C31FD0676700F5F2E9 /* URLRequest_Extension.swift in Sources */ = {isa = PBXBuildFile; fileRef = 48F6E2C21FD0676700F5F2E9 /* URLRequest_Extension.swift */; };
		48F6E2C51FD0694700F5F2E9 /* Alamofire+Codable.swift in Sources */ = {isa = PBXBuildFile; fileRef = 48F6E2C41FD0694700F5F2E9 /* Alamofire+Codable.swift */; };
		7EBC1676004283B3CA9EC172 /* Pods_CachingService.framework in Frameworks */ = {isa = PBXBuildFile; fileRef = 52CD14A2F51455B571E10E38 /* Pods_CachingService.framework */; };
		CA33D041B6D2E2D1E73500D3 /* Pods_CachingServiceTests.framework in Frameworks */ = {isa = PBXBuildFile; fileRef = AC2329FF17A58598559297BA /* Pods_CachingServiceTests.framework */; };
/* End PBXBuildFile section */

/* Begin PBXContainerItemProxy section */
		48A6EE971FBC607600DA4672 /* PBXContainerItemProxy */ = {
			isa = PBXContainerItemProxy;
			containerPortal = 48A7597C1FA4E5DE00160897 /* Project object */;
			proxyType = 1;
			remoteGlobalIDString = 48A759831FA4E5DE00160897;
			remoteInfo = SingleRxSignal;
		};
/* End PBXContainerItemProxy section */

/* Begin PBXFileReference section */
		480FBDCD1FCD9FA4003DD215 /* CustomStringConvertible+Filterable.swift */ = {isa = PBXFileReference; lastKnownFileType = sourcecode.swift; path = "CustomStringConvertible+Filterable.swift"; sourceTree = "<group>"; };
		480FBDD11FCDA00A003DD215 /* Collection+Filterable.swift */ = {isa = PBXFileReference; lastKnownFileType = sourcecode.swift; path = "Collection+Filterable.swift"; sourceTree = "<group>"; };
		480FBDD31FCDA96D003DD215 /* CachingServiceFilterTests.swift */ = {isa = PBXFileReference; lastKnownFileType = sourcecode.swift; path = CachingServiceFilterTests.swift; sourceTree = "<group>"; };
		480FBDD61FCDAC38003DD215 /* User.swift */ = {isa = PBXFileReference; lastKnownFileType = sourcecode.swift; path = User.swift; sourceTree = "<group>"; };
		480FBDD81FCDAC46003DD215 /* Group.swift */ = {isa = PBXFileReference; lastKnownFileType = sourcecode.swift; path = Group.swift; sourceTree = "<group>"; };
		480FBDDA1FCDB481003DD215 /* StaticKeyConvertible.swift */ = {isa = PBXFileReference; lastKnownFileType = sourcecode.swift; path = StaticKeyConvertible.swift; sourceTree = "<group>"; };
		480FBDDC1FCDB5F8003DD215 /* MockedPersistingUserService.swift */ = {isa = PBXFileReference; lastKnownFileType = sourcecode.swift; path = MockedPersistingUserService.swift; sourceTree = "<group>"; };
		480FBDDF1FCDBB28003DD215 /* Service+Blocking.swift */ = {isa = PBXFileReference; lastKnownFileType = sourcecode.swift; path = "Service+Blocking.swift"; sourceTree = "<group>"; };
		4845F3E31FB45CA6004A0261 /* Service.swift */ = {isa = PBXFileReference; lastKnownFileType = sourcecode.swift; path = Service.swift; sourceTree = "<group>"; };
		4845F3E51FB45CC2004A0261 /* Random.swift */ = {isa = PBXFileReference; lastKnownFileType = sourcecode.swift; path = Random.swift; sourceTree = "<group>"; };
		4845F3E71FB45CD2004A0261 /* ServiceSource.swift */ = {isa = PBXFileReference; lastKnownFileType = sourcecode.swift; path = ServiceSource.swift; sourceTree = "<group>"; };
		4845F3E91FB45CE1004A0261 /* ServiceError.swift */ = {isa = PBXFileReference; lastKnownFileType = sourcecode.swift; path = ServiceError.swift; sourceTree = "<group>"; };
		48679CF11FBDA710004A9E20 /* SimulatedDelay.swift */ = {isa = PBXFileReference; lastKnownFileType = sourcecode.swift; path = SimulatedDelay.swift; sourceTree = "<group>"; };
		48679CF31FBDA724004A9E20 /* Codable_Extension.swift */ = {isa = PBXFileReference; lastKnownFileType = sourcecode.swift; path = Codable_Extension.swift; sourceTree = "<group>"; };
		48679CF51FBDA759004A9E20 /* UserViewModel.swift */ = {isa = PBXFileReference; lastKnownFileType = sourcecode.swift; path = UserViewModel.swift; sourceTree = "<group>"; };
		48679CF71FBDA769004A9E20 /* UserView.swift */ = {isa = PBXFileReference; lastKnownFileType = sourcecode.swift; path = UserView.swift; sourceTree = "<group>"; };
		48679CF91FBDA798004A9E20 /* AbstractViewController.swift */ = {isa = PBXFileReference; lastKnownFileType = sourcecode.swift; path = AbstractViewController.swift; sourceTree = "<group>"; };
		48679CFB1FBDA7A8004A9E20 /* Presenter.swift */ = {isa = PBXFileReference; lastKnownFileType = sourcecode.swift; path = Presenter.swift; sourceTree = "<group>"; };
		48679CFD1FBDA7B9004A9E20 /* Presentable.swift */ = {isa = PBXFileReference; lastKnownFileType = sourcecode.swift; path = Presentable.swift; sourceTree = "<group>"; };
		48679CFF1FBDB14B004A9E20 /* MenuViewController.swift */ = {isa = PBXFileReference; lastKnownFileType = sourcecode.swift; path = MenuViewController.swift; sourceTree = "<group>"; };
		48679D031FBDE150004A9E20 /* DependencyInjectionConfigurator.swift */ = {isa = PBXFileReference; lastKnownFileType = sourcecode.swift; path = DependencyInjectionConfigurator.swift; sourceTree = "<group>"; };
		48679D051FBDF2B9004A9E20 /* MenuView.swift */ = {isa = PBXFileReference; lastKnownFileType = sourcecode.swift; path = MenuView.swift; sourceTree = "<group>"; };
		48699B631FB5D89700D15F25 /* TimeString.swift */ = {isa = PBXFileReference; lastKnownFileType = sourcecode.swift; path = TimeString.swift; sourceTree = "<group>"; };
		486E665E1FBC49B600D46E04 /* RxExtension.swift */ = {isa = PBXFileReference; lastKnownFileType = sourcecode.swift; path = RxExtension.swift; sourceTree = "<group>"; };
		486FD4141FD7FDC8000C920B /* ReachabilityAndRetryTests.swift */ = {isa = PBXFileReference; lastKnownFileType = sourcecode.swift; path = ReachabilityAndRetryTests.swift; sourceTree = "<group>"; };
		486FD4161FD81FC8000C920B /* ServiceOption.swift */ = {isa = PBXFileReference; lastKnownFileType = sourcecode.swift; path = ServiceOption.swift; sourceTree = "<group>"; };
		487DAC441FD2C23100028A60 /* AsyncCache.swift */ = {isa = PBXFileReference; fileEncoding = 4; lastKnownFileType = sourcecode.swift; path = AsyncCache.swift; sourceTree = "<group>"; };
		487DAC451FD2C23100028A60 /* UserDefaults+AsyncCache.swift */ = {isa = PBXFileReference; fileEncoding = 4; lastKnownFileType = sourcecode.swift; path = "UserDefaults+AsyncCache.swift"; sourceTree = "<group>"; };
		487DAC461FD2C23100028A60 /* Key.swift */ = {isa = PBXFileReference; fileEncoding = 4; lastKnownFileType = sourcecode.swift; path = Key.swift; sourceTree = "<group>"; };
		487DAC471FD2C23100028A60 /* Cache.swift */ = {isa = PBXFileReference; fileEncoding = 4; lastKnownFileType = sourcecode.swift; path = Cache.swift; sourceTree = "<group>"; };
		487DAC481FD2C23100028A60 /* KeyCreator.swift */ = {isa = PBXFileReference; fileEncoding = 4; lastKnownFileType = sourcecode.swift; path = KeyCreator.swift; sourceTree = "<group>"; };
		487DAC4A1FD2C23200028A60 /* UserRouter.swift */ = {isa = PBXFileReference; fileEncoding = 4; lastKnownFileType = sourcecode.swift; path = UserRouter.swift; sourceTree = "<group>"; };
		487DAC4B1FD2C23200028A60 /* GroupRouter.swift */ = {isa = PBXFileReference; fileEncoding = 4; lastKnownFileType = sourcecode.swift; path = GroupRouter.swift; sourceTree = "<group>"; };
		487DAC4C1FD2C23200028A60 /* Router.swift */ = {isa = PBXFileReference; fileEncoding = 4; lastKnownFileType = sourcecode.swift; path = Router.swift; sourceTree = "<group>"; };
		487DAC551FD2C26000028A60 /* CoinRouter.swift */ = {isa = PBXFileReference; lastKnownFileType = sourcecode.swift; path = CoinRouter.swift; sourceTree = "<group>"; };
		487DAC571FD2C32800028A60 /* PriceRouter.swift */ = {isa = PBXFileReference; lastKnownFileType = sourcecode.swift; path = PriceRouter.swift; sourceTree = "<group>"; };
		488429D41FC32DE600E4F8A1 /* AbstractViewController+Retaining.swift */ = {isa = PBXFileReference; fileEncoding = 4; lastKnownFileType = sourcecode.swift; path = "AbstractViewController+Retaining.swift"; sourceTree = "<group>"; };
		48915C241FCF136C006259EE /* EquatableList.swift */ = {isa = PBXFileReference; lastKnownFileType = sourcecode.swift; path = EquatableList.swift; sourceTree = "<group>"; };
		48915C261FCF138B006259EE /* MockedUserHTTPClient.swift */ = {isa = PBXFileReference; lastKnownFileType = sourcecode.swift; path = MockedUserHTTPClient.swift; sourceTree = "<group>"; };
		48915C2A1FCF13CB006259EE /* MockedCacheForUser.swift */ = {isa = PBXFileReference; lastKnownFileType = sourcecode.swift; path = MockedCacheForUser.swift; sourceTree = "<group>"; };
		48915C2C1FD00301006259EE /* Persisting.swift */ = {isa = PBXFileReference; lastKnownFileType = sourcecode.swift; path = Persisting.swift; sourceTree = "<group>"; };
		48915C2E1FD013E4006259EE /* SourceOptions.swift */ = {isa = PBXFileReference; lastKnownFileType = sourcecode.swift; path = SourceOptions.swift; sourceTree = "<group>"; };
		48915C301FD04DE3006259EE /* FilterResultConvertible.swift */ = {isa = PBXFileReference; lastKnownFileType = sourcecode.swift; path = FilterResultConvertible.swift; sourceTree = "<group>"; };
		48915C321FD04E5C006259EE /* Observable+Collection+Filterable.swift */ = {isa = PBXFileReference; lastKnownFileType = sourcecode.swift; path = "Observable+Collection+Filterable.swift"; sourceTree = "<group>"; };
		48915C3D1FD06293006259EE /* HTTPContentType.swift */ = {isa = PBXFileReference; fileEncoding = 4; lastKnownFileType = sourcecode.swift; path = HTTPContentType.swift; sourceTree = "<group>"; };
		48915C3E1FD06293006259EE /* HTTPClient.swift */ = {isa = PBXFileReference; fileEncoding = 4; lastKnownFileType = sourcecode.swift; path = HTTPClient.swift; sourceTree = "<group>"; };
		48915C3F1FD06293006259EE /* AuthTokensConvertible.swift */ = {isa = PBXFileReference; fileEncoding = 4; lastKnownFileType = sourcecode.swift; path = AuthTokensConvertible.swift; sourceTree = "<group>"; };
		48915C401FD06293006259EE /* HTTPHeaderStoreProtocol.swift */ = {isa = PBXFileReference; fileEncoding = 4; lastKnownFileType = sourcecode.swift; path = HTTPHeaderStoreProtocol.swift; sourceTree = "<group>"; };
		48915C411FD06293006259EE /* EnvironmentsProtocol.swift */ = {isa = PBXFileReference; fileEncoding = 4; lastKnownFileType = sourcecode.swift; path = EnvironmentsProtocol.swift; sourceTree = "<group>"; };
		48915C421FD06293006259EE /* OAuth2Handler.swift */ = {isa = PBXFileReference; fileEncoding = 4; lastKnownFileType = sourcecode.swift; path = OAuth2Handler.swift; sourceTree = "<group>"; };
		48A6EE921FBC607600DA4672 /* CachingServiceTests.xctest */ = {isa = PBXFileReference; explicitFileType = wrapper.cfbundle; includeInIndex = 0; path = CachingServiceTests.xctest; sourceTree = BUILT_PRODUCTS_DIR; };
		48A759841FA4E5DE00160897 /* CachingService.app */ = {isa = PBXFileReference; explicitFileType = wrapper.application; includeInIndex = 0; path = CachingService.app; sourceTree = BUILT_PRODUCTS_DIR; };
		48A759871FA4E5DF00160897 /* AppDelegate.swift */ = {isa = PBXFileReference; lastKnownFileType = sourcecode.swift; path = AppDelegate.swift; sourceTree = "<group>"; };
		48A759891FA4E5DF00160897 /* UserViewController.swift */ = {isa = PBXFileReference; lastKnownFileType = sourcecode.swift; path = UserViewController.swift; sourceTree = "<group>"; };
		48A7598E1FA4E5DF00160897 /* Assets.xcassets */ = {isa = PBXFileReference; lastKnownFileType = folder.assetcatalog; path = Assets.xcassets; sourceTree = "<group>"; };
		48A759911FA4E5DF00160897 /* Base */ = {isa = PBXFileReference; lastKnownFileType = file.storyboard; name = Base; path = Base.lproj/LaunchScreen.storyboard; sourceTree = "<group>"; };
		48A759931FA4E5DF00160897 /* CachingService-Info.plist */ = {isa = PBXFileReference; lastKnownFileType = text.plist.xml; path = "CachingService-Info.plist"; sourceTree = "<group>"; };
		48AFB8601FDE8CF40046804D /* UIApplication+Rx.swift */ = {isa = PBXFileReference; lastKnownFileType = sourcecode.swift; path = "UIApplication+Rx.swift"; sourceTree = "<group>"; };
		48AFB8621FDEC5C50046804D /* CoinsResponse.swift */ = {isa = PBXFileReference; lastKnownFileType = sourcecode.swift; path = CoinsResponse.swift; sourceTree = "<group>"; };
		48AFB8641FDEC75C0046804D /* ObservableType+Retry.swift */ = {isa = PBXFileReference; lastKnownFileType = sourcecode.swift; path = "ObservableType+Retry.swift"; sourceTree = "<group>"; };
		48B4920B1FD2D1DF00B19096 /* Coin.swift */ = {isa = PBXFileReference; lastKnownFileType = sourcecode.swift; path = Coin.swift; sourceTree = "<group>"; };
		48B4920D1FD2D6C100B19096 /* CoinsView.swift */ = {isa = PBXFileReference; lastKnownFileType = sourcecode.swift; path = CoinsView.swift; sourceTree = "<group>"; };
		48B4920F1FD2D82F00B19096 /* CoinsViewModel.swift */ = {isa = PBXFileReference; lastKnownFileType = sourcecode.swift; path = CoinsViewModel.swift; sourceTree = "<group>"; };
		48B492111FD2D96900B19096 /* CoinService.swift */ = {isa = PBXFileReference; lastKnownFileType = sourcecode.swift; path = CoinService.swift; sourceTree = "<group>"; };
		48B492131FD5493300B19096 /* ImageService.swift */ = {isa = PBXFileReference; fileEncoding = 4; lastKnownFileType = sourcecode.swift; path = ImageService.swift; sourceTree = "<group>"; };
		48B492151FD5493E00B19096 /* UIImageView+DownloadableImage.swift */ = {isa = PBXFileReference; fileEncoding = 4; lastKnownFileType = sourcecode.swift; path = "UIImageView+DownloadableImage.swift"; sourceTree = "<group>"; };
		48B492171FD549E000B19096 /* ReachabilityService.swift */ = {isa = PBXFileReference; fileEncoding = 4; lastKnownFileType = sourcecode.swift; path = ReachabilityService.swift; sourceTree = "<group>"; };
		48B4921D1FD54B9900B19096 /* Utilities.swift */ = {isa = PBXFileReference; fileEncoding = 4; lastKnownFileType = sourcecode.swift; path = Utilities.swift; sourceTree = "<group>"; };
		48B4921F1FD54BD900B19096 /* Wireframe.swift */ = {isa = PBXFileReference; fileEncoding = 4; lastKnownFileType = sourcecode.swift; path = Wireframe.swift; sourceTree = "<group>"; };
		48B492211FD54C3900B19096 /* UIImage+Extensions.swift */ = {isa = PBXFileReference; fileEncoding = 4; lastKnownFileType = sourcecode.swift; path = "UIImage+Extensions.swift"; sourceTree = "<group>"; };
		48B492231FD54D8500B19096 /* CoinTableViewCell.swift */ = {isa = PBXFileReference; lastKnownFileType = sourcecode.swift; path = CoinTableViewCell.swift; sourceTree = "<group>"; };
		48D945141FCC69D900846322 /* QueryConvertible.swift */ = {isa = PBXFileReference; lastKnownFileType = sourcecode.swift; path = QueryConvertible.swift; sourceTree = "<group>"; };
		48D945161FCC69F300846322 /* Filterable.swift */ = {isa = PBXFileReference; lastKnownFileType = sourcecode.swift; path = Filterable.swift; sourceTree = "<group>"; };
		48F33F6A1FC71371001AF2BB /* UserService.swift */ = {isa = PBXFileReference; lastKnownFileType = sourcecode.swift; path = UserService.swift; sourceTree = "<group>"; };
		48F33F6C1FC7139D001AF2BB /* GroupService.swift */ = {isa = PBXFileReference; lastKnownFileType = sourcecode.swift; path = GroupService.swift; sourceTree = "<group>"; };
		48F33FA71FC7338C001AF2BB /* MockedCacheForInteger.swift */ = {isa = PBXFileReference; fileEncoding = 4; lastKnownFileType = sourcecode.swift; path = MockedCacheForInteger.swift; sourceTree = "<group>"; };
		48F33FA81FC7338C001AF2BB /* BaseMockedCache.swift */ = {isa = PBXFileReference; fileEncoding = 4; lastKnownFileType = sourcecode.swift; path = BaseMockedCache.swift; sourceTree = "<group>"; };
		48F33FAA1FC7338C001AF2BB /* BaseExpectedResult.swift */ = {isa = PBXFileReference; fileEncoding = 4; lastKnownFileType = sourcecode.swift; path = BaseExpectedResult.swift; sourceTree = "<group>"; };
		48F33FAB1FC7338C001AF2BB /* MockedEvent.swift */ = {isa = PBXFileReference; fileEncoding = 4; lastKnownFileType = sourcecode.swift; path = MockedEvent.swift; sourceTree = "<group>"; };
		48F33FAC1FC7338C001AF2BB /* ExpectedIntegerResult.swift */ = {isa = PBXFileReference; fileEncoding = 4; lastKnownFileType = sourcecode.swift; path = ExpectedIntegerResult.swift; sourceTree = "<group>"; };
		48F33FAE1FC7338C001AF2BB /* Int+StaticKeyConvertible.swift */ = {isa = PBXFileReference; fileEncoding = 4; lastKnownFileType = sourcecode.swift; path = "Int+StaticKeyConvertible.swift"; sourceTree = "<group>"; };
		48F33FAF1FC7338C001AF2BB /* Int+Times.swift */ = {isa = PBXFileReference; fileEncoding = 4; lastKnownFileType = sourcecode.swift; path = "Int+Times.swift"; sourceTree = "<group>"; };
		48F33FB11FC7338C001AF2BB /* BaseMockedHTTPClient.swift */ = {isa = PBXFileReference; fileEncoding = 4; lastKnownFileType = sourcecode.swift; path = BaseMockedHTTPClient.swift; sourceTree = "<group>"; };
		48F33FB21FC7338C001AF2BB /* MockedIntegerHTTPClient.swift */ = {isa = PBXFileReference; fileEncoding = 4; lastKnownFileType = sourcecode.swift; path = MockedIntegerHTTPClient.swift; sourceTree = "<group>"; };
		48F33FB41FC7338C001AF2BB /* CachingServiceTests-Info.plist */ = {isa = PBXFileReference; fileEncoding = 4; lastKnownFileType = text.plist.xml; path = "CachingServiceTests-Info.plist"; sourceTree = "<group>"; };
		48F33FB61FC7338C001AF2BB /* MockedPersistingIntegerService.swift */ = {isa = PBXFileReference; fileEncoding = 4; lastKnownFileType = sourcecode.swift; path = MockedPersistingIntegerService.swift; sourceTree = "<group>"; };
		48F33FB71FC7338C001AF2BB /* MockedNonPersistingIntegerService.swift */ = {isa = PBXFileReference; fileEncoding = 4; lastKnownFileType = sourcecode.swift; path = MockedNonPersistingIntegerService.swift; sourceTree = "<group>"; };
		48F33FB81FC7338C001AF2BB /* IntegerServiceProtocol.swift */ = {isa = PBXFileReference; fileEncoding = 4; lastKnownFileType = sourcecode.swift; path = IntegerServiceProtocol.swift; sourceTree = "<group>"; };
		48F33FBA1FC7338C001AF2BB /* TestRouter.swift */ = {isa = PBXFileReference; fileEncoding = 4; lastKnownFileType = sourcecode.swift; path = TestRouter.swift; sourceTree = "<group>"; };
		48F33FBC1FC7338C001AF2BB /* NonCachingServiceTests.swift */ = {isa = PBXFileReference; fileEncoding = 4; lastKnownFileType = sourcecode.swift; path = NonCachingServiceTests.swift; sourceTree = "<group>"; };
		48F33FBD1FC7338C001AF2BB /* CachingServiceTests.swift */ = {isa = PBXFileReference; fileEncoding = 4; lastKnownFileType = sourcecode.swift; path = CachingServiceTests.swift; sourceTree = "<group>"; };
		48F6E2C21FD0676700F5F2E9 /* URLRequest_Extension.swift */ = {isa = PBXFileReference; lastKnownFileType = sourcecode.swift; path = URLRequest_Extension.swift; sourceTree = "<group>"; };
		48F6E2C41FD0694700F5F2E9 /* Alamofire+Codable.swift */ = {isa = PBXFileReference; lastKnownFileType = sourcecode.swift; path = "Alamofire+Codable.swift"; sourceTree = "<group>"; };
		52CD14A2F51455B571E10E38 /* Pods_CachingService.framework */ = {isa = PBXFileReference; explicitFileType = wrapper.framework; includeInIndex = 0; path = Pods_CachingService.framework; sourceTree = BUILT_PRODUCTS_DIR; };
		6AA86F0C7B3B2616AE1B9A28 /* Pods-CachingService.debug.xcconfig */ = {isa = PBXFileReference; includeInIndex = 1; lastKnownFileType = text.xcconfig; name = "Pods-CachingService.debug.xcconfig"; path = "Pods/Target Support Files/Pods-CachingService/Pods-CachingService.debug.xcconfig"; sourceTree = "<group>"; };
		738DD9B7551FA29D5B87F270 /* Pods-CachingService.release.xcconfig */ = {isa = PBXFileReference; includeInIndex = 1; lastKnownFileType = text.xcconfig; name = "Pods-CachingService.release.xcconfig"; path = "Pods/Target Support Files/Pods-CachingService/Pods-CachingService.release.xcconfig"; sourceTree = "<group>"; };
		75E6AF45D56E2F1F2433F91A /* Pods-CachingServiceTests.release.xcconfig */ = {isa = PBXFileReference; includeInIndex = 1; lastKnownFileType = text.xcconfig; name = "Pods-CachingServiceTests.release.xcconfig"; path = "Pods/Target Support Files/Pods-CachingServiceTests/Pods-CachingServiceTests.release.xcconfig"; sourceTree = "<group>"; };
		AC2329FF17A58598559297BA /* Pods_CachingServiceTests.framework */ = {isa = PBXFileReference; explicitFileType = wrapper.framework; includeInIndex = 0; path = Pods_CachingServiceTests.framework; sourceTree = BUILT_PRODUCTS_DIR; };
		D6FC77C3F3DC20EC600FBC3E /* Pods-CachingServiceTests.debug.xcconfig */ = {isa = PBXFileReference; includeInIndex = 1; lastKnownFileType = text.xcconfig; name = "Pods-CachingServiceTests.debug.xcconfig"; path = "Pods/Target Support Files/Pods-CachingServiceTests/Pods-CachingServiceTests.debug.xcconfig"; sourceTree = "<group>"; };
/* End PBXFileReference section */

/* Begin PBXFrameworksBuildPhase section */
		48A6EE8F1FBC607600DA4672 /* Frameworks */ = {
			isa = PBXFrameworksBuildPhase;
			buildActionMask = 2147483647;
			files = (
				CA33D041B6D2E2D1E73500D3 /* Pods_CachingServiceTests.framework in Frameworks */,
			);
			runOnlyForDeploymentPostprocessing = 0;
		};
		48A759811FA4E5DE00160897 /* Frameworks */ = {
			isa = PBXFrameworksBuildPhase;
			buildActionMask = 2147483647;
			files = (
				7EBC1676004283B3CA9EC172 /* Pods_CachingService.framework in Frameworks */,
			);
			runOnlyForDeploymentPostprocessing = 0;
		};
/* End PBXFrameworksBuildPhase section */

/* Begin PBXGroup section */
		487DAC431FD2C23100028A60 /* Cache */ = {
			isa = PBXGroup;
			children = (
				487DAC441FD2C23100028A60 /* AsyncCache.swift */,
				487DAC451FD2C23100028A60 /* UserDefaults+AsyncCache.swift */,
				487DAC461FD2C23100028A60 /* Key.swift */,
				487DAC471FD2C23100028A60 /* Cache.swift */,
				487DAC481FD2C23100028A60 /* KeyCreator.swift */,
			);
			path = Cache;
			sourceTree = "<group>";
		};
		487DAC491FD2C23200028A60 /* Router */ = {
			isa = PBXGroup;
			children = (
				487DAC4A1FD2C23200028A60 /* UserRouter.swift */,
				487DAC4B1FD2C23200028A60 /* GroupRouter.swift */,
				487DAC4C1FD2C23200028A60 /* Router.swift */,
				487DAC551FD2C26000028A60 /* CoinRouter.swift */,
				487DAC571FD2C32800028A60 /* PriceRouter.swift */,
			);
			path = Router;
			sourceTree = "<group>";
		};
		48915C3C1FD06293006259EE /* Networking */ = {
			isa = PBXGroup;
			children = (
				48915C3D1FD06293006259EE /* HTTPContentType.swift */,
				48915C3E1FD06293006259EE /* HTTPClient.swift */,
				48915C3F1FD06293006259EE /* AuthTokensConvertible.swift */,
				48915C401FD06293006259EE /* HTTPHeaderStoreProtocol.swift */,
				48915C411FD06293006259EE /* EnvironmentsProtocol.swift */,
				48915C421FD06293006259EE /* OAuth2Handler.swift */,
				48F6E2C21FD0676700F5F2E9 /* URLRequest_Extension.swift */,
				48F6E2C41FD0694700F5F2E9 /* Alamofire+Codable.swift */,
			);
			path = Networking;
			sourceTree = "<group>";
		};
		48A7597B1FA4E5DE00160897 = {
			isa = PBXGroup;
			children = (
				48F33FA41FC7338C001AF2BB /* CachingServiceTests */,
				48A759861FA4E5DE00160897 /* CachingService */,
				48A759851FA4E5DE00160897 /* Products */,
				F1BB05E481A4F9E265E6372C /* Pods */,
				4B36997C9504B7195679B43A /* Frameworks */,
			);
			sourceTree = "<group>";
		};
		48A759851FA4E5DE00160897 /* Products */ = {
			isa = PBXGroup;
			children = (
				48A759841FA4E5DE00160897 /* CachingService.app */,
				48A6EE921FBC607600DA4672 /* CachingServiceTests.xctest */,
			);
			name = Products;
			sourceTree = "<group>";
		};
		48A759861FA4E5DE00160897 /* CachingService */ = {
			isa = PBXGroup;
			children = (
				487DAC431FD2C23100028A60 /* Cache */,
				487DAC491FD2C23200028A60 /* Router */,
				48915C3C1FD06293006259EE /* Networking */,
				FA15C6E71FC4235600752F09 /* ViewModels */,
				FA15C6E61FC4233D00752F09 /* Views */,
				FA15C6E21FC422D800752F09 /* ViewControllers */,
				FA15C6E51FC4231400752F09 /* Protocols */,
				FA15C6E41FC4230000752F09 /* Models */,
				FA15C6E31FC422E200752F09 /* Extensions */,
				FA15C6E11FC422C700752F09 /* Services */,
				48A759871FA4E5DF00160897 /* AppDelegate.swift */,
				48A7598E1FA4E5DF00160897 /* Assets.xcassets */,
				48A759931FA4E5DF00160897 /* CachingService-Info.plist */,
				48A759901FA4E5DF00160897 /* LaunchScreen.storyboard */,
				48679CF11FBDA710004A9E20 /* SimulatedDelay.swift */,
				48699B631FB5D89700D15F25 /* TimeString.swift */,
				48679D031FBDE150004A9E20 /* DependencyInjectionConfigurator.swift */,
			);
			path = CachingService;
			sourceTree = "<group>";
		};
		48F33FA41FC7338C001AF2BB /* CachingServiceTests */ = {
			isa = PBXGroup;
			children = (
				48F33FA51FC7338C001AF2BB /* Source */,
				48F33FBB1FC7338C001AF2BB /* Tests */,
			);
			path = CachingServiceTests;
			sourceTree = "<group>";
		};
		48F33FA51FC7338C001AF2BB /* Source */ = {
			isa = PBXGroup;
			children = (
				48F33FA61FC7338C001AF2BB /* Cache */,
				48F33FA91FC7338C001AF2BB /* Models */,
				48F33FAD1FC7338C001AF2BB /* Extensions */,
				48F33FB01FC7338C001AF2BB /* HTTP */,
				48F33FB31FC7338C001AF2BB /* SupportingFiles */,
				48F33FB51FC7338C001AF2BB /* Services */,
				48F33FB91FC7338C001AF2BB /* Router */,
			);
			path = Source;
			sourceTree = "<group>";
		};
		48F33FA61FC7338C001AF2BB /* Cache */ = {
			isa = PBXGroup;
			children = (
				48F33FA71FC7338C001AF2BB /* MockedCacheForInteger.swift */,
				48F33FA81FC7338C001AF2BB /* BaseMockedCache.swift */,
				48915C2A1FCF13CB006259EE /* MockedCacheForUser.swift */,
			);
			path = Cache;
			sourceTree = "<group>";
		};
		48F33FA91FC7338C001AF2BB /* Models */ = {
			isa = PBXGroup;
			children = (
				48F33FAA1FC7338C001AF2BB /* BaseExpectedResult.swift */,
				48F33FAB1FC7338C001AF2BB /* MockedEvent.swift */,
				48F33FAC1FC7338C001AF2BB /* ExpectedIntegerResult.swift */,
				48915C241FCF136C006259EE /* EquatableList.swift */,
			);
			path = Models;
			sourceTree = "<group>";
		};
		48F33FAD1FC7338C001AF2BB /* Extensions */ = {
			isa = PBXGroup;
			children = (
				48F33FAE1FC7338C001AF2BB /* Int+StaticKeyConvertible.swift */,
				48F33FAF1FC7338C001AF2BB /* Int+Times.swift */,
			);
			path = Extensions;
			sourceTree = "<group>";
		};
		48F33FB01FC7338C001AF2BB /* HTTP */ = {
			isa = PBXGroup;
			children = (
				48F33FB11FC7338C001AF2BB /* BaseMockedHTTPClient.swift */,
				48F33FB21FC7338C001AF2BB /* MockedIntegerHTTPClient.swift */,
				48915C261FCF138B006259EE /* MockedUserHTTPClient.swift */,
			);
			path = HTTP;
			sourceTree = "<group>";
		};
		48F33FB31FC7338C001AF2BB /* SupportingFiles */ = {
			isa = PBXGroup;
			children = (
				48F33FB41FC7338C001AF2BB /* CachingServiceTests-Info.plist */,
			);
			path = SupportingFiles;
			sourceTree = "<group>";
		};
		48F33FB51FC7338C001AF2BB /* Services */ = {
			isa = PBXGroup;
			children = (
				48F33FB61FC7338C001AF2BB /* MockedPersistingIntegerService.swift */,
				48F33FB71FC7338C001AF2BB /* MockedNonPersistingIntegerService.swift */,
				48F33FB81FC7338C001AF2BB /* IntegerServiceProtocol.swift */,
				480FBDDC1FCDB5F8003DD215 /* MockedPersistingUserService.swift */,
				480FBDDF1FCDBB28003DD215 /* Service+Blocking.swift */,
			);
			path = Services;
			sourceTree = "<group>";
		};
		48F33FB91FC7338C001AF2BB /* Router */ = {
			isa = PBXGroup;
			children = (
				48F33FBA1FC7338C001AF2BB /* TestRouter.swift */,
			);
			path = Router;
			sourceTree = "<group>";
		};
		48F33FBB1FC7338C001AF2BB /* Tests */ = {
			isa = PBXGroup;
			children = (
				48F33FBC1FC7338C001AF2BB /* NonCachingServiceTests.swift */,
				48F33FBD1FC7338C001AF2BB /* CachingServiceTests.swift */,
				480FBDD31FCDA96D003DD215 /* CachingServiceFilterTests.swift */,
				486FD4141FD7FDC8000C920B /* ReachabilityAndRetryTests.swift */,
			);
			path = Tests;
			sourceTree = "<group>";
		};
		4B36997C9504B7195679B43A /* Frameworks */ = {
			isa = PBXGroup;
			children = (
				52CD14A2F51455B571E10E38 /* Pods_CachingService.framework */,
				AC2329FF17A58598559297BA /* Pods_CachingServiceTests.framework */,
			);
			name = Frameworks;
			sourceTree = "<group>";
		};
		F1BB05E481A4F9E265E6372C /* Pods */ = {
			isa = PBXGroup;
			children = (
				6AA86F0C7B3B2616AE1B9A28 /* Pods-CachingService.debug.xcconfig */,
				738DD9B7551FA29D5B87F270 /* Pods-CachingService.release.xcconfig */,
				D6FC77C3F3DC20EC600FBC3E /* Pods-CachingServiceTests.debug.xcconfig */,
				75E6AF45D56E2F1F2433F91A /* Pods-CachingServiceTests.release.xcconfig */,
			);
			name = Pods;
			sourceTree = "<group>";
		};
		FA15C6E11FC422C700752F09 /* Services */ = {
			isa = PBXGroup;
			children = (
				48B4921F1FD54BD900B19096 /* Wireframe.swift */,
				48B4921D1FD54B9900B19096 /* Utilities.swift */,
				48B492171FD549E000B19096 /* ReachabilityService.swift */,
				48B492131FD5493300B19096 /* ImageService.swift */,
				4845F3E31FB45CA6004A0261 /* Service.swift */,
				4845F3E71FB45CD2004A0261 /* ServiceSource.swift */,
				48F33F6A1FC71371001AF2BB /* UserService.swift */,
				48F33F6C1FC7139D001AF2BB /* GroupService.swift */,
				48B492111FD2D96900B19096 /* CoinService.swift */,
			);
			path = Services;
			sourceTree = "<group>";
		};
		FA15C6E21FC422D800752F09 /* ViewControllers */ = {
			isa = PBXGroup;
			children = (
				48A759891FA4E5DF00160897 /* UserViewController.swift */,
				48679CFF1FBDB14B004A9E20 /* MenuViewController.swift */,
				48679CF91FBDA798004A9E20 /* AbstractViewController.swift */,
			);
			path = ViewControllers;
			sourceTree = "<group>";
		};
		FA15C6E31FC422E200752F09 /* Extensions */ = {
			isa = PBXGroup;
			children = (
				48B492211FD54C3900B19096 /* UIImage+Extensions.swift */,
				48B492151FD5493E00B19096 /* UIImageView+DownloadableImage.swift */,
				486E665E1FBC49B600D46E04 /* RxExtension.swift */,
				4845F3E51FB45CC2004A0261 /* Random.swift */,
				488429D41FC32DE600E4F8A1 /* AbstractViewController+Retaining.swift */,
				48679CF31FBDA724004A9E20 /* Codable_Extension.swift */,
				48915C321FD04E5C006259EE /* Observable+Collection+Filterable.swift */,
				48AFB8601FDE8CF40046804D /* UIApplication+Rx.swift */,
				48AFB8641FDEC75C0046804D /* ObservableType+Retry.swift */,
			);
			path = Extensions;
			sourceTree = "<group>";
		};
		FA15C6E41FC4230000752F09 /* Models */ = {
			isa = PBXGroup;
			children = (
				4845F3E91FB45CE1004A0261 /* ServiceError.swift */,
				480FBDD61FCDAC38003DD215 /* User.swift */,
				480FBDD81FCDAC46003DD215 /* Group.swift */,
				480FBDDA1FCDB481003DD215 /* StaticKeyConvertible.swift */,
				48915C2E1FD013E4006259EE /* SourceOptions.swift */,
				48B4920B1FD2D1DF00B19096 /* Coin.swift */,
				486FD4161FD81FC8000C920B /* ServiceOption.swift */,
				48AFB8621FDEC5C50046804D /* CoinsResponse.swift */,
			);
			path = Models;
			sourceTree = "<group>";
		};
		FA15C6E51FC4231400752F09 /* Protocols */ = {
			isa = PBXGroup;
			children = (
				48679CFD1FBDA7B9004A9E20 /* Presentable.swift */,
				48679CFB1FBDA7A8004A9E20 /* Presenter.swift */,
				48D945141FCC69D900846322 /* QueryConvertible.swift */,
				48D945161FCC69F300846322 /* Filterable.swift */,
				480FBDCD1FCD9FA4003DD215 /* CustomStringConvertible+Filterable.swift */,
				480FBDD11FCDA00A003DD215 /* Collection+Filterable.swift */,
				48915C2C1FD00301006259EE /* Persisting.swift */,
				48915C301FD04DE3006259EE /* FilterResultConvertible.swift */,
			);
			path = Protocols;
			sourceTree = "<group>";
		};
		FA15C6E61FC4233D00752F09 /* Views */ = {
			isa = PBXGroup;
			children = (
				48679CF71FBDA769004A9E20 /* UserView.swift */,
				48679D051FBDF2B9004A9E20 /* MenuView.swift */,
				48B4920D1FD2D6C100B19096 /* CoinsView.swift */,
				48B492231FD54D8500B19096 /* CoinTableViewCell.swift */,
			);
			path = Views;
			sourceTree = "<group>";
		};
		FA15C6E71FC4235600752F09 /* ViewModels */ = {
			isa = PBXGroup;
			children = (
				48679CF51FBDA759004A9E20 /* UserViewModel.swift */,
				48B4920F1FD2D82F00B19096 /* CoinsViewModel.swift */,
			);
			path = ViewModels;
			sourceTree = "<group>";
		};
/* End PBXGroup section */

/* Begin PBXNativeTarget section */
		48A6EE911FBC607600DA4672 /* CachingServiceTests */ = {
			isa = PBXNativeTarget;
			buildConfigurationList = 48A6EE991FBC607600DA4672 /* Build configuration list for PBXNativeTarget "CachingServiceTests" */;
			buildPhases = (
				D242C48AEC7F880D6B63F892 /* [CP] Check Pods Manifest.lock */,
				48A6EE8E1FBC607600DA4672 /* Sources */,
				48A6EE8F1FBC607600DA4672 /* Frameworks */,
				48A6EE901FBC607600DA4672 /* Resources */,
				033DF9F191F67A835DB0F839 /* [CP] Embed Pods Frameworks */,
				3AB1ADA53E8D5A2E2CA3F3C1 /* [CP] Copy Pods Resources */,
			);
			buildRules = (
			);
			dependencies = (
				48A6EE981FBC607600DA4672 /* PBXTargetDependency */,
			);
			name = CachingServiceTests;
			productName = SingleRxSignalTests;
			productReference = 48A6EE921FBC607600DA4672 /* CachingServiceTests.xctest */;
			productType = "com.apple.product-type.bundle.unit-test";
		};
		48A759831FA4E5DE00160897 /* CachingService */ = {
			isa = PBXNativeTarget;
			buildConfigurationList = 48A759AC1FA4E5DF00160897 /* Build configuration list for PBXNativeTarget "CachingService" */;
			buildPhases = (
				971E3AA8B23D58B4932284DB /* [CP] Check Pods Manifest.lock */,
				48A759801FA4E5DE00160897 /* Sources */,
				48A759811FA4E5DE00160897 /* Frameworks */,
				48A759821FA4E5DE00160897 /* Resources */,
				C50242F1967D197A50A62F14 /* [CP] Embed Pods Frameworks */,
				6D87E65490B2CACA8BBE085C /* [CP] Copy Pods Resources */,
			);
			buildRules = (
			);
			dependencies = (
			);
			name = CachingService;
			productName = SingleRxSignal;
			productReference = 48A759841FA4E5DE00160897 /* CachingService.app */;
			productType = "com.apple.product-type.application";
		};
/* End PBXNativeTarget section */

/* Begin PBXProject section */
		48A7597C1FA4E5DE00160897 /* Project object */ = {
			isa = PBXProject;
			attributes = {
				LastSwiftUpdateCheck = 0910;
				LastUpgradeCheck = 0900;
				ORGANIZATIONNAME = "Alexander Cyon";
				TargetAttributes = {
					48A6EE911FBC607600DA4672 = {
						CreatedOnToolsVersion = 9.1;
						ProvisioningStyle = Manual;
						TestTargetID = 48A759831FA4E5DE00160897;
					};
					48A759831FA4E5DE00160897 = {
						CreatedOnToolsVersion = 9.0.1;
						ProvisioningStyle = Automatic;
					};
				};
			};
			buildConfigurationList = 48A7597F1FA4E5DE00160897 /* Build configuration list for PBXProject "CachingService" */;
			compatibilityVersion = "Xcode 8.0";
			developmentRegion = en;
			hasScannedForEncodings = 0;
			knownRegions = (
				en,
				Base,
			);
			mainGroup = 48A7597B1FA4E5DE00160897;
			productRefGroup = 48A759851FA4E5DE00160897 /* Products */;
			projectDirPath = "";
			projectRoot = "";
			targets = (
				48A759831FA4E5DE00160897 /* CachingService */,
				48A6EE911FBC607600DA4672 /* CachingServiceTests */,
			);
		};
/* End PBXProject section */

/* Begin PBXResourcesBuildPhase section */
		48A6EE901FBC607600DA4672 /* Resources */ = {
			isa = PBXResourcesBuildPhase;
			buildActionMask = 2147483647;
			files = (
				48F33FC71FC7338C001AF2BB /* CachingServiceTests-Info.plist in Resources */,
			);
			runOnlyForDeploymentPostprocessing = 0;
		};
		48A759821FA4E5DE00160897 /* Resources */ = {
			isa = PBXResourcesBuildPhase;
			buildActionMask = 2147483647;
			files = (
				48A759921FA4E5DF00160897 /* LaunchScreen.storyboard in Resources */,
				48A7598F1FA4E5DF00160897 /* Assets.xcassets in Resources */,
			);
			runOnlyForDeploymentPostprocessing = 0;
		};
/* End PBXResourcesBuildPhase section */

/* Begin PBXShellScriptBuildPhase section */
		033DF9F191F67A835DB0F839 /* [CP] Embed Pods Frameworks */ = {
			isa = PBXShellScriptBuildPhase;
			buildActionMask = 2147483647;
			files = (
			);
			inputPaths = (
				"${SRCROOT}/Pods/Target Support Files/Pods-CachingServiceTests/Pods-CachingServiceTests-frameworks.sh",
				"${BUILT_PRODUCTS_DIR}/RxSwift/RxSwift.framework",
				"${BUILT_PRODUCTS_DIR}/RxBlocking/RxBlocking.framework",
				"${BUILT_PRODUCTS_DIR}/RxTest/RxTest.framework",
			);
			name = "[CP] Embed Pods Frameworks";
			outputPaths = (
				"${TARGET_BUILD_DIR}/${FRAMEWORKS_FOLDER_PATH}/RxSwift.framework",
				"${TARGET_BUILD_DIR}/${FRAMEWORKS_FOLDER_PATH}/RxBlocking.framework",
				"${TARGET_BUILD_DIR}/${FRAMEWORKS_FOLDER_PATH}/RxTest.framework",
			);
			runOnlyForDeploymentPostprocessing = 0;
			shellPath = /bin/sh;
			shellScript = "\"${SRCROOT}/Pods/Target Support Files/Pods-CachingServiceTests/Pods-CachingServiceTests-frameworks.sh\"\n";
			showEnvVarsInLog = 0;
		};
		3AB1ADA53E8D5A2E2CA3F3C1 /* [CP] Copy Pods Resources */ = {
			isa = PBXShellScriptBuildPhase;
			buildActionMask = 2147483647;
			files = (
			);
			inputPaths = (
			);
			name = "[CP] Copy Pods Resources";
			outputPaths = (
			);
			runOnlyForDeploymentPostprocessing = 0;
			shellPath = /bin/sh;
			shellScript = "\"${SRCROOT}/Pods/Target Support Files/Pods-CachingServiceTests/Pods-CachingServiceTests-resources.sh\"\n";
			showEnvVarsInLog = 0;
		};
		6D87E65490B2CACA8BBE085C /* [CP] Copy Pods Resources */ = {
			isa = PBXShellScriptBuildPhase;
			buildActionMask = 2147483647;
			files = (
			);
			inputPaths = (
			);
			name = "[CP] Copy Pods Resources";
			outputPaths = (
			);
			runOnlyForDeploymentPostprocessing = 0;
			shellPath = /bin/sh;
			shellScript = "\"${SRCROOT}/Pods/Target Support Files/Pods-CachingService/Pods-CachingService-resources.sh\"\n";
			showEnvVarsInLog = 0;
		};
		971E3AA8B23D58B4932284DB /* [CP] Check Pods Manifest.lock */ = {
			isa = PBXShellScriptBuildPhase;
			buildActionMask = 2147483647;
			files = (
			);
			inputPaths = (
				"${PODS_PODFILE_DIR_PATH}/Podfile.lock",
				"${PODS_ROOT}/Manifest.lock",
			);
			name = "[CP] Check Pods Manifest.lock";
			outputPaths = (
				"$(DERIVED_FILE_DIR)/Pods-CachingService-checkManifestLockResult.txt",
			);
			runOnlyForDeploymentPostprocessing = 0;
			shellPath = /bin/sh;
			shellScript = "diff \"${PODS_PODFILE_DIR_PATH}/Podfile.lock\" \"${PODS_ROOT}/Manifest.lock\" > /dev/null\nif [ $? != 0 ] ; then\n    # print error to STDERR\n    echo \"error: The sandbox is not in sync with the Podfile.lock. Run 'pod install' or update your CocoaPods installation.\" >&2\n    exit 1\nfi\n# This output is used by Xcode 'outputs' to avoid re-running this script phase.\necho \"SUCCESS\" > \"${SCRIPT_OUTPUT_FILE_0}\"\n";
			showEnvVarsInLog = 0;
		};
		C50242F1967D197A50A62F14 /* [CP] Embed Pods Frameworks */ = {
			isa = PBXShellScriptBuildPhase;
			buildActionMask = 2147483647;
			files = (
			);
			inputPaths = (
				"${SRCROOT}/Pods/Target Support Files/Pods-CachingService/Pods-CachingService-frameworks.sh",
				"${BUILT_PRODUCTS_DIR}/Alamofire/Alamofire.framework",
				"${BUILT_PRODUCTS_DIR}/Kingfisher/Kingfisher.framework",
				"${BUILT_PRODUCTS_DIR}/Nuke/Nuke.framework",
				"${BUILT_PRODUCTS_DIR}/ReachabilitySwift/Reachability.framework",
				"${BUILT_PRODUCTS_DIR}/RxCocoa/RxCocoa.framework",
				"${BUILT_PRODUCTS_DIR}/RxNuke/RxNuke.framework",
				"${BUILT_PRODUCTS_DIR}/RxOptional/RxOptional.framework",
				"${BUILT_PRODUCTS_DIR}/RxReachability/RxReachability.framework",
				"${BUILT_PRODUCTS_DIR}/RxSwift/RxSwift.framework",
				"${BUILT_PRODUCTS_DIR}/RxViewController/RxViewController.framework",
				"${BUILT_PRODUCTS_DIR}/SwiftyBeaver/SwiftyBeaver.framework",
				"${BUILT_PRODUCTS_DIR}/Swinject/Swinject.framework",
				"${BUILT_PRODUCTS_DIR}/TinyConstraints/TinyConstraints.framework",
				"${BUILT_PRODUCTS_DIR}/ViewComposer/ViewComposer.framework",
			);
			name = "[CP] Embed Pods Frameworks";
			outputPaths = (
				"${TARGET_BUILD_DIR}/${FRAMEWORKS_FOLDER_PATH}/Alamofire.framework",
				"${TARGET_BUILD_DIR}/${FRAMEWORKS_FOLDER_PATH}/Kingfisher.framework",
				"${TARGET_BUILD_DIR}/${FRAMEWORKS_FOLDER_PATH}/Nuke.framework",
				"${TARGET_BUILD_DIR}/${FRAMEWORKS_FOLDER_PATH}/Reachability.framework",
				"${TARGET_BUILD_DIR}/${FRAMEWORKS_FOLDER_PATH}/RxCocoa.framework",
				"${TARGET_BUILD_DIR}/${FRAMEWORKS_FOLDER_PATH}/RxNuke.framework",
				"${TARGET_BUILD_DIR}/${FRAMEWORKS_FOLDER_PATH}/RxOptional.framework",
				"${TARGET_BUILD_DIR}/${FRAMEWORKS_FOLDER_PATH}/RxReachability.framework",
				"${TARGET_BUILD_DIR}/${FRAMEWORKS_FOLDER_PATH}/RxSwift.framework",
				"${TARGET_BUILD_DIR}/${FRAMEWORKS_FOLDER_PATH}/RxViewController.framework",
				"${TARGET_BUILD_DIR}/${FRAMEWORKS_FOLDER_PATH}/SwiftyBeaver.framework",
				"${TARGET_BUILD_DIR}/${FRAMEWORKS_FOLDER_PATH}/Swinject.framework",
				"${TARGET_BUILD_DIR}/${FRAMEWORKS_FOLDER_PATH}/TinyConstraints.framework",
				"${TARGET_BUILD_DIR}/${FRAMEWORKS_FOLDER_PATH}/ViewComposer.framework",
			);
			runOnlyForDeploymentPostprocessing = 0;
			shellPath = /bin/sh;
			shellScript = "\"${SRCROOT}/Pods/Target Support Files/Pods-CachingService/Pods-CachingService-frameworks.sh\"\n";
			showEnvVarsInLog = 0;
		};
		D242C48AEC7F880D6B63F892 /* [CP] Check Pods Manifest.lock */ = {
			isa = PBXShellScriptBuildPhase;
			buildActionMask = 2147483647;
			files = (
			);
			inputPaths = (
				"${PODS_PODFILE_DIR_PATH}/Podfile.lock",
				"${PODS_ROOT}/Manifest.lock",
			);
			name = "[CP] Check Pods Manifest.lock";
			outputPaths = (
				"$(DERIVED_FILE_DIR)/Pods-CachingServiceTests-checkManifestLockResult.txt",
			);
			runOnlyForDeploymentPostprocessing = 0;
			shellPath = /bin/sh;
			shellScript = "diff \"${PODS_PODFILE_DIR_PATH}/Podfile.lock\" \"${PODS_ROOT}/Manifest.lock\" > /dev/null\nif [ $? != 0 ] ; then\n    # print error to STDERR\n    echo \"error: The sandbox is not in sync with the Podfile.lock. Run 'pod install' or update your CocoaPods installation.\" >&2\n    exit 1\nfi\n# This output is used by Xcode 'outputs' to avoid re-running this script phase.\necho \"SUCCESS\" > \"${SCRIPT_OUTPUT_FILE_0}\"\n";
			showEnvVarsInLog = 0;
		};
/* End PBXShellScriptBuildPhase section */

/* Begin PBXSourcesBuildPhase section */
		48A6EE8E1FBC607600DA4672 /* Sources */ = {
			isa = PBXSourcesBuildPhase;
			buildActionMask = 2147483647;
			files = (
				48F33FBF1FC7338C001AF2BB /* BaseMockedCache.swift in Sources */,
				480FBDD51FCDA9C4003DD215 /* CachingServiceFilterTests.swift in Sources */,
				48915C281FCF13A4006259EE /* EquatableList.swift in Sources */,
				48F33FC81FC7338C001AF2BB /* MockedPersistingIntegerService.swift in Sources */,
				48F33FC11FC7338C001AF2BB /* MockedEvent.swift in Sources */,
				48915C2B1FCF13CB006259EE /* MockedCacheForUser.swift in Sources */,
				48F33FC91FC7338C001AF2BB /* MockedNonPersistingIntegerService.swift in Sources */,
				486FD4151FD7FDC8000C920B /* ReachabilityAndRetryTests.swift in Sources */,
				48F33FCA1FC7338C001AF2BB /* IntegerServiceProtocol.swift in Sources */,
				480FBDE11FCDBB60003DD215 /* Service+Blocking.swift in Sources */,
				48F33FC51FC7338C001AF2BB /* BaseMockedHTTPClient.swift in Sources */,
				480FBDDE1FCDB643003DD215 /* MockedPersistingUserService.swift in Sources */,
				48F33FC61FC7338C001AF2BB /* MockedIntegerHTTPClient.swift in Sources */,
				48915C271FCF138B006259EE /* MockedUserHTTPClient.swift in Sources */,
				48F33FCC1FC7338C001AF2BB /* NonCachingServiceTests.swift in Sources */,
				48F33FC01FC7338C001AF2BB /* BaseExpectedResult.swift in Sources */,
				48F33FC31FC7338C001AF2BB /* Int+StaticKeyConvertible.swift in Sources */,
				48F33FCD1FC7338C001AF2BB /* CachingServiceTests.swift in Sources */,
				48F33FCB1FC7338C001AF2BB /* TestRouter.swift in Sources */,
				48F33FC41FC7338C001AF2BB /* Int+Times.swift in Sources */,
				48F33FC21FC7338C001AF2BB /* ExpectedIntegerResult.swift in Sources */,
				48F33FBE1FC7338C001AF2BB /* MockedCacheForInteger.swift in Sources */,
			);
			runOnlyForDeploymentPostprocessing = 0;
		};
		48A759801FA4E5DE00160897 /* Sources */ = {
			isa = PBXSourcesBuildPhase;
			buildActionMask = 2147483647;
			files = (
				48A7598A1FA4E5DF00160897 /* UserViewController.swift in Sources */,
				48B4920E1FD2D6C100B19096 /* CoinsView.swift in Sources */,
				480FBDD91FCDAC46003DD215 /* Group.swift in Sources */,
				487DAC4E1FD2C23200028A60 /* UserDefaults+AsyncCache.swift in Sources */,
				48699B641FB5D89700D15F25 /* TimeString.swift in Sources */,
				48B492241FD54D8500B19096 /* CoinTableViewCell.swift in Sources */,
				48D945171FCC69F300846322 /* Filterable.swift in Sources */,
				48679CF21FBDA710004A9E20 /* SimulatedDelay.swift in Sources */,
				48D945151FCC69D900846322 /* QueryConvertible.swift in Sources */,
				48B492141FD5493300B19096 /* ImageService.swift in Sources */,
				48679CF41FBDA724004A9E20 /* Codable_Extension.swift in Sources */,
				4845F3EA1FB45CE1004A0261 /* ServiceError.swift in Sources */,
				48B492121FD2D96900B19096 /* CoinService.swift in Sources */,
				4845F3E41FB45CA6004A0261 /* Service.swift in Sources */,
				48915C2F1FD013E4006259EE /* SourceOptions.swift in Sources */,
				48AFB8651FDEC75C0046804D /* ObservableType+Retry.swift in Sources */,
				48915C461FD06294006259EE /* HTTPHeaderStoreProtocol.swift in Sources */,
				48679CF61FBDA759004A9E20 /* UserViewModel.swift in Sources */,
				487DAC4D1FD2C23200028A60 /* AsyncCache.swift in Sources */,
				48B4921E1FD54B9900B19096 /* Utilities.swift in Sources */,
				48F33F6B1FC71371001AF2BB /* UserService.swift in Sources */,
				48679D061FBDF2B9004A9E20 /* MenuView.swift in Sources */,
				48679CF81FBDA769004A9E20 /* UserView.swift in Sources */,
				4845F3E61FB45CC2004A0261 /* Random.swift in Sources */,
				48AFB8611FDE8CF50046804D /* UIApplication+Rx.swift in Sources */,
				48915C431FD06294006259EE /* HTTPContentType.swift in Sources */,
				48679CFA1FBDA798004A9E20 /* AbstractViewController.swift in Sources */,
				48915C471FD06294006259EE /* EnvironmentsProtocol.swift in Sources */,
				48F6E2C31FD0676700F5F2E9 /* URLRequest_Extension.swift in Sources */,
				488429D51FC32DE700E4F8A1 /* AbstractViewController+Retaining.swift in Sources */,
				48679D041FBDE150004A9E20 /* DependencyInjectionConfigurator.swift in Sources */,
				48915C481FD06294006259EE /* OAuth2Handler.swift in Sources */,
				480FBDD21FCDA00A003DD215 /* Collection+Filterable.swift in Sources */,
				487DAC501FD2C23200028A60 /* Cache.swift in Sources */,
				486E665F1FBC49B600D46E04 /* RxExtension.swift in Sources */,
				48679D001FBDB14B004A9E20 /* MenuViewController.swift in Sources */,
				480FBDDB1FCDB481003DD215 /* StaticKeyConvertible.swift in Sources */,
				48B492101FD2D82F00B19096 /* CoinsViewModel.swift in Sources */,
				487DAC581FD2C32800028A60 /* PriceRouter.swift in Sources */,
				48915C451FD06294006259EE /* AuthTokensConvertible.swift in Sources */,
				48B492201FD54BD900B19096 /* Wireframe.swift in Sources */,
				48B492161FD5493E00B19096 /* UIImageView+DownloadableImage.swift in Sources */,
				487DAC561FD2C26000028A60 /* CoinRouter.swift in Sources */,
				48B4920C1FD2D1DF00B19096 /* Coin.swift in Sources */,
				48F33F6D1FC7139D001AF2BB /* GroupService.swift in Sources */,
				48679CFC1FBDA7A8004A9E20 /* Presenter.swift in Sources */,
				48915C2D1FD00301006259EE /* Persisting.swift in Sources */,
				487DAC511FD2C23200028A60 /* KeyCreator.swift in Sources */,
				487DAC521FD2C23200028A60 /* UserRouter.swift in Sources */,
				48F6E2C51FD0694700F5F2E9 /* Alamofire+Codable.swift in Sources */,
				4845F3E81FB45CD2004A0261 /* ServiceSource.swift in Sources */,
				48915C331FD04E5C006259EE /* Observable+Collection+Filterable.swift in Sources */,
				48915C311FD04DE3006259EE /* FilterResultConvertible.swift in Sources */,
				487DAC541FD2C23200028A60 /* Router.swift in Sources */,
				487DAC531FD2C23200028A60 /* GroupRouter.swift in Sources */,
				48B492181FD549E000B19096 /* ReachabilityService.swift in Sources */,
				486FD4171FD81FC8000C920B /* ServiceOption.swift in Sources */,
				48B492221FD54C3900B19096 /* UIImage+Extensions.swift in Sources */,
				48AFB8631FDEC5C50046804D /* CoinsResponse.swift in Sources */,
				487DAC4F1FD2C23200028A60 /* Key.swift in Sources */,
				480FBDCE1FCD9FA4003DD215 /* CustomStringConvertible+Filterable.swift in Sources */,
				48915C441FD06294006259EE /* HTTPClient.swift in Sources */,
				48A759881FA4E5DF00160897 /* AppDelegate.swift in Sources */,
				48679CFE1FBDA7B9004A9E20 /* Presentable.swift in Sources */,
				480FBDD71FCDAC38003DD215 /* User.swift in Sources */,
			);
			runOnlyForDeploymentPostprocessing = 0;
		};
/* End PBXSourcesBuildPhase section */

/* Begin PBXTargetDependency section */
		48A6EE981FBC607600DA4672 /* PBXTargetDependency */ = {
			isa = PBXTargetDependency;
			target = 48A759831FA4E5DE00160897 /* CachingService */;
			targetProxy = 48A6EE971FBC607600DA4672 /* PBXContainerItemProxy */;
		};
/* End PBXTargetDependency section */

/* Begin PBXVariantGroup section */
		48A759901FA4E5DF00160897 /* LaunchScreen.storyboard */ = {
			isa = PBXVariantGroup;
			children = (
				48A759911FA4E5DF00160897 /* Base */,
			);
			name = LaunchScreen.storyboard;
			sourceTree = "<group>";
		};
/* End PBXVariantGroup section */

/* Begin XCBuildConfiguration section */
		48A6EE9A1FBC607600DA4672 /* Debug */ = {
			isa = XCBuildConfiguration;
			baseConfigurationReference = D6FC77C3F3DC20EC600FBC3E /* Pods-CachingServiceTests.debug.xcconfig */;
			buildSettings = {
				BUNDLE_LOADER = "$(TEST_HOST)";
				CODE_SIGN_STYLE = Manual;
				DEVELOPMENT_TEAM = "";
				INFOPLIST_FILE = "CachingServiceTests/Source/SupportingFiles/CachingServiceTests-Info.plist";
				LD_RUNPATH_SEARCH_PATHS = "$(inherited) @executable_path/Frameworks @loader_path/Frameworks";
				PRODUCT_BUNDLE_IDENTIFIER = com.eberry.SingleRxSignalTests;
				PRODUCT_NAME = "$(TARGET_NAME)";
				PROVISIONING_PROFILE_SPECIFIER = "";
				SWIFT_VERSION = 4.0;
				TARGETED_DEVICE_FAMILY = "1,2";
				TEST_HOST = "$(BUILT_PRODUCTS_DIR)/CachingService.app/CachingService";
			};
			name = Debug;
		};
		48A6EE9B1FBC607600DA4672 /* Release */ = {
			isa = XCBuildConfiguration;
			baseConfigurationReference = 75E6AF45D56E2F1F2433F91A /* Pods-CachingServiceTests.release.xcconfig */;
			buildSettings = {
				BUNDLE_LOADER = "$(TEST_HOST)";
				CODE_SIGN_STYLE = Manual;
				DEVELOPMENT_TEAM = "";
				INFOPLIST_FILE = "CachingServiceTests/Source/SupportingFiles/CachingServiceTests-Info.plist";
				LD_RUNPATH_SEARCH_PATHS = "$(inherited) @executable_path/Frameworks @loader_path/Frameworks";
				PRODUCT_BUNDLE_IDENTIFIER = com.eberry.SingleRxSignalTests;
				PRODUCT_NAME = "$(TARGET_NAME)";
				PROVISIONING_PROFILE_SPECIFIER = "";
				SWIFT_VERSION = 4.0;
				TARGETED_DEVICE_FAMILY = "1,2";
				TEST_HOST = "$(BUILT_PRODUCTS_DIR)/CachingService.app/CachingService";
			};
			name = Release;
		};
		48A759AA1FA4E5DF00160897 /* Debug */ = {
			isa = XCBuildConfiguration;
			buildSettings = {
				ALWAYS_SEARCH_USER_PATHS = NO;
				CLANG_ANALYZER_NONNULL = YES;
				CLANG_ANALYZER_NUMBER_OBJECT_CONVERSION = YES_AGGRESSIVE;
				CLANG_CXX_LANGUAGE_STANDARD = "gnu++14";
				CLANG_CXX_LIBRARY = "libc++";
				CLANG_ENABLE_MODULES = YES;
				CLANG_ENABLE_OBJC_ARC = YES;
				CLANG_WARN_BLOCK_CAPTURE_AUTORELEASING = YES;
				CLANG_WARN_BOOL_CONVERSION = YES;
				CLANG_WARN_COMMA = YES;
				CLANG_WARN_CONSTANT_CONVERSION = YES;
				CLANG_WARN_DIRECT_OBJC_ISA_USAGE = YES_ERROR;
				CLANG_WARN_DOCUMENTATION_COMMENTS = YES;
				CLANG_WARN_EMPTY_BODY = YES;
				CLANG_WARN_ENUM_CONVERSION = YES;
				CLANG_WARN_INFINITE_RECURSION = YES;
				CLANG_WARN_INT_CONVERSION = YES;
				CLANG_WARN_NON_LITERAL_NULL_CONVERSION = YES;
				CLANG_WARN_OBJC_LITERAL_CONVERSION = YES;
				CLANG_WARN_OBJC_ROOT_CLASS = YES_ERROR;
				CLANG_WARN_RANGE_LOOP_ANALYSIS = YES;
				CLANG_WARN_STRICT_PROTOTYPES = YES;
				CLANG_WARN_SUSPICIOUS_MOVE = YES;
				CLANG_WARN_UNGUARDED_AVAILABILITY = YES_AGGRESSIVE;
				CLANG_WARN_UNREACHABLE_CODE = YES;
				CLANG_WARN__DUPLICATE_METHOD_MATCH = YES;
				CODE_SIGN_IDENTITY = "iPhone Developer";
				COPY_PHASE_STRIP = NO;
				DEBUG_INFORMATION_FORMAT = dwarf;
				ENABLE_STRICT_OBJC_MSGSEND = YES;
				ENABLE_TESTABILITY = YES;
				GCC_C_LANGUAGE_STANDARD = gnu11;
				GCC_DYNAMIC_NO_PIC = NO;
				GCC_NO_COMMON_BLOCKS = YES;
				GCC_OPTIMIZATION_LEVEL = 0;
				GCC_PREPROCESSOR_DEFINITIONS = (
					"DEBUG=1",
					"$(inherited)",
				);
				GCC_WARN_64_TO_32_BIT_CONVERSION = YES;
				GCC_WARN_ABOUT_RETURN_TYPE = YES_ERROR;
				GCC_WARN_UNDECLARED_SELECTOR = YES;
				GCC_WARN_UNINITIALIZED_AUTOS = YES_AGGRESSIVE;
				GCC_WARN_UNUSED_FUNCTION = YES;
				GCC_WARN_UNUSED_VARIABLE = YES;
				IPHONEOS_DEPLOYMENT_TARGET = 11.0;
				MTL_ENABLE_DEBUG_INFO = YES;
				ONLY_ACTIVE_ARCH = YES;
				SDKROOT = iphoneos;
				SWIFT_ACTIVE_COMPILATION_CONDITIONS = DEBUG;
				SWIFT_OPTIMIZATION_LEVEL = "-Onone";
			};
			name = Debug;
		};
		48A759AB1FA4E5DF00160897 /* Release */ = {
			isa = XCBuildConfiguration;
			buildSettings = {
				ALWAYS_SEARCH_USER_PATHS = NO;
				CLANG_ANALYZER_NONNULL = YES;
				CLANG_ANALYZER_NUMBER_OBJECT_CONVERSION = YES_AGGRESSIVE;
				CLANG_CXX_LANGUAGE_STANDARD = "gnu++14";
				CLANG_CXX_LIBRARY = "libc++";
				CLANG_ENABLE_MODULES = YES;
				CLANG_ENABLE_OBJC_ARC = YES;
				CLANG_WARN_BLOCK_CAPTURE_AUTORELEASING = YES;
				CLANG_WARN_BOOL_CONVERSION = YES;
				CLANG_WARN_COMMA = YES;
				CLANG_WARN_CONSTANT_CONVERSION = YES;
				CLANG_WARN_DIRECT_OBJC_ISA_USAGE = YES_ERROR;
				CLANG_WARN_DOCUMENTATION_COMMENTS = YES;
				CLANG_WARN_EMPTY_BODY = YES;
				CLANG_WARN_ENUM_CONVERSION = YES;
				CLANG_WARN_INFINITE_RECURSION = YES;
				CLANG_WARN_INT_CONVERSION = YES;
				CLANG_WARN_NON_LITERAL_NULL_CONVERSION = YES;
				CLANG_WARN_OBJC_LITERAL_CONVERSION = YES;
				CLANG_WARN_OBJC_ROOT_CLASS = YES_ERROR;
				CLANG_WARN_RANGE_LOOP_ANALYSIS = YES;
				CLANG_WARN_STRICT_PROTOTYPES = YES;
				CLANG_WARN_SUSPICIOUS_MOVE = YES;
				CLANG_WARN_UNGUARDED_AVAILABILITY = YES_AGGRESSIVE;
				CLANG_WARN_UNREACHABLE_CODE = YES;
				CLANG_WARN__DUPLICATE_METHOD_MATCH = YES;
				CODE_SIGN_IDENTITY = "iPhone Developer";
				COPY_PHASE_STRIP = NO;
				DEBUG_INFORMATION_FORMAT = "dwarf-with-dsym";
				ENABLE_NS_ASSERTIONS = NO;
				ENABLE_STRICT_OBJC_MSGSEND = YES;
				GCC_C_LANGUAGE_STANDARD = gnu11;
				GCC_NO_COMMON_BLOCKS = YES;
				GCC_WARN_64_TO_32_BIT_CONVERSION = YES;
				GCC_WARN_ABOUT_RETURN_TYPE = YES_ERROR;
				GCC_WARN_UNDECLARED_SELECTOR = YES;
				GCC_WARN_UNINITIALIZED_AUTOS = YES_AGGRESSIVE;
				GCC_WARN_UNUSED_FUNCTION = YES;
				GCC_WARN_UNUSED_VARIABLE = YES;
				IPHONEOS_DEPLOYMENT_TARGET = 11.0;
				MTL_ENABLE_DEBUG_INFO = NO;
				SDKROOT = iphoneos;
				SWIFT_OPTIMIZATION_LEVEL = "-Owholemodule";
				VALIDATE_PRODUCT = YES;
			};
			name = Release;
		};
		48A759AD1FA4E5DF00160897 /* Debug */ = {
			isa = XCBuildConfiguration;
			baseConfigurationReference = 6AA86F0C7B3B2616AE1B9A28 /* Pods-CachingService.debug.xcconfig */;
			buildSettings = {
				ASSETCATALOG_COMPILER_APPICON_NAME = AppIcon;
				"CODE_SIGN_IDENTITY[sdk=iphoneos*]" = "iPhone Developer";
				CODE_SIGN_STYLE = Automatic;
				DEVELOPMENT_TEAM = 69363CF85H;
				INFOPLIST_FILE = "CachingService/CachingService-Info.plist";
				LD_RUNPATH_SEARCH_PATHS = "$(inherited) @executable_path/Frameworks";
				PRODUCT_BUNDLE_IDENTIFIER = cyonsonsulting.SingleRxSignal;
				PRODUCT_NAME = "$(TARGET_NAME)";
				PROVISIONING_PROFILE_SPECIFIER = "";
				SWIFT_VERSION = 4.0;
				TARGETED_DEVICE_FAMILY = "1,2";
			};
			name = Debug;
		};
		48A759AE1FA4E5DF00160897 /* Release */ = {
			isa = XCBuildConfiguration;
			baseConfigurationReference = 738DD9B7551FA29D5B87F270 /* Pods-CachingService.release.xcconfig */;
			buildSettings = {
				ASSETCATALOG_COMPILER_APPICON_NAME = AppIcon;
				"CODE_SIGN_IDENTITY[sdk=iphoneos*]" = "iPhone Developer";
				CODE_SIGN_STYLE = Automatic;
				DEVELOPMENT_TEAM = 69363CF85H;
				INFOPLIST_FILE = "CachingService/CachingService-Info.plist";
				LD_RUNPATH_SEARCH_PATHS = "$(inherited) @executable_path/Frameworks";
				PRODUCT_BUNDLE_IDENTIFIER = cyonsonsulting.SingleRxSignal;
				PRODUCT_NAME = "$(TARGET_NAME)";
				PROVISIONING_PROFILE_SPECIFIER = "";
				SWIFT_VERSION = 4.0;
				TARGETED_DEVICE_FAMILY = "1,2";
			};
			name = Release;
		};
/* End XCBuildConfiguration section */

/* Begin XCConfigurationList section */
		48A6EE991FBC607600DA4672 /* Build configuration list for PBXNativeTarget "CachingServiceTests" */ = {
			isa = XCConfigurationList;
			buildConfigurations = (
				48A6EE9A1FBC607600DA4672 /* Debug */,
				48A6EE9B1FBC607600DA4672 /* Release */,
			);
			defaultConfigurationIsVisible = 0;
			defaultConfigurationName = Release;
		};
		48A7597F1FA4E5DE00160897 /* Build configuration list for PBXProject "CachingService" */ = {
			isa = XCConfigurationList;
			buildConfigurations = (
				48A759AA1FA4E5DF00160897 /* Debug */,
				48A759AB1FA4E5DF00160897 /* Release */,
			);
			defaultConfigurationIsVisible = 0;
			defaultConfigurationName = Release;
		};
		48A759AC1FA4E5DF00160897 /* Build configuration list for PBXNativeTarget "CachingService" */ = {
			isa = XCConfigurationList;
			buildConfigurations = (
				48A759AD1FA4E5DF00160897 /* Debug */,
				48A759AE1FA4E5DF00160897 /* Release */,
			);
			defaultConfigurationIsVisible = 0;
			defaultConfigurationName = Release;
		};
/* End XCConfigurationList section */
	};
	rootObject = 48A7597C1FA4E5DE00160897 /* Project object */;
}
