// !$*UTF8*$!
{
	archiveVersion = 1;
	classes = {
	};
	objectVersion = 48;
	objects = {

/* Begin PBXBuildFile section */
		480267E11FBC617400EFEEF5 /* SingleRxSignalTests.swift in Sources */ = {isa = PBXBuildFile; fileRef = 48A7599C1FA4E5DF00160897 /* SingleRxSignalTests.swift */; };
		4845F3E21FB45C91004A0261 /* Cache.swift in Sources */ = {isa = PBXBuildFile; fileRef = 4845F3E11FB45C91004A0261 /* Cache.swift */; };
		4845F3E41FB45CA6004A0261 /* Service.swift in Sources */ = {isa = PBXBuildFile; fileRef = 4845F3E31FB45CA6004A0261 /* Service.swift */; };
		4845F3E61FB45CC2004A0261 /* Random.swift in Sources */ = {isa = PBXBuildFile; fileRef = 4845F3E51FB45CC2004A0261 /* Random.swift */; };
		4845F3E81FB45CD2004A0261 /* ObserverOptions.swift in Sources */ = {isa = PBXBuildFile; fileRef = 4845F3E71FB45CD2004A0261 /* ObserverOptions.swift */; };
		4845F3EA1FB45CE1004A0261 /* MyError.swift in Sources */ = {isa = PBXBuildFile; fileRef = 4845F3E91FB45CE1004A0261 /* MyError.swift */; };
		4845F3EC1FB45CEE004A0261 /* Models.swift in Sources */ = {isa = PBXBuildFile; fileRef = 4845F3EB1FB45CEE004A0261 /* Models.swift */; };
		48679CDC1FBC8036004A9E20 /* Int+StaticKeyConvertible.swift in Sources */ = {isa = PBXBuildFile; fileRef = 48679CDB1FBC8036004A9E20 /* Int+StaticKeyConvertible.swift */; };
		48679CDE1FBC8047004A9E20 /* BaseMockedHTTPClient.swift in Sources */ = {isa = PBXBuildFile; fileRef = 48679CDD1FBC8047004A9E20 /* BaseMockedHTTPClient.swift */; };
		48679CE01FBC8054004A9E20 /* MockedIntegerHTTPClient.swift in Sources */ = {isa = PBXBuildFile; fileRef = 48679CDF1FBC8054004A9E20 /* MockedIntegerHTTPClient.swift */; };
		48679CE21FBC806A004A9E20 /* IntegerServiceProtocol.swift in Sources */ = {isa = PBXBuildFile; fileRef = 48679CE11FBC806A004A9E20 /* IntegerServiceProtocol.swift */; };
		48679CE41FBC8076004A9E20 /* MockedPersistingIntegerService.swift in Sources */ = {isa = PBXBuildFile; fileRef = 48679CE31FBC8076004A9E20 /* MockedPersistingIntegerService.swift */; };
		48679CE61FBC8084004A9E20 /* BaseMockedCache.swift in Sources */ = {isa = PBXBuildFile; fileRef = 48679CE51FBC8084004A9E20 /* BaseMockedCache.swift */; };
		48679CE81FBC8090004A9E20 /* MockedCacheForInteger.swift in Sources */ = {isa = PBXBuildFile; fileRef = 48679CE71FBC8090004A9E20 /* MockedCacheForInteger.swift */; };
		48679CEA1FBC809C004A9E20 /* BaseExpectedResult.swift in Sources */ = {isa = PBXBuildFile; fileRef = 48679CE91FBC809C004A9E20 /* BaseExpectedResult.swift */; };
		48679CEC1FBC80AB004A9E20 /* ExpectedIntegerResult.swift in Sources */ = {isa = PBXBuildFile; fileRef = 48679CEB1FBC80AB004A9E20 /* ExpectedIntegerResult.swift */; };
		48679CEE1FBC837D004A9E20 /* Int+Times.swift in Sources */ = {isa = PBXBuildFile; fileRef = 48679CED1FBC837D004A9E20 /* Int+Times.swift */; };
		48679CF01FBCC6E0004A9E20 /* MockedEvent.swift in Sources */ = {isa = PBXBuildFile; fileRef = 48679CEF1FBCC6E0004A9E20 /* MockedEvent.swift */; };
		48679CF21FBDA710004A9E20 /* SimulatedDelay.swift in Sources */ = {isa = PBXBuildFile; fileRef = 48679CF11FBDA710004A9E20 /* SimulatedDelay.swift */; };
		48679CF41FBDA724004A9E20 /* Codable_Extension.swift in Sources */ = {isa = PBXBuildFile; fileRef = 48679CF31FBDA724004A9E20 /* Codable_Extension.swift */; };
		48679CF61FBDA759004A9E20 /* ViewModel.swift in Sources */ = {isa = PBXBuildFile; fileRef = 48679CF51FBDA759004A9E20 /* ViewModel.swift */; };
		48679CF81FBDA769004A9E20 /* UserView.swift in Sources */ = {isa = PBXBuildFile; fileRef = 48679CF71FBDA769004A9E20 /* UserView.swift */; };
		48679CFA1FBDA798004A9E20 /* AbstractViewController.swift in Sources */ = {isa = PBXBuildFile; fileRef = 48679CF91FBDA798004A9E20 /* AbstractViewController.swift */; };
		48679CFC1FBDA7A8004A9E20 /* Presenter.swift in Sources */ = {isa = PBXBuildFile; fileRef = 48679CFB1FBDA7A8004A9E20 /* Presenter.swift */; };
		48679CFE1FBDA7B9004A9E20 /* Presentable.swift in Sources */ = {isa = PBXBuildFile; fileRef = 48679CFD1FBDA7B9004A9E20 /* Presentable.swift */; };
		48679D001FBDB14B004A9E20 /* MenuViewController.swift in Sources */ = {isa = PBXBuildFile; fileRef = 48679CFF1FBDB14B004A9E20 /* MenuViewController.swift */; };
		48679D041FBDE150004A9E20 /* DenendencyInjectionConfigurator.swift in Sources */ = {isa = PBXBuildFile; fileRef = 48679D031FBDE150004A9E20 /* DenendencyInjectionConfigurator.swift */; };
		48679D061FBDF2B9004A9E20 /* MenuView.swift in Sources */ = {isa = PBXBuildFile; fileRef = 48679D051FBDF2B9004A9E20 /* MenuView.swift */; };
		48699B621FB5B08F00D15F25 /* HTTPClient.swift in Sources */ = {isa = PBXBuildFile; fileRef = 48699B611FB5B08F00D15F25 /* HTTPClient.swift */; };
		48699B641FB5D89700D15F25 /* TimeString.swift in Sources */ = {isa = PBXBuildFile; fileRef = 48699B631FB5D89700D15F25 /* TimeString.swift */; };
		486E665F1FBC49B600D46E04 /* RxExtension.swift in Sources */ = {isa = PBXBuildFile; fileRef = 486E665E1FBC49B600D46E04 /* RxExtension.swift */; };
		488429D51FC32DE700E4F8A1 /* AbstractViewController+Retaining.swift in Sources */ = {isa = PBXBuildFile; fileRef = 488429D41FC32DE600E4F8A1 /* AbstractViewController+Retaining.swift */; };
		48A759881FA4E5DF00160897 /* AppDelegate.swift in Sources */ = {isa = PBXBuildFile; fileRef = 48A759871FA4E5DF00160897 /* AppDelegate.swift */; };
		48A7598A1FA4E5DF00160897 /* UserViewController.swift in Sources */ = {isa = PBXBuildFile; fileRef = 48A759891FA4E5DF00160897 /* UserViewController.swift */; };
		48A7598F1FA4E5DF00160897 /* Assets.xcassets in Resources */ = {isa = PBXBuildFile; fileRef = 48A7598E1FA4E5DF00160897 /* Assets.xcassets */; };
		48A759921FA4E5DF00160897 /* LaunchScreen.storyboard in Resources */ = {isa = PBXBuildFile; fileRef = 48A759901FA4E5DF00160897 /* LaunchScreen.storyboard */; };
		99CAAF42EAAB24F3776B82E9 /* Pods_SingleRxSignalTests.framework in Frameworks */ = {isa = PBXBuildFile; fileRef = 88FE2DC10A7B2A0396F29481 /* Pods_SingleRxSignalTests.framework */; };
		9BBC1651892FF2DD09FA0CBE /* Pods_SingleRxSignal.framework in Frameworks */ = {isa = PBXBuildFile; fileRef = ACEDF2A194575619E303788F /* Pods_SingleRxSignal.framework */; };
/* End PBXBuildFile section */

/* Begin PBXContainerItemProxy section */
		48A6EE971FBC607600DA4672 /* PBXContainerItemProxy */ = {
			isa = PBXContainerItemProxy;
			containerPortal = 48A7597C1FA4E5DE00160897 /* Project object */;
			proxyType = 1;
			remoteGlobalIDString = 48A759831FA4E5DE00160897;
			remoteInfo = SingleRxSignal;
		};
/* End PBXContainerItemProxy section */

/* Begin PBXFileReference section */
		040C196768E24A941737CE54 /* Pods-SingleRxSignal.release.xcconfig */ = {isa = PBXFileReference; includeInIndex = 1; lastKnownFileType = text.xcconfig; name = "Pods-SingleRxSignal.release.xcconfig"; path = "Pods/Target Support Files/Pods-SingleRxSignal/Pods-SingleRxSignal.release.xcconfig"; sourceTree = "<group>"; };
		14C250B388E1B4F9EE991F6D /* Pods-SingleRxSignal.debug.xcconfig */ = {isa = PBXFileReference; includeInIndex = 1; lastKnownFileType = text.xcconfig; name = "Pods-SingleRxSignal.debug.xcconfig"; path = "Pods/Target Support Files/Pods-SingleRxSignal/Pods-SingleRxSignal.debug.xcconfig"; sourceTree = "<group>"; };
		35ABE35273B33C879179C276 /* Pods-SingleRxSignalTests.debug.xcconfig */ = {isa = PBXFileReference; includeInIndex = 1; lastKnownFileType = text.xcconfig; name = "Pods-SingleRxSignalTests.debug.xcconfig"; path = "Pods/Target Support Files/Pods-SingleRxSignalTests/Pods-SingleRxSignalTests.debug.xcconfig"; sourceTree = "<group>"; };
		37B6C265F46CBADC75DDBFA4 /* Pods_SingleRxSignalUITests.framework */ = {isa = PBXFileReference; explicitFileType = wrapper.framework; includeInIndex = 0; path = Pods_SingleRxSignalUITests.framework; sourceTree = BUILT_PRODUCTS_DIR; };
		4845F3E11FB45C91004A0261 /* Cache.swift */ = {isa = PBXFileReference; lastKnownFileType = sourcecode.swift; path = Cache.swift; sourceTree = "<group>"; };
		4845F3E31FB45CA6004A0261 /* Service.swift */ = {isa = PBXFileReference; lastKnownFileType = sourcecode.swift; path = Service.swift; sourceTree = "<group>"; };
		4845F3E51FB45CC2004A0261 /* Random.swift */ = {isa = PBXFileReference; lastKnownFileType = sourcecode.swift; path = Random.swift; sourceTree = "<group>"; };
		4845F3E71FB45CD2004A0261 /* ObserverOptions.swift */ = {isa = PBXFileReference; lastKnownFileType = sourcecode.swift; path = ObserverOptions.swift; sourceTree = "<group>"; };
		4845F3E91FB45CE1004A0261 /* MyError.swift */ = {isa = PBXFileReference; lastKnownFileType = sourcecode.swift; path = MyError.swift; sourceTree = "<group>"; };
		4845F3EB1FB45CEE004A0261 /* Models.swift */ = {isa = PBXFileReference; lastKnownFileType = sourcecode.swift; path = Models.swift; sourceTree = "<group>"; };
		48679CDB1FBC8036004A9E20 /* Int+StaticKeyConvertible.swift */ = {isa = PBXFileReference; lastKnownFileType = sourcecode.swift; path = "Int+StaticKeyConvertible.swift"; sourceTree = "<group>"; };
		48679CDD1FBC8047004A9E20 /* BaseMockedHTTPClient.swift */ = {isa = PBXFileReference; lastKnownFileType = sourcecode.swift; path = BaseMockedHTTPClient.swift; sourceTree = "<group>"; };
		48679CDF1FBC8054004A9E20 /* MockedIntegerHTTPClient.swift */ = {isa = PBXFileReference; lastKnownFileType = sourcecode.swift; path = MockedIntegerHTTPClient.swift; sourceTree = "<group>"; };
		48679CE11FBC806A004A9E20 /* IntegerServiceProtocol.swift */ = {isa = PBXFileReference; lastKnownFileType = sourcecode.swift; path = IntegerServiceProtocol.swift; sourceTree = "<group>"; };
		48679CE31FBC8076004A9E20 /* MockedPersistingIntegerService.swift */ = {isa = PBXFileReference; lastKnownFileType = sourcecode.swift; path = MockedPersistingIntegerService.swift; sourceTree = "<group>"; };
		48679CE51FBC8084004A9E20 /* BaseMockedCache.swift */ = {isa = PBXFileReference; lastKnownFileType = sourcecode.swift; path = BaseMockedCache.swift; sourceTree = "<group>"; };
		48679CE71FBC8090004A9E20 /* MockedCacheForInteger.swift */ = {isa = PBXFileReference; lastKnownFileType = sourcecode.swift; path = MockedCacheForInteger.swift; sourceTree = "<group>"; };
		48679CE91FBC809C004A9E20 /* BaseExpectedResult.swift */ = {isa = PBXFileReference; lastKnownFileType = sourcecode.swift; path = BaseExpectedResult.swift; sourceTree = "<group>"; };
		48679CEB1FBC80AB004A9E20 /* ExpectedIntegerResult.swift */ = {isa = PBXFileReference; lastKnownFileType = sourcecode.swift; path = ExpectedIntegerResult.swift; sourceTree = "<group>"; };
		48679CED1FBC837D004A9E20 /* Int+Times.swift */ = {isa = PBXFileReference; lastKnownFileType = sourcecode.swift; path = "Int+Times.swift"; sourceTree = "<group>"; };
		48679CEF1FBCC6E0004A9E20 /* MockedEvent.swift */ = {isa = PBXFileReference; lastKnownFileType = sourcecode.swift; path = MockedEvent.swift; sourceTree = "<group>"; };
		48679CF11FBDA710004A9E20 /* SimulatedDelay.swift */ = {isa = PBXFileReference; lastKnownFileType = sourcecode.swift; path = SimulatedDelay.swift; sourceTree = "<group>"; };
		48679CF31FBDA724004A9E20 /* Codable_Extension.swift */ = {isa = PBXFileReference; lastKnownFileType = sourcecode.swift; path = Codable_Extension.swift; sourceTree = "<group>"; };
		48679CF51FBDA759004A9E20 /* ViewModel.swift */ = {isa = PBXFileReference; lastKnownFileType = sourcecode.swift; path = ViewModel.swift; sourceTree = "<group>"; };
		48679CF71FBDA769004A9E20 /* UserView.swift */ = {isa = PBXFileReference; lastKnownFileType = sourcecode.swift; path = UserView.swift; sourceTree = "<group>"; };
		48679CF91FBDA798004A9E20 /* AbstractViewController.swift */ = {isa = PBXFileReference; lastKnownFileType = sourcecode.swift; path = AbstractViewController.swift; sourceTree = "<group>"; };
		48679CFB1FBDA7A8004A9E20 /* Presenter.swift */ = {isa = PBXFileReference; lastKnownFileType = sourcecode.swift; path = Presenter.swift; sourceTree = "<group>"; };
		48679CFD1FBDA7B9004A9E20 /* Presentable.swift */ = {isa = PBXFileReference; lastKnownFileType = sourcecode.swift; path = Presentable.swift; sourceTree = "<group>"; };
		48679CFF1FBDB14B004A9E20 /* MenuViewController.swift */ = {isa = PBXFileReference; lastKnownFileType = sourcecode.swift; path = MenuViewController.swift; sourceTree = "<group>"; };
		48679D031FBDE150004A9E20 /* DenendencyInjectionConfigurator.swift */ = {isa = PBXFileReference; lastKnownFileType = sourcecode.swift; path = DenendencyInjectionConfigurator.swift; sourceTree = "<group>"; };
		48679D051FBDF2B9004A9E20 /* MenuView.swift */ = {isa = PBXFileReference; lastKnownFileType = sourcecode.swift; path = MenuView.swift; sourceTree = "<group>"; };
		48699B611FB5B08F00D15F25 /* HTTPClient.swift */ = {isa = PBXFileReference; lastKnownFileType = sourcecode.swift; path = HTTPClient.swift; sourceTree = "<group>"; };
		48699B631FB5D89700D15F25 /* TimeString.swift */ = {isa = PBXFileReference; lastKnownFileType = sourcecode.swift; path = TimeString.swift; sourceTree = "<group>"; };
		486E665E1FBC49B600D46E04 /* RxExtension.swift */ = {isa = PBXFileReference; lastKnownFileType = sourcecode.swift; path = RxExtension.swift; sourceTree = "<group>"; };
		488429D41FC32DE600E4F8A1 /* AbstractViewController+Retaining.swift */ = {isa = PBXFileReference; fileEncoding = 4; lastKnownFileType = sourcecode.swift; path = "AbstractViewController+Retaining.swift"; sourceTree = "<group>"; };
		48A2EDC71FBC666100647963 /* SingleRxSignalUITests copy-Info.plist */ = {isa = PBXFileReference; lastKnownFileType = text.plist.xml; name = "SingleRxSignalUITests copy-Info.plist"; path = "/Users/sajjon/Developer/Swift/iOS/Experimenting/SingleRxSignal/SingleRxSignalUITests copy-Info.plist"; sourceTree = "<absolute>"; };
		48A2EDD31FBC666900647963 /* SingleRxSignalUITests copy2-Info.plist */ = {isa = PBXFileReference; lastKnownFileType = text.plist.xml; name = "SingleRxSignalUITests copy2-Info.plist"; path = "/Users/sajjon/Developer/Swift/iOS/Experimenting/SingleRxSignal/SingleRxSignalUITests copy2-Info.plist"; sourceTree = "<absolute>"; };
		48A6EE921FBC607600DA4672 /* SingleRxSignalTests.xctest */ = {isa = PBXFileReference; explicitFileType = wrapper.cfbundle; includeInIndex = 0; path = SingleRxSignalTests.xctest; sourceTree = BUILT_PRODUCTS_DIR; };
		48A759841FA4E5DE00160897 /* SingleRxSignal.app */ = {isa = PBXFileReference; explicitFileType = wrapper.application; includeInIndex = 0; path = SingleRxSignal.app; sourceTree = BUILT_PRODUCTS_DIR; };
		48A759871FA4E5DF00160897 /* AppDelegate.swift */ = {isa = PBXFileReference; lastKnownFileType = sourcecode.swift; path = AppDelegate.swift; sourceTree = "<group>"; };
		48A759891FA4E5DF00160897 /* UserViewController.swift */ = {isa = PBXFileReference; lastKnownFileType = sourcecode.swift; path = UserViewController.swift; sourceTree = "<group>"; };
		48A7598E1FA4E5DF00160897 /* Assets.xcassets */ = {isa = PBXFileReference; lastKnownFileType = folder.assetcatalog; path = Assets.xcassets; sourceTree = "<group>"; };
		48A759911FA4E5DF00160897 /* Base */ = {isa = PBXFileReference; lastKnownFileType = file.storyboard; name = Base; path = Base.lproj/LaunchScreen.storyboard; sourceTree = "<group>"; };
		48A759931FA4E5DF00160897 /* Info.plist */ = {isa = PBXFileReference; lastKnownFileType = text.plist.xml; path = Info.plist; sourceTree = "<group>"; };
		48A7599C1FA4E5DF00160897 /* SingleRxSignalTests.swift */ = {isa = PBXFileReference; lastKnownFileType = sourcecode.swift; path = SingleRxSignalTests.swift; sourceTree = "<group>"; };
		48A7599E1FA4E5DF00160897 /* Info.plist */ = {isa = PBXFileReference; lastKnownFileType = text.plist.xml; path = Info.plist; sourceTree = "<group>"; };
		88FE2DC10A7B2A0396F29481 /* Pods_SingleRxSignalTests.framework */ = {isa = PBXFileReference; explicitFileType = wrapper.framework; includeInIndex = 0; path = Pods_SingleRxSignalTests.framework; sourceTree = BUILT_PRODUCTS_DIR; };
		A4CB73A063232C712A6AE4C5 /* Pods-SingleRxSignalTests.release.xcconfig */ = {isa = PBXFileReference; includeInIndex = 1; lastKnownFileType = text.xcconfig; name = "Pods-SingleRxSignalTests.release.xcconfig"; path = "Pods/Target Support Files/Pods-SingleRxSignalTests/Pods-SingleRxSignalTests.release.xcconfig"; sourceTree = "<group>"; };
		ACEDF2A194575619E303788F /* Pods_SingleRxSignal.framework */ = {isa = PBXFileReference; explicitFileType = wrapper.framework; includeInIndex = 0; path = Pods_SingleRxSignal.framework; sourceTree = BUILT_PRODUCTS_DIR; };
/* End PBXFileReference section */

/* Begin PBXFrameworksBuildPhase section */
		48A6EE8F1FBC607600DA4672 /* Frameworks */ = {
			isa = PBXFrameworksBuildPhase;
			buildActionMask = 2147483647;
			files = (
				99CAAF42EAAB24F3776B82E9 /* Pods_SingleRxSignalTests.framework in Frameworks */,
			);
			runOnlyForDeploymentPostprocessing = 0;
		};
		48A759811FA4E5DE00160897 /* Frameworks */ = {
			isa = PBXFrameworksBuildPhase;
			buildActionMask = 2147483647;
			files = (
				9BBC1651892FF2DD09FA0CBE /* Pods_SingleRxSignal.framework in Frameworks */,
			);
			runOnlyForDeploymentPostprocessing = 0;
		};
/* End PBXFrameworksBuildPhase section */

/* Begin PBXGroup section */
		3C3CC09188F756B5605DF273 /* Frameworks */ = {
			isa = PBXGroup;
			children = (
				ACEDF2A194575619E303788F /* Pods_SingleRxSignal.framework */,
				88FE2DC10A7B2A0396F29481 /* Pods_SingleRxSignalTests.framework */,
				37B6C265F46CBADC75DDBFA4 /* Pods_SingleRxSignalUITests.framework */,
			);
			name = Frameworks;
			sourceTree = "<group>";
		};
		48A7597B1FA4E5DE00160897 = {
			isa = PBXGroup;
			children = (
				48A759861FA4E5DE00160897 /* SingleRxSignal */,
				48A7599B1FA4E5DF00160897 /* SingleRxSignalTests */,
				48A759851FA4E5DE00160897 /* Products */,
				C137615CAF8FD47F91DB1E39 /* Pods */,
				3C3CC09188F756B5605DF273 /* Frameworks */,
				48A2EDC71FBC666100647963 /* SingleRxSignalUITests copy-Info.plist */,
				48A2EDD31FBC666900647963 /* SingleRxSignalUITests copy2-Info.plist */,
			);
			sourceTree = "<group>";
		};
		48A759851FA4E5DE00160897 /* Products */ = {
			isa = PBXGroup;
			children = (
				48A759841FA4E5DE00160897 /* SingleRxSignal.app */,
				48A6EE921FBC607600DA4672 /* SingleRxSignalTests.xctest */,
			);
			name = Products;
			sourceTree = "<group>";
		};
		48A759861FA4E5DE00160897 /* SingleRxSignal */ = {
			isa = PBXGroup;
			children = (
				FA15C6E71FC4235600752F09 /* ViewModels */,
				FA15C6E61FC4233D00752F09 /* Views */,
				FA15C6E21FC422D800752F09 /* ViewControllers */,
				FA15C6E51FC4231400752F09 /* Protocols */,
				FA15C6E41FC4230000752F09 /* Models */,
				FA15C6E31FC422E200752F09 /* Extensions */,
				FA15C6E11FC422C700752F09 /* Services */,
				48A759871FA4E5DF00160897 /* AppDelegate.swift */,
				48A7598E1FA4E5DF00160897 /* Assets.xcassets */,
				48A759931FA4E5DF00160897 /* Info.plist */,
				48A759901FA4E5DF00160897 /* LaunchScreen.storyboard */,
				48679CF11FBDA710004A9E20 /* SimulatedDelay.swift */,
				48699B631FB5D89700D15F25 /* TimeString.swift */,
				48679D031FBDE150004A9E20 /* DenendencyInjectionConfigurator.swift */,
			);
			path = SingleRxSignal;
			sourceTree = "<group>";
		};
		48A7599B1FA4E5DF00160897 /* SingleRxSignalTests */ = {
			isa = PBXGroup;
			children = (
				48A7599C1FA4E5DF00160897 /* SingleRxSignalTests.swift */,
				48A7599E1FA4E5DF00160897 /* Info.plist */,
				48679CDB1FBC8036004A9E20 /* Int+StaticKeyConvertible.swift */,
				48679CDD1FBC8047004A9E20 /* BaseMockedHTTPClient.swift */,
				48679CDF1FBC8054004A9E20 /* MockedIntegerHTTPClient.swift */,
				48679CE11FBC806A004A9E20 /* IntegerServiceProtocol.swift */,
				48679CE31FBC8076004A9E20 /* MockedPersistingIntegerService.swift */,
				48679CE51FBC8084004A9E20 /* BaseMockedCache.swift */,
				48679CE71FBC8090004A9E20 /* MockedCacheForInteger.swift */,
				48679CE91FBC809C004A9E20 /* BaseExpectedResult.swift */,
				48679CEB1FBC80AB004A9E20 /* ExpectedIntegerResult.swift */,
				48679CED1FBC837D004A9E20 /* Int+Times.swift */,
				48679CEF1FBCC6E0004A9E20 /* MockedEvent.swift */,
			);
			path = SingleRxSignalTests;
			sourceTree = "<group>";
		};
		C137615CAF8FD47F91DB1E39 /* Pods */ = {
			isa = PBXGroup;
			children = (
				14C250B388E1B4F9EE991F6D /* Pods-SingleRxSignal.debug.xcconfig */,
				040C196768E24A941737CE54 /* Pods-SingleRxSignal.release.xcconfig */,
				35ABE35273B33C879179C276 /* Pods-SingleRxSignalTests.debug.xcconfig */,
				A4CB73A063232C712A6AE4C5 /* Pods-SingleRxSignalTests.release.xcconfig */,
			);
			name = Pods;
			sourceTree = "<group>";
		};
		FA15C6E11FC422C700752F09 /* Services */ = {
			isa = PBXGroup;
			children = (
				4845F3E31FB45CA6004A0261 /* Service.swift */,
				48699B611FB5B08F00D15F25 /* HTTPClient.swift */,
				4845F3E11FB45C91004A0261 /* Cache.swift */,
				4845F3E71FB45CD2004A0261 /* ObserverOptions.swift */,
			);
			path = Services;
			sourceTree = "<group>";
		};
		FA15C6E21FC422D800752F09 /* ViewControllers */ = {
			isa = PBXGroup;
			children = (
				48A759891FA4E5DF00160897 /* UserViewController.swift */,
				48679CFF1FBDB14B004A9E20 /* MenuViewController.swift */,
				48679CF91FBDA798004A9E20 /* AbstractViewController.swift */,
			);
			path = ViewControllers;
			sourceTree = "<group>";
		};
		FA15C6E31FC422E200752F09 /* Extensions */ = {
			isa = PBXGroup;
			children = (
				486E665E1FBC49B600D46E04 /* RxExtension.swift */,
				4845F3E51FB45CC2004A0261 /* Random.swift */,
				488429D41FC32DE600E4F8A1 /* AbstractViewController+Retaining.swift */,
				48679CF31FBDA724004A9E20 /* Codable_Extension.swift */,
			);
			path = Extensions;
			sourceTree = "<group>";
		};
		FA15C6E41FC4230000752F09 /* Models */ = {
			isa = PBXGroup;
			children = (
				4845F3EB1FB45CEE004A0261 /* Models.swift */,
				4845F3E91FB45CE1004A0261 /* MyError.swift */,
			);
			path = Models;
			sourceTree = "<group>";
		};
		FA15C6E51FC4231400752F09 /* Protocols */ = {
			isa = PBXGroup;
			children = (
				48679CFD1FBDA7B9004A9E20 /* Presentable.swift */,
				48679CFB1FBDA7A8004A9E20 /* Presenter.swift */,
			);
			path = Protocols;
			sourceTree = "<group>";
		};
		FA15C6E61FC4233D00752F09 /* Views */ = {
			isa = PBXGroup;
			children = (
				48679CF71FBDA769004A9E20 /* UserView.swift */,
				48679D051FBDF2B9004A9E20 /* MenuView.swift */,
			);
			path = Views;
			sourceTree = "<group>";
		};
		FA15C6E71FC4235600752F09 /* ViewModels */ = {
			isa = PBXGroup;
			children = (
				48679CF51FBDA759004A9E20 /* ViewModel.swift */,
			);
			path = ViewModels;
			sourceTree = "<group>";
		};
/* End PBXGroup section */

/* Begin PBXNativeTarget section */
		48A6EE911FBC607600DA4672 /* SingleRxSignalTests */ = {
			isa = PBXNativeTarget;
			buildConfigurationList = 48A6EE991FBC607600DA4672 /* Build configuration list for PBXNativeTarget "SingleRxSignalTests" */;
			buildPhases = (
				FA75B0AA0FDBE4A9EDBB6A1F /* [CP] Check Pods Manifest.lock */,
				48A6EE8E1FBC607600DA4672 /* Sources */,
				48A6EE8F1FBC607600DA4672 /* Frameworks */,
				48A6EE901FBC607600DA4672 /* Resources */,
				702C535067F64BE3F8F53CBD /* [CP] Embed Pods Frameworks */,
				7957A6018870953F602BC1AA /* [CP] Copy Pods Resources */,
			);
			buildRules = (
			);
			dependencies = (
				48A6EE981FBC607600DA4672 /* PBXTargetDependency */,
			);
			name = SingleRxSignalTests;
			productName = SingleRxSignalTests;
			productReference = 48A6EE921FBC607600DA4672 /* SingleRxSignalTests.xctest */;
			productType = "com.apple.product-type.bundle.unit-test";
		};
		48A759831FA4E5DE00160897 /* SingleRxSignal */ = {
			isa = PBXNativeTarget;
			buildConfigurationList = 48A759AC1FA4E5DF00160897 /* Build configuration list for PBXNativeTarget "SingleRxSignal" */;
			buildPhases = (
				DB43473156AB45D7F20384A5 /* [CP] Check Pods Manifest.lock */,
				48A759801FA4E5DE00160897 /* Sources */,
				48A759811FA4E5DE00160897 /* Frameworks */,
				48A759821FA4E5DE00160897 /* Resources */,
				B331377858378A67FE68BF0D /* [CP] Embed Pods Frameworks */,
				ABD121921CD748ABBA13CF25 /* [CP] Copy Pods Resources */,
			);
			buildRules = (
			);
			dependencies = (
			);
			name = SingleRxSignal;
			productName = SingleRxSignal;
			productReference = 48A759841FA4E5DE00160897 /* SingleRxSignal.app */;
			productType = "com.apple.product-type.application";
		};
/* End PBXNativeTarget section */

/* Begin PBXProject section */
		48A7597C1FA4E5DE00160897 /* Project object */ = {
			isa = PBXProject;
			attributes = {
				LastSwiftUpdateCheck = 0910;
				LastUpgradeCheck = 0900;
				ORGANIZATIONNAME = "Alexander Cyon";
				TargetAttributes = {
					48A6EE911FBC607600DA4672 = {
						CreatedOnToolsVersion = 9.1;
						ProvisioningStyle = Manual;
						TestTargetID = 48A759831FA4E5DE00160897;
					};
					48A759831FA4E5DE00160897 = {
						CreatedOnToolsVersion = 9.0.1;
						ProvisioningStyle = Manual;
					};
				};
			};
			buildConfigurationList = 48A7597F1FA4E5DE00160897 /* Build configuration list for PBXProject "SingleRxSignal" */;
			compatibilityVersion = "Xcode 8.0";
			developmentRegion = en;
			hasScannedForEncodings = 0;
			knownRegions = (
				en,
				Base,
			);
			mainGroup = 48A7597B1FA4E5DE00160897;
			productRefGroup = 48A759851FA4E5DE00160897 /* Products */;
			projectDirPath = "";
			projectRoot = "";
			targets = (
				48A759831FA4E5DE00160897 /* SingleRxSignal */,
				48A6EE911FBC607600DA4672 /* SingleRxSignalTests */,
			);
		};
/* End PBXProject section */

/* Begin PBXResourcesBuildPhase section */
		48A6EE901FBC607600DA4672 /* Resources */ = {
			isa = PBXResourcesBuildPhase;
			buildActionMask = 2147483647;
			files = (
			);
			runOnlyForDeploymentPostprocessing = 0;
		};
		48A759821FA4E5DE00160897 /* Resources */ = {
			isa = PBXResourcesBuildPhase;
			buildActionMask = 2147483647;
			files = (
				48A759921FA4E5DF00160897 /* LaunchScreen.storyboard in Resources */,
				48A7598F1FA4E5DF00160897 /* Assets.xcassets in Resources */,
			);
			runOnlyForDeploymentPostprocessing = 0;
		};
/* End PBXResourcesBuildPhase section */

/* Begin PBXShellScriptBuildPhase section */
		702C535067F64BE3F8F53CBD /* [CP] Embed Pods Frameworks */ = {
			isa = PBXShellScriptBuildPhase;
			buildActionMask = 2147483647;
			files = (
			);
			inputPaths = (
				"${SRCROOT}/Pods/Target Support Files/Pods-SingleRxSignalTests/Pods-SingleRxSignalTests-frameworks.sh",
				"${BUILT_PRODUCTS_DIR}/RxSwift/RxSwift.framework",
				"${BUILT_PRODUCTS_DIR}/RxBlocking/RxBlocking.framework",
				"${BUILT_PRODUCTS_DIR}/RxTest/RxTest.framework",
			);
			name = "[CP] Embed Pods Frameworks";
			outputPaths = (
				"${TARGET_BUILD_DIR}/${FRAMEWORKS_FOLDER_PATH}/RxSwift.framework",
				"${TARGET_BUILD_DIR}/${FRAMEWORKS_FOLDER_PATH}/RxBlocking.framework",
				"${TARGET_BUILD_DIR}/${FRAMEWORKS_FOLDER_PATH}/RxTest.framework",
			);
			runOnlyForDeploymentPostprocessing = 0;
			shellPath = /bin/sh;
			shellScript = "\"${SRCROOT}/Pods/Target Support Files/Pods-SingleRxSignalTests/Pods-SingleRxSignalTests-frameworks.sh\"\n";
			showEnvVarsInLog = 0;
		};
		7957A6018870953F602BC1AA /* [CP] Copy Pods Resources */ = {
			isa = PBXShellScriptBuildPhase;
			buildActionMask = 2147483647;
			files = (
			);
			inputPaths = (
			);
			name = "[CP] Copy Pods Resources";
			outputPaths = (
			);
			runOnlyForDeploymentPostprocessing = 0;
			shellPath = /bin/sh;
			shellScript = "\"${SRCROOT}/Pods/Target Support Files/Pods-SingleRxSignalTests/Pods-SingleRxSignalTests-resources.sh\"\n";
			showEnvVarsInLog = 0;
		};
		ABD121921CD748ABBA13CF25 /* [CP] Copy Pods Resources */ = {
			isa = PBXShellScriptBuildPhase;
			buildActionMask = 2147483647;
			files = (
			);
			inputPaths = (
			);
			name = "[CP] Copy Pods Resources";
			outputPaths = (
			);
			runOnlyForDeploymentPostprocessing = 0;
			shellPath = /bin/sh;
			shellScript = "\"${SRCROOT}/Pods/Target Support Files/Pods-SingleRxSignal/Pods-SingleRxSignal-resources.sh\"\n";
			showEnvVarsInLog = 0;
		};
		B331377858378A67FE68BF0D /* [CP] Embed Pods Frameworks */ = {
			isa = PBXShellScriptBuildPhase;
			buildActionMask = 2147483647;
			files = (
			);
			inputPaths = (
				"${SRCROOT}/Pods/Target Support Files/Pods-SingleRxSignal/Pods-SingleRxSignal-frameworks.sh",
				"${BUILT_PRODUCTS_DIR}/RxCocoa/RxCocoa.framework",
				"${BUILT_PRODUCTS_DIR}/RxOptional/RxOptional.framework",
				"${BUILT_PRODUCTS_DIR}/RxSwift/RxSwift.framework",
				"${BUILT_PRODUCTS_DIR}/RxViewController/RxViewController.framework",
				"${BUILT_PRODUCTS_DIR}/Swinject/Swinject.framework",
				"${BUILT_PRODUCTS_DIR}/TinyConstraints/TinyConstraints.framework",
				"${BUILT_PRODUCTS_DIR}/ViewComposer/ViewComposer.framework",
			);
			name = "[CP] Embed Pods Frameworks";
			outputPaths = (
				"${TARGET_BUILD_DIR}/${FRAMEWORKS_FOLDER_PATH}/RxCocoa.framework",
				"${TARGET_BUILD_DIR}/${FRAMEWORKS_FOLDER_PATH}/RxOptional.framework",
				"${TARGET_BUILD_DIR}/${FRAMEWORKS_FOLDER_PATH}/RxSwift.framework",
				"${TARGET_BUILD_DIR}/${FRAMEWORKS_FOLDER_PATH}/RxViewController.framework",
				"${TARGET_BUILD_DIR}/${FRAMEWORKS_FOLDER_PATH}/Swinject.framework",
				"${TARGET_BUILD_DIR}/${FRAMEWORKS_FOLDER_PATH}/TinyConstraints.framework",
				"${TARGET_BUILD_DIR}/${FRAMEWORKS_FOLDER_PATH}/ViewComposer.framework",
			);
			runOnlyForDeploymentPostprocessing = 0;
			shellPath = /bin/sh;
			shellScript = "\"${SRCROOT}/Pods/Target Support Files/Pods-SingleRxSignal/Pods-SingleRxSignal-frameworks.sh\"\n";
			showEnvVarsInLog = 0;
		};
		DB43473156AB45D7F20384A5 /* [CP] Check Pods Manifest.lock */ = {
			isa = PBXShellScriptBuildPhase;
			buildActionMask = 2147483647;
			files = (
			);
			inputPaths = (
				"${PODS_PODFILE_DIR_PATH}/Podfile.lock",
				"${PODS_ROOT}/Manifest.lock",
			);
			name = "[CP] Check Pods Manifest.lock";
			outputPaths = (
				"$(DERIVED_FILE_DIR)/Pods-SingleRxSignal-checkManifestLockResult.txt",
			);
			runOnlyForDeploymentPostprocessing = 0;
			shellPath = /bin/sh;
			shellScript = "diff \"${PODS_PODFILE_DIR_PATH}/Podfile.lock\" \"${PODS_ROOT}/Manifest.lock\" > /dev/null\nif [ $? != 0 ] ; then\n    # print error to STDERR\n    echo \"error: The sandbox is not in sync with the Podfile.lock. Run 'pod install' or update your CocoaPods installation.\" >&2\n    exit 1\nfi\n# This output is used by Xcode 'outputs' to avoid re-running this script phase.\necho \"SUCCESS\" > \"${SCRIPT_OUTPUT_FILE_0}\"\n";
			showEnvVarsInLog = 0;
		};
		FA75B0AA0FDBE4A9EDBB6A1F /* [CP] Check Pods Manifest.lock */ = {
			isa = PBXShellScriptBuildPhase;
			buildActionMask = 2147483647;
			files = (
			);
			inputPaths = (
				"${PODS_PODFILE_DIR_PATH}/Podfile.lock",
				"${PODS_ROOT}/Manifest.lock",
			);
			name = "[CP] Check Pods Manifest.lock";
			outputPaths = (
				"$(DERIVED_FILE_DIR)/Pods-SingleRxSignalTests-checkManifestLockResult.txt",
			);
			runOnlyForDeploymentPostprocessing = 0;
			shellPath = /bin/sh;
			shellScript = "diff \"${PODS_PODFILE_DIR_PATH}/Podfile.lock\" \"${PODS_ROOT}/Manifest.lock\" > /dev/null\nif [ $? != 0 ] ; then\n    # print error to STDERR\n    echo \"error: The sandbox is not in sync with the Podfile.lock. Run 'pod install' or update your CocoaPods installation.\" >&2\n    exit 1\nfi\n# This output is used by Xcode 'outputs' to avoid re-running this script phase.\necho \"SUCCESS\" > \"${SCRIPT_OUTPUT_FILE_0}\"\n";
			showEnvVarsInLog = 0;
		};
/* End PBXShellScriptBuildPhase section */

/* Begin PBXSourcesBuildPhase section */
		48A6EE8E1FBC607600DA4672 /* Sources */ = {
			isa = PBXSourcesBuildPhase;
			buildActionMask = 2147483647;
			files = (
				48679CE41FBC8076004A9E20 /* MockedPersistingIntegerService.swift in Sources */,
				48679CDC1FBC8036004A9E20 /* Int+StaticKeyConvertible.swift in Sources */,
				48679CE61FBC8084004A9E20 /* BaseMockedCache.swift in Sources */,
				48679CDE1FBC8047004A9E20 /* BaseMockedHTTPClient.swift in Sources */,
				480267E11FBC617400EFEEF5 /* SingleRxSignalTests.swift in Sources */,
				48679CEE1FBC837D004A9E20 /* Int+Times.swift in Sources */,
				48679CF01FBCC6E0004A9E20 /* MockedEvent.swift in Sources */,
				48679CEC1FBC80AB004A9E20 /* ExpectedIntegerResult.swift in Sources */,
				48679CE21FBC806A004A9E20 /* IntegerServiceProtocol.swift in Sources */,
				48679CEA1FBC809C004A9E20 /* BaseExpectedResult.swift in Sources */,
				48679CE81FBC8090004A9E20 /* MockedCacheForInteger.swift in Sources */,
				48679CE01FBC8054004A9E20 /* MockedIntegerHTTPClient.swift in Sources */,
			);
			runOnlyForDeploymentPostprocessing = 0;
		};
		48A759801FA4E5DE00160897 /* Sources */ = {
			isa = PBXSourcesBuildPhase;
			buildActionMask = 2147483647;
			files = (
				48A7598A1FA4E5DF00160897 /* UserViewController.swift in Sources */,
				48699B641FB5D89700D15F25 /* TimeString.swift in Sources */,
				48679CF21FBDA710004A9E20 /* SimulatedDelay.swift in Sources */,
				48679CF41FBDA724004A9E20 /* Codable_Extension.swift in Sources */,
				4845F3EA1FB45CE1004A0261 /* MyError.swift in Sources */,
				4845F3E41FB45CA6004A0261 /* Service.swift in Sources */,
				48679CF61FBDA759004A9E20 /* ViewModel.swift in Sources */,
				48679D061FBDF2B9004A9E20 /* MenuView.swift in Sources */,
				48679CF81FBDA769004A9E20 /* UserView.swift in Sources */,
				4845F3EC1FB45CEE004A0261 /* Models.swift in Sources */,
				4845F3E61FB45CC2004A0261 /* Random.swift in Sources */,
				48679CFA1FBDA798004A9E20 /* AbstractViewController.swift in Sources */,
				488429D51FC32DE700E4F8A1 /* AbstractViewController+Retaining.swift in Sources */,
				48699B621FB5B08F00D15F25 /* HTTPClient.swift in Sources */,
				48679D041FBDE150004A9E20 /* DenendencyInjectionConfigurator.swift in Sources */,
				4845F3E21FB45C91004A0261 /* Cache.swift in Sources */,
				486E665F1FBC49B600D46E04 /* RxExtension.swift in Sources */,
				48679D001FBDB14B004A9E20 /* MenuViewController.swift in Sources */,
				48679CFC1FBDA7A8004A9E20 /* Presenter.swift in Sources */,
				4845F3E81FB45CD2004A0261 /* ObserverOptions.swift in Sources */,
				48A759881FA4E5DF00160897 /* AppDelegate.swift in Sources */,
				48679CFE1FBDA7B9004A9E20 /* Presentable.swift in Sources */,
			);
			runOnlyForDeploymentPostprocessing = 0;
		};
/* End PBXSourcesBuildPhase section */

/* Begin PBXTargetDependency section */
		48A6EE981FBC607600DA4672 /* PBXTargetDependency */ = {
			isa = PBXTargetDependency;
			target = 48A759831FA4E5DE00160897 /* SingleRxSignal */;
			targetProxy = 48A6EE971FBC607600DA4672 /* PBXContainerItemProxy */;
		};
/* End PBXTargetDependency section */

/* Begin PBXVariantGroup section */
		48A759901FA4E5DF00160897 /* LaunchScreen.storyboard */ = {
			isa = PBXVariantGroup;
			children = (
				48A759911FA4E5DF00160897 /* Base */,
			);
			name = LaunchScreen.storyboard;
			sourceTree = "<group>";
		};
/* End PBXVariantGroup section */

/* Begin XCBuildConfiguration section */
		48A6EE9A1FBC607600DA4672 /* Debug */ = {
			isa = XCBuildConfiguration;
			baseConfigurationReference = 35ABE35273B33C879179C276 /* Pods-SingleRxSignalTests.debug.xcconfig */;
			buildSettings = {
				BUNDLE_LOADER = "$(TEST_HOST)";
				CODE_SIGN_STYLE = Manual;
				DEVELOPMENT_TEAM = "";
				INFOPLIST_FILE = SingleRxSignalTests/Info.plist;
				LD_RUNPATH_SEARCH_PATHS = "$(inherited) @executable_path/Frameworks @loader_path/Frameworks";
				PRODUCT_BUNDLE_IDENTIFIER = com.eberry.SingleRxSignalTests;
				PRODUCT_NAME = "$(TARGET_NAME)";
				PROVISIONING_PROFILE_SPECIFIER = "";
				SWIFT_VERSION = 4.0;
				TARGETED_DEVICE_FAMILY = "1,2";
				TEST_HOST = "$(BUILT_PRODUCTS_DIR)/SingleRxSignal.app/SingleRxSignal";
			};
			name = Debug;
		};
		48A6EE9B1FBC607600DA4672 /* Release */ = {
			isa = XCBuildConfiguration;
			baseConfigurationReference = A4CB73A063232C712A6AE4C5 /* Pods-SingleRxSignalTests.release.xcconfig */;
			buildSettings = {
				BUNDLE_LOADER = "$(TEST_HOST)";
				CODE_SIGN_STYLE = Manual;
				DEVELOPMENT_TEAM = "";
				INFOPLIST_FILE = SingleRxSignalTests/Info.plist;
				LD_RUNPATH_SEARCH_PATHS = "$(inherited) @executable_path/Frameworks @loader_path/Frameworks";
				PRODUCT_BUNDLE_IDENTIFIER = com.eberry.SingleRxSignalTests;
				PRODUCT_NAME = "$(TARGET_NAME)";
				PROVISIONING_PROFILE_SPECIFIER = "";
				SWIFT_VERSION = 4.0;
				TARGETED_DEVICE_FAMILY = "1,2";
				TEST_HOST = "$(BUILT_PRODUCTS_DIR)/SingleRxSignal.app/SingleRxSignal";
			};
			name = Release;
		};
		48A759AA1FA4E5DF00160897 /* Debug */ = {
			isa = XCBuildConfiguration;
			buildSettings = {
				ALWAYS_SEARCH_USER_PATHS = NO;
				CLANG_ANALYZER_NONNULL = YES;
				CLANG_ANALYZER_NUMBER_OBJECT_CONVERSION = YES_AGGRESSIVE;
				CLANG_CXX_LANGUAGE_STANDARD = "gnu++14";
				CLANG_CXX_LIBRARY = "libc++";
				CLANG_ENABLE_MODULES = YES;
				CLANG_ENABLE_OBJC_ARC = YES;
				CLANG_WARN_BLOCK_CAPTURE_AUTORELEASING = YES;
				CLANG_WARN_BOOL_CONVERSION = YES;
				CLANG_WARN_COMMA = YES;
				CLANG_WARN_CONSTANT_CONVERSION = YES;
				CLANG_WARN_DIRECT_OBJC_ISA_USAGE = YES_ERROR;
				CLANG_WARN_DOCUMENTATION_COMMENTS = YES;
				CLANG_WARN_EMPTY_BODY = YES;
				CLANG_WARN_ENUM_CONVERSION = YES;
				CLANG_WARN_INFINITE_RECURSION = YES;
				CLANG_WARN_INT_CONVERSION = YES;
				CLANG_WARN_NON_LITERAL_NULL_CONVERSION = YES;
				CLANG_WARN_OBJC_LITERAL_CONVERSION = YES;
				CLANG_WARN_OBJC_ROOT_CLASS = YES_ERROR;
				CLANG_WARN_RANGE_LOOP_ANALYSIS = YES;
				CLANG_WARN_STRICT_PROTOTYPES = YES;
				CLANG_WARN_SUSPICIOUS_MOVE = YES;
				CLANG_WARN_UNGUARDED_AVAILABILITY = YES_AGGRESSIVE;
				CLANG_WARN_UNREACHABLE_CODE = YES;
				CLANG_WARN__DUPLICATE_METHOD_MATCH = YES;
				CODE_SIGN_IDENTITY = "iPhone Developer";
				COPY_PHASE_STRIP = NO;
				DEBUG_INFORMATION_FORMAT = dwarf;
				ENABLE_STRICT_OBJC_MSGSEND = YES;
				ENABLE_TESTABILITY = YES;
				GCC_C_LANGUAGE_STANDARD = gnu11;
				GCC_DYNAMIC_NO_PIC = NO;
				GCC_NO_COMMON_BLOCKS = YES;
				GCC_OPTIMIZATION_LEVEL = 0;
				GCC_PREPROCESSOR_DEFINITIONS = (
					"DEBUG=1",
					"$(inherited)",
				);
				GCC_WARN_64_TO_32_BIT_CONVERSION = YES;
				GCC_WARN_ABOUT_RETURN_TYPE = YES_ERROR;
				GCC_WARN_UNDECLARED_SELECTOR = YES;
				GCC_WARN_UNINITIALIZED_AUTOS = YES_AGGRESSIVE;
				GCC_WARN_UNUSED_FUNCTION = YES;
				GCC_WARN_UNUSED_VARIABLE = YES;
				IPHONEOS_DEPLOYMENT_TARGET = 11.1;
				MTL_ENABLE_DEBUG_INFO = YES;
				ONLY_ACTIVE_ARCH = YES;
				SDKROOT = iphoneos;
				SWIFT_ACTIVE_COMPILATION_CONDITIONS = DEBUG;
				SWIFT_OPTIMIZATION_LEVEL = "-Onone";
			};
			name = Debug;
		};
		48A759AB1FA4E5DF00160897 /* Release */ = {
			isa = XCBuildConfiguration;
			buildSettings = {
				ALWAYS_SEARCH_USER_PATHS = NO;
				CLANG_ANALYZER_NONNULL = YES;
				CLANG_ANALYZER_NUMBER_OBJECT_CONVERSION = YES_AGGRESSIVE;
				CLANG_CXX_LANGUAGE_STANDARD = "gnu++14";
				CLANG_CXX_LIBRARY = "libc++";
				CLANG_ENABLE_MODULES = YES;
				CLANG_ENABLE_OBJC_ARC = YES;
				CLANG_WARN_BLOCK_CAPTURE_AUTORELEASING = YES;
				CLANG_WARN_BOOL_CONVERSION = YES;
				CLANG_WARN_COMMA = YES;
				CLANG_WARN_CONSTANT_CONVERSION = YES;
				CLANG_WARN_DIRECT_OBJC_ISA_USAGE = YES_ERROR;
				CLANG_WARN_DOCUMENTATION_COMMENTS = YES;
				CLANG_WARN_EMPTY_BODY = YES;
				CLANG_WARN_ENUM_CONVERSION = YES;
				CLANG_WARN_INFINITE_RECURSION = YES;
				CLANG_WARN_INT_CONVERSION = YES;
				CLANG_WARN_NON_LITERAL_NULL_CONVERSION = YES;
				CLANG_WARN_OBJC_LITERAL_CONVERSION = YES;
				CLANG_WARN_OBJC_ROOT_CLASS = YES_ERROR;
				CLANG_WARN_RANGE_LOOP_ANALYSIS = YES;
				CLANG_WARN_STRICT_PROTOTYPES = YES;
				CLANG_WARN_SUSPICIOUS_MOVE = YES;
				CLANG_WARN_UNGUARDED_AVAILABILITY = YES_AGGRESSIVE;
				CLANG_WARN_UNREACHABLE_CODE = YES;
				CLANG_WARN__DUPLICATE_METHOD_MATCH = YES;
				CODE_SIGN_IDENTITY = "iPhone Developer";
				COPY_PHASE_STRIP = NO;
				DEBUG_INFORMATION_FORMAT = "dwarf-with-dsym";
				ENABLE_NS_ASSERTIONS = NO;
				ENABLE_STRICT_OBJC_MSGSEND = YES;
				GCC_C_LANGUAGE_STANDARD = gnu11;
				GCC_NO_COMMON_BLOCKS = YES;
				GCC_WARN_64_TO_32_BIT_CONVERSION = YES;
				GCC_WARN_ABOUT_RETURN_TYPE = YES_ERROR;
				GCC_WARN_UNDECLARED_SELECTOR = YES;
				GCC_WARN_UNINITIALIZED_AUTOS = YES_AGGRESSIVE;
				GCC_WARN_UNUSED_FUNCTION = YES;
				GCC_WARN_UNUSED_VARIABLE = YES;
				IPHONEOS_DEPLOYMENT_TARGET = 11.1;
				MTL_ENABLE_DEBUG_INFO = NO;
				SDKROOT = iphoneos;
				SWIFT_OPTIMIZATION_LEVEL = "-Owholemodule";
				VALIDATE_PRODUCT = YES;
			};
			name = Release;
		};
		48A759AD1FA4E5DF00160897 /* Debug */ = {
			isa = XCBuildConfiguration;
			baseConfigurationReference = 14C250B388E1B4F9EE991F6D /* Pods-SingleRxSignal.debug.xcconfig */;
			buildSettings = {
				ASSETCATALOG_COMPILER_APPICON_NAME = AppIcon;
				CODE_SIGN_STYLE = Manual;
				DEVELOPMENT_TEAM = "";
				INFOPLIST_FILE = SingleRxSignal/Info.plist;
				LD_RUNPATH_SEARCH_PATHS = "$(inherited) @executable_path/Frameworks";
				PRODUCT_BUNDLE_IDENTIFIER = cyonsonsulting.SingleRxSignal;
				PRODUCT_NAME = "$(TARGET_NAME)";
				PROVISIONING_PROFILE_SPECIFIER = "";
				SWIFT_VERSION = 4.0;
				TARGETED_DEVICE_FAMILY = "1,2";
			};
			name = Debug;
		};
		48A759AE1FA4E5DF00160897 /* Release */ = {
			isa = XCBuildConfiguration;
			baseConfigurationReference = 040C196768E24A941737CE54 /* Pods-SingleRxSignal.release.xcconfig */;
			buildSettings = {
				ASSETCATALOG_COMPILER_APPICON_NAME = AppIcon;
				CODE_SIGN_STYLE = Manual;
				DEVELOPMENT_TEAM = "";
				INFOPLIST_FILE = SingleRxSignal/Info.plist;
				LD_RUNPATH_SEARCH_PATHS = "$(inherited) @executable_path/Frameworks";
				PRODUCT_BUNDLE_IDENTIFIER = cyonsonsulting.SingleRxSignal;
				PRODUCT_NAME = "$(TARGET_NAME)";
				PROVISIONING_PROFILE_SPECIFIER = "";
				SWIFT_VERSION = 4.0;
				TARGETED_DEVICE_FAMILY = "1,2";
			};
			name = Release;
		};
/* End XCBuildConfiguration section */

/* Begin XCConfigurationList section */
		48A6EE991FBC607600DA4672 /* Build configuration list for PBXNativeTarget "SingleRxSignalTests" */ = {
			isa = XCConfigurationList;
			buildConfigurations = (
				48A6EE9A1FBC607600DA4672 /* Debug */,
				48A6EE9B1FBC607600DA4672 /* Release */,
			);
			defaultConfigurationIsVisible = 0;
			defaultConfigurationName = Release;
		};
		48A7597F1FA4E5DE00160897 /* Build configuration list for PBXProject "SingleRxSignal" */ = {
			isa = XCConfigurationList;
			buildConfigurations = (
				48A759AA1FA4E5DF00160897 /* Debug */,
				48A759AB1FA4E5DF00160897 /* Release */,
			);
			defaultConfigurationIsVisible = 0;
			defaultConfigurationName = Release;
		};
		48A759AC1FA4E5DF00160897 /* Build configuration list for PBXNativeTarget "SingleRxSignal" */ = {
			isa = XCConfigurationList;
			buildConfigurations = (
				48A759AD1FA4E5DF00160897 /* Debug */,
				48A759AE1FA4E5DF00160897 /* Release */,
			);
			defaultConfigurationIsVisible = 0;
			defaultConfigurationName = Release;
		};
/* End XCConfigurationList section */
	};
	rootObject = 48A7597C1FA4E5DE00160897 /* Project object */;
}
